PODS:
  - Alamofire (3.5.1)
  - AudioLevelBar (0.0.1)
  - BatteryRemaining (1.0.0):
    - MBCircularProgressBar (= 0.3.4)
  - Crashlytics (3.8.3):
    - Fabric (~> 1.6.3)
  - ExpositionModes (0.0.1)
  - Exposure (0.0.1)
  - Fabric (1.6.11)
  - FirebaseAnalytics (3.5.1):
    - FirebaseCore (~> 3.4)
    - FirebaseInstanceID (~> 1.0)
    - GoogleInterchangeUtilities (~> 1.2)
    - GoogleSymbolUtilities (~> 1.1)
    - GoogleToolboxForMac/NSData+zlib (~> 2.1)
  - FirebaseCore (3.4.4):
    - GoogleInterchangeUtilities (~> 1.2)
    - GoogleToolboxForMac/NSData+zlib (~> 2.1)
  - FirebaseInstanceID (1.0.8)
  - FocalLensSlider (0.0.1)
  - Focus (0.0.1)
  - Google (3.0.3):
    - Google/Core (= 3.0.3)
  - Google/Core (3.0.3):
    - FirebaseAnalytics (~> 3.2)
  - Google/SignIn (3.0.3):
    - Google/Core
    - GoogleSignIn (~> 4.0)
  - GoogleAppUtilities (1.1.2):
    - GoogleSymbolUtilities (~> 1.1)
  - GoogleInterchangeUtilities (1.2.2):
    - GoogleSymbolUtilities (~> 1.1)
  - GoogleSignIn (4.0.1):
    - GoogleAppUtilities (~> 1.1)
    - GoogleToolboxForMac/NSDictionary+URLArguments (~> 2.1)
    - GTMOAuth2 (~> 1.0)
    - GTMSessionFetcher/Core (~> 1.1)
  - GoogleSymbolUtilities (1.1.2)
  - GoogleToolboxForMac/DebugUtils (2.1.0):
    - GoogleToolboxForMac/Defines (= 2.1.0)
  - GoogleToolboxForMac/Defines (2.1.0)
  - GoogleToolboxForMac/NSData+zlib (2.1.0):
    - GoogleToolboxForMac/Defines (= 2.1.0)
  - GoogleToolboxForMac/NSDictionary+URLArguments (2.1.0):
    - GoogleToolboxForMac/DebugUtils (= 2.1.0)
    - GoogleToolboxForMac/Defines (= 2.1.0)
    - GoogleToolboxForMac/NSString+URLArguments (= 2.1.0)
  - GoogleToolboxForMac/NSString+URLArguments (2.1.0)
  - GTMOAuth2 (1.1.4):
    - GTMSessionFetcher (~> 1.1)
  - GTMSessionFetcher (1.1.7):
    - GTMSessionFetcher/Full (= 1.1.7)
  - GTMSessionFetcher/Core (1.1.7)
  - GTMSessionFetcher/Full (1.1.7):
    - GTMSessionFetcher/Core (= 1.1.7)
  - InputSoundGainControl (0.0.1)
  - ISOConfiguration (1.0.0)
  - MBCircularProgressBar (0.3.4)
  - Mixpanel (3.0.5):
    - Mixpanel/Mixpanel (= 3.0.5)
  - Mixpanel/Mixpanel (3.0.5)
  - NMRangeSlider (1.2.1)
  - ResolutionSelector (0.0.1)
  - SpaceOnDisk (0.0.1):
    - MBCircularProgressBar
  - VideoGallery (0.0.1)
  - VideonaDuplicate (0.0.1):
    - VideonaProject
  - VideonaPlayer (0.0.1):
    - VideonaProject
  - VideonaProject (0.0.1)
  - VideonaSplit (0.0.1):
    - VideonaProject
  - VideonaTrim (0.0.1):
    - VideonaProject
  - WhiteBalance (0.0.1)
  - ZoomCameraSlider (0.0.1)

DEPENDENCIES:
  - Alamofire (~> 3.3)
  - AudioLevelBar (from `/Users/Alejandro/Desktop/Repos/Videona_Pods/AudioLevelBar`)
  - BatteryRemaining (from `/Users/Alejandro/Desktop/Repos/Videona_Pods/BatteryRemaining`)
  - Crashlytics
  - ExpositionModes (from `/Users/Alejandro/Desktop/Repos/Videona_Pods/ExpositionModes`)
  - Exposure (from `/Users/Alejandro/Desktop/Repos/Videona_Pods/Exposure`)
  - Fabric
  - FocalLensSlider (from `/Users/Alejandro/Desktop/Repos/Videona_Pods/FocalLensSlider`)
  - Focus (from `/Users/Alejandro/Desktop/Repos/Videona_Pods/Focus`)
  - Google
  - Google/SignIn
  - InputSoundGainControl (from `/Users/Alejandro/Desktop/Repos/Videona_Pods/InputSoundGainControl`)
  - ISOConfiguration (from `/Users/Alejandro/Desktop/Repos/Videona_Pods/ISOConfiguration`)
  - Mixpanel
  - NMRangeSlider (~> 1.2)
  - ResolutionSelector (from `/Users/Alejandro/Desktop/Repos/Videona_Pods/ResolutionsSelector`)
  - SpaceOnDisk (from `/Users/Alejandro/Desktop/Repos/Videona_Pods/SpaceOnDisk`)
  - VideoGallery (from `/Users/Alejandro/Desktop/Repos/Videona_Pods/VideoGallery`)
  - VideonaDuplicate (from `/Users/Alejandro/Desktop/Repos/Videona_Pods/VideonaDuplicate`)
  - VideonaPlayer (from `/Users/Alejandro/Desktop/Repos/Videona_Pods/VideonaPlayer`)
  - VideonaProject (from `/Users/Alejandro/Desktop/Repos/Videona_Pods/VideonaProject`)
  - VideonaSplit (from `/Users/Alejandro/Desktop/Repos/Videona_Pods/VideonaSplit`)
  - VideonaTrim (from `/Users/Alejandro/Desktop/Repos/Videona_Pods/VideonaTrim`)
  - WhiteBalance (from `/Users/Alejandro/Desktop/Repos/Videona_Pods/WhiteBalance`)
  - ZoomCameraSlider (from `/Users/Alejandro/Desktop/Repos/Videona_Pods/ZoomCameraSlider`)

EXTERNAL SOURCES:
  AudioLevelBar:
    :path: /Users/Alejandro/Desktop/Repos/Videona_Pods/AudioLevelBar
  BatteryRemaining:
    :path: /Users/Alejandro/Desktop/Repos/Videona_Pods/BatteryRemaining
  ExpositionModes:
    :path: /Users/Alejandro/Desktop/Repos/Videona_Pods/ExpositionModes
  Exposure:
    :path: /Users/Alejandro/Desktop/Repos/Videona_Pods/Exposure
  FocalLensSlider:
    :path: /Users/Alejandro/Desktop/Repos/Videona_Pods/FocalLensSlider
  Focus:
    :path: /Users/Alejandro/Desktop/Repos/Videona_Pods/Focus
  InputSoundGainControl:
    :path: /Users/Alejandro/Desktop/Repos/Videona_Pods/InputSoundGainControl
  ISOConfiguration:
    :path: /Users/Alejandro/Desktop/Repos/Videona_Pods/ISOConfiguration
  ResolutionSelector:
    :path: /Users/Alejandro/Desktop/Repos/Videona_Pods/ResolutionsSelector
  SpaceOnDisk:
    :path: /Users/Alejandro/Desktop/Repos/Videona_Pods/SpaceOnDisk
  VideoGallery:
    :path: /Users/Alejandro/Desktop/Repos/Videona_Pods/VideoGallery
  VideonaDuplicate:
    :path: /Users/Alejandro/Desktop/Repos/Videona_Pods/VideonaDuplicate
  VideonaPlayer:
    :path: /Users/Alejandro/Desktop/Repos/Videona_Pods/VideonaPlayer
  VideonaProject:
    :path: /Users/Alejandro/Desktop/Repos/Videona_Pods/VideonaProject
  VideonaSplit:
    :path: /Users/Alejandro/Desktop/Repos/Videona_Pods/VideonaSplit
  VideonaTrim:
    :path: /Users/Alejandro/Desktop/Repos/Videona_Pods/VideonaTrim
  WhiteBalance:
    :path: /Users/Alejandro/Desktop/Repos/Videona_Pods/WhiteBalance
  ZoomCameraSlider:
    :path: /Users/Alejandro/Desktop/Repos/Videona_Pods/ZoomCameraSlider

SPEC CHECKSUMS:
  Alamofire: 0dfba1184a543e2aa160f4e39cac4e8aba48d223
  AudioLevelBar: c212ae1cf213387f8c882c1ea548b283a568b959
  BatteryRemaining: 4d250b3d265b5744df7ef7a6ad0299ebd69ad937
  Crashlytics: 2b6dbe138a42395577cfa73dfa1aa7248cadf39e
  ExpositionModes: f9ca5035361c0b910dab20f561694b18fa6c51a6
  Exposure: 179801687c05c0a9ec3b9f3fc54e15059330b421
  Fabric: 5911403591946b8228ab1c51d98f1d7137e863c6
  FirebaseAnalytics: 6e58fc9b397664369ac7617fb0ba93fab6ba7b5b
  FirebaseCore: d0ed25f27b6f9158eccc439f1be6f92e81207e28
  FirebaseInstanceID: ba1e640935235e5fac39dfa816fe7660e72e1a8a
  FocalLensSlider: 610c639ba312ecc012151335f8c476e06a988dd3
  Focus: 7727652112c68e419b0e70d0bbc6fd6d4e92014e
  Google: 813c467362eabc11385f5a5cc9ad0cb651a58f4e
  GoogleAppUtilities: a8a552aa74f6597f805e45b5a3962766c3134973
  GoogleInterchangeUtilities: d5bc4d88d5b661ab72f9d70c58d02ca8c27ad1f7
  GoogleSignIn: a8694c0a8e6d1b0ec77c58014de5bfd4ba2fa766
  GoogleSymbolUtilities: 631ee17048aa5e9ab133470d768ea997a5ef9b96
  GoogleToolboxForMac: 2b2596cbb7186865e98cadf2b1e262d851c2b168
  GTMOAuth2: 7fc9c10f5c745f4d9850419ea88889fe3baa6b7d
  GTMSessionFetcher: a1f8ed39e4fe21c68957daed472c7afbcdf29166
  InputSoundGainControl: 261765ab90ab07bbf84e3ed8c0fc4402febf64c5
  ISOConfiguration: cda9ed5fcb0a6e323a6a9fe7adc345e6132fa0e0
  MBCircularProgressBar: ff3b8e2f441214d9ee122a24ba0d4d00cc7de881
  Mixpanel: ad5ec38855baa42af0de52052466ab36ee240b87
  NMRangeSlider: 317ded652431eb90501c8421d9cddc3930d891e6
  ResolutionSelector: 41da1faa1385647bfe8b001a9f0214d900491980
  SpaceOnDisk: 985d9fd9a1252c54eaba3d91dd4d5253099b1564
  VideoGallery: b04ba1bf6f9b1629dce5ce3530c692ea68bf3f16
  VideonaDuplicate: 10953b83bd0dd791d67bc790adbbaaf8a5edf2f8
  VideonaPlayer: 3cb4ad1284cc7e3521aedd5b4953ceaedbc518ee
  VideonaProject: 0e088ee872cdb89da785dfc043a510de6f20b7f9
  VideonaSplit: 4bd45b5102e6b415af78babf8d3dede98d93140e
  VideonaTrim: bd5188ac727c67e4a6cec22c00ec01916e15fedb
  WhiteBalance: 1f273f6dc6fe1656ab24ff46da99299b3aabab45
  ZoomCameraSlider: 8ef06c8edbc869a2c2fcc490a46e08462d162a92

COCOAPODS: 0.39.0
