<?xml version="1.0" encoding="UTF-8"?>
<!DOCTYPE plist PUBLIC "-//Apple//DTD PLIST 1.0//EN" "http://www.apple.com/DTDs/PropertyList-1.0.dtd">
<plist version="1.0">
<dict>
	<key>archiveVersion</key>
	<string>1</string>
	<key>classes</key>
	<dict/>
	<key>objectVersion</key>
	<string>46</string>
	<key>objects</key>
	<dict>
		<key>07BAF935B60592925D647AD1</key>
		<dict>
			<key>children</key>
			<array>
				<string>70605131D71C674A720143E6</string>
				<string>6E783A889228FB8752389F73</string>
				<string>D59F69C32D555170322AC7C3</string>
				<string>EF602602B6EC5129C4287C5B</string>
			</array>
			<key>isa</key>
			<string>PBXGroup</string>
			<key>name</key>
			<string>Pods</string>
			<key>sourceTree</key>
			<string>&lt;group&gt;</string>
		</dict>
		<key>2F1133C49C3C13335E93E43D</key>
		<dict>
			<key>buildActionMask</key>
			<string>2147483647</string>
			<key>files</key>
			<array/>
			<key>inputPaths</key>
			<array/>
			<key>isa</key>
			<string>PBXShellScriptBuildPhase</string>
			<key>name</key>
			<string>[CP] Copy Pods Resources</string>
			<key>outputPaths</key>
			<array/>
			<key>runOnlyForDeploymentPostprocessing</key>
			<string>0</string>
			<key>shellPath</key>
			<string>/bin/sh</string>
			<key>shellScript</key>
			<string>"${SRCROOT}/Pods/Target Support Files/Pods-vimojoTests/Pods-vimojoTests-resources.sh"
</string>
			<key>showEnvVarsInLog</key>
			<string>0</string>
		</dict>
		<key>37B0E05FB42EBAC14FB65AB6</key>
		<dict>
			<key>fileRef</key>
			<string>A52096C0BD62E16E8E40041F</string>
			<key>isa</key>
			<string>PBXBuildFile</string>
		</dict>
		<key>48432A405490E23DCC344F58</key>
		<dict>
			<key>buildActionMask</key>
			<string>2147483647</string>
			<key>files</key>
			<array/>
			<key>inputPaths</key>
			<array/>
			<key>isa</key>
			<string>PBXShellScriptBuildPhase</string>
			<key>name</key>
			<string>[CP] Check Pods Manifest.lock</string>
			<key>outputPaths</key>
			<array/>
			<key>runOnlyForDeploymentPostprocessing</key>
			<string>0</string>
			<key>shellPath</key>
			<string>/bin/sh</string>
			<key>shellScript</key>
			<string>diff "${PODS_ROOT}/../Podfile.lock" "${PODS_ROOT}/Manifest.lock" &gt; /dev/null
if [[ $? != 0 ]] ; then
    cat &lt;&lt; EOM
error: The sandbox is not in sync with the Podfile.lock. Run 'pod install' or update your CocoaPods installation.
EOM
    exit 1
fi
</string>
			<key>showEnvVarsInLog</key>
			<string>0</string>
		</dict>
		<key>4B86C55F5C4838DB96A555EC</key>
		<dict>
			<key>buildActionMask</key>
			<string>2147483647</string>
			<key>files</key>
			<array/>
			<key>inputPaths</key>
			<array/>
			<key>isa</key>
			<string>PBXShellScriptBuildPhase</string>
			<key>name</key>
			<string>[CP] Embed Pods Frameworks</string>
			<key>outputPaths</key>
			<array/>
			<key>runOnlyForDeploymentPostprocessing</key>
			<string>0</string>
			<key>shellPath</key>
			<string>/bin/sh</string>
			<key>shellScript</key>
			<string>"${SRCROOT}/Pods/Target Support Files/Pods-vimojo/Pods-vimojo-frameworks.sh"
</string>
			<key>showEnvVarsInLog</key>
			<string>0</string>
		</dict>
		<key>5354C373A4B21404086FF983</key>
		<dict>
			<key>children</key>
			<array>
				<string>5669AADF4B95AD1E3054D77E</string>
				<string>A52096C0BD62E16E8E40041F</string>
			</array>
			<key>isa</key>
			<string>PBXGroup</string>
			<key>name</key>
			<string>Frameworks</string>
			<key>sourceTree</key>
			<string>&lt;group&gt;</string>
		</dict>
		<key>5501A1C092FDE29144480691</key>
		<dict>
			<key>buildActionMask</key>
			<string>2147483647</string>
			<key>files</key>
			<array/>
			<key>inputPaths</key>
			<array/>
			<key>isa</key>
			<string>PBXShellScriptBuildPhase</string>
			<key>name</key>
			<string>[CP] Check Pods Manifest.lock</string>
			<key>outputPaths</key>
			<array/>
			<key>runOnlyForDeploymentPostprocessing</key>
			<string>0</string>
			<key>shellPath</key>
			<string>/bin/sh</string>
			<key>shellScript</key>
			<string>diff "${PODS_ROOT}/../Podfile.lock" "${PODS_ROOT}/Manifest.lock" &gt; /dev/null
if [[ $? != 0 ]] ; then
    cat &lt;&lt; EOM
error: The sandbox is not in sync with the Podfile.lock. Run 'pod install' or update your CocoaPods installation.
EOM
    exit 1
fi
</string>
			<key>showEnvVarsInLog</key>
			<string>0</string>
		</dict>
		<key>5669AADF4B95AD1E3054D77E</key>
		<dict>
			<key>explicitFileType</key>
			<string>wrapper.framework</string>
			<key>includeInIndex</key>
			<string>0</string>
			<key>isa</key>
			<string>PBXFileReference</string>
			<key>path</key>
			<string>Pods_vimojo.framework</string>
			<key>sourceTree</key>
			<string>BUILT_PRODUCTS_DIR</string>
		</dict>
		<key>57569C7DDD8E98BEEB562708</key>
		<dict>
			<key>fileRef</key>
			<string>5669AADF4B95AD1E3054D77E</string>
			<key>isa</key>
			<string>PBXBuildFile</string>
		</dict>
		<key>6E783A889228FB8752389F73</key>
		<dict>
			<key>includeInIndex</key>
			<string>1</string>
			<key>isa</key>
			<string>PBXFileReference</string>
			<key>lastKnownFileType</key>
			<string>text.xcconfig</string>
			<key>name</key>
			<string>Pods-vimojo.release.xcconfig</string>
			<key>path</key>
			<string>Pods/Target Support Files/Pods-vimojo/Pods-vimojo.release.xcconfig</string>
			<key>sourceTree</key>
			<string>&lt;group&gt;</string>
		</dict>
		<key>70605131D71C674A720143E6</key>
		<dict>
			<key>includeInIndex</key>
			<string>1</string>
			<key>isa</key>
			<string>PBXFileReference</string>
			<key>lastKnownFileType</key>
			<string>text.xcconfig</string>
			<key>name</key>
			<string>Pods-vimojo.debug.xcconfig</string>
			<key>path</key>
			<string>Pods/Target Support Files/Pods-vimojo/Pods-vimojo.debug.xcconfig</string>
			<key>sourceTree</key>
			<string>&lt;group&gt;</string>
		</dict>
		<key>7A49D9DA4E3723AD1FF02C11</key>
		<dict>
			<key>buildActionMask</key>
			<string>2147483647</string>
			<key>files</key>
			<array/>
			<key>inputPaths</key>
			<array/>
			<key>isa</key>
			<string>PBXShellScriptBuildPhase</string>
			<key>name</key>
			<string>Embed Pods Frameworks</string>
			<key>outputPaths</key>
			<array/>
			<key>runOnlyForDeploymentPostprocessing</key>
			<string>0</string>
			<key>shellPath</key>
			<string>/bin/sh</string>
			<key>shellScript</key>
			<string>"${SRCROOT}/Pods/Target Support Files/Pods-vimojo/Pods-vimojo-frameworks.sh"
</string>
			<key>showEnvVarsInLog</key>
			<string>0</string>
		</dict>
		<key>A52096C0BD62E16E8E40041F</key>
		<dict>
			<key>explicitFileType</key>
			<string>wrapper.framework</string>
			<key>includeInIndex</key>
			<string>0</string>
			<key>isa</key>
			<string>PBXFileReference</string>
			<key>path</key>
			<string>Pods_vimojoTests.framework</string>
			<key>sourceTree</key>
			<string>BUILT_PRODUCTS_DIR</string>
		</dict>
		<key>A9058DBE1D90357A0048F484</key>
		<dict>
			<key>children</key>
			<array>
				<string>A91760A11D9146B5008915DA</string>
				<string>A91760A21D9146B5008915DA</string>
				<string>A91760A31D9146B5008915DA</string>
				<string>A91760A41D9146B5008915DA</string>
				<string>A91760A51D9146B5008915DA</string>
				<string>A91760A61D9146B5008915DA</string>
				<string>A91760A71D9146B5008915DA</string>
			</array>
			<key>isa</key>
			<string>PBXGroup</string>
			<key>name</key>
			<string>EditingRoom</string>
			<key>sourceTree</key>
			<string>&lt;group&gt;</string>
		</dict>
		<key>A9058DCC1D9035C80048F484</key>
		<dict>
			<key>children</key>
			<array>
				<string>A917608F1D9143D1008915DA</string>
				<string>A91760AF1D9146BF008915DA</string>
				<string>A91760B01D9146BF008915DA</string>
				<string>A91760B11D9146BF008915DA</string>
				<string>A91760B21D9146BF008915DA</string>
				<string>A91760B31D9146BF008915DA</string>
				<string>A91760B41D9146BF008915DA</string>
				<string>A91760B51D9146BF008915DA</string>
				<string>A91760B61D9146BF008915DA</string>
				<string>A91760B71D9146BF008915DA</string>
				<string>A91760B81D9146BF008915DA</string>
			</array>
			<key>isa</key>
			<string>PBXGroup</string>
			<key>name</key>
			<string>Editor</string>
			<key>sourceTree</key>
			<string>&lt;group&gt;</string>
		</dict>
		<key>A905C02E1D8050C2001B4F25</key>
		<dict>
			<key>isa</key>
			<string>PBXFileReference</string>
			<key>lastKnownFileType</key>
			<string>text.plist.strings</string>
			<key>name</key>
			<string>en</string>
			<key>path</key>
			<string>en.lproj/Main.strings</string>
			<key>sourceTree</key>
			<string>&lt;group&gt;</string>
		</dict>
		<key>A917608F1D9143D1008915DA</key>
		<dict>
			<key>fileEncoding</key>
			<string>4</string>
			<key>isa</key>
			<string>PBXFileReference</string>
			<key>lastKnownFileType</key>
			<string>text.plist.strings</string>
			<key>name</key>
			<string>Editor.strings</string>
			<key>path</key>
			<string>Editor/Editor.strings</string>
			<key>sourceTree</key>
			<string>&lt;group&gt;</string>
		</dict>
		<key>A91760901D9143D1008915DA</key>
		<dict>
			<key>fileRef</key>
			<string>A917608F1D9143D1008915DA</string>
			<key>isa</key>
			<string>PBXBuildFile</string>
		</dict>
		<key>A91760A11D9146B5008915DA</key>
		<dict>
			<key>fileEncoding</key>
			<string>4</string>
			<key>isa</key>
			<string>PBXFileReference</string>
			<key>lastKnownFileType</key>
			<string>sourcecode.swift</string>
			<key>name</key>
			<string>EditingRoomInteractor.swift</string>
			<key>path</key>
			<string>EditingRoom/EditingRoomInteractor.swift</string>
			<key>sourceTree</key>
			<string>&lt;group&gt;</string>
		</dict>
		<key>A91760A21D9146B5008915DA</key>
		<dict>
			<key>fileEncoding</key>
			<string>4</string>
			<key>isa</key>
			<string>PBXFileReference</string>
			<key>lastKnownFileType</key>
			<string>sourcecode.swift</string>
			<key>name</key>
			<string>EditingRoomInteractorInterface.swift</string>
			<key>path</key>
			<string>EditingRoom/EditingRoomInteractorInterface.swift</string>
			<key>sourceTree</key>
			<string>&lt;group&gt;</string>
		</dict>
		<key>A91760A31D9146B5008915DA</key>
		<dict>
			<key>fileEncoding</key>
			<string>4</string>
			<key>isa</key>
			<string>PBXFileReference</string>
			<key>lastKnownFileType</key>
			<string>sourcecode.swift</string>
			<key>name</key>
			<string>EditingRoomPresenter.swift</string>
			<key>path</key>
			<string>EditingRoom/EditingRoomPresenter.swift</string>
			<key>sourceTree</key>
			<string>&lt;group&gt;</string>
		</dict>
		<key>A91760A41D9146B5008915DA</key>
		<dict>
			<key>fileEncoding</key>
			<string>4</string>
			<key>isa</key>
			<string>PBXFileReference</string>
			<key>lastKnownFileType</key>
			<string>sourcecode.swift</string>
			<key>name</key>
			<string>EditingRoomPresenterInterface.swift</string>
			<key>path</key>
			<string>EditingRoom/EditingRoomPresenterInterface.swift</string>
			<key>sourceTree</key>
			<string>&lt;group&gt;</string>
		</dict>
		<key>A91760A51D9146B5008915DA</key>
		<dict>
			<key>fileEncoding</key>
			<string>4</string>
			<key>isa</key>
			<string>PBXFileReference</string>
			<key>lastKnownFileType</key>
			<string>sourcecode.swift</string>
			<key>name</key>
			<string>EditingRoomViewController.swift</string>
			<key>path</key>
			<string>EditingRoom/EditingRoomViewController.swift</string>
			<key>sourceTree</key>
			<string>&lt;group&gt;</string>
		</dict>
		<key>A91760A61D9146B5008915DA</key>
		<dict>
			<key>fileEncoding</key>
			<string>4</string>
			<key>isa</key>
			<string>PBXFileReference</string>
			<key>lastKnownFileType</key>
			<string>sourcecode.swift</string>
			<key>name</key>
			<string>EditingRoomViewInterface.swift</string>
			<key>path</key>
			<string>EditingRoom/EditingRoomViewInterface.swift</string>
			<key>sourceTree</key>
			<string>&lt;group&gt;</string>
		</dict>
		<key>A91760A71D9146B5008915DA</key>
		<dict>
			<key>fileEncoding</key>
			<string>4</string>
			<key>isa</key>
			<string>PBXFileReference</string>
			<key>lastKnownFileType</key>
			<string>sourcecode.swift</string>
			<key>name</key>
			<string>EditingRoomWireframe.swift</string>
			<key>path</key>
			<string>EditingRoom/EditingRoomWireframe.swift</string>
			<key>sourceTree</key>
			<string>&lt;group&gt;</string>
		</dict>
		<key>A91760A81D9146B5008915DA</key>
		<dict>
			<key>fileRef</key>
			<string>A91760A11D9146B5008915DA</string>
			<key>isa</key>
			<string>PBXBuildFile</string>
		</dict>
		<key>A91760A91D9146B5008915DA</key>
		<dict>
			<key>fileRef</key>
			<string>A91760A21D9146B5008915DA</string>
			<key>isa</key>
			<string>PBXBuildFile</string>
		</dict>
		<key>A91760AA1D9146B5008915DA</key>
		<dict>
			<key>fileRef</key>
			<string>A91760A31D9146B5008915DA</string>
			<key>isa</key>
			<string>PBXBuildFile</string>
		</dict>
		<key>A91760AB1D9146B5008915DA</key>
		<dict>
			<key>fileRef</key>
			<string>A91760A41D9146B5008915DA</string>
			<key>isa</key>
			<string>PBXBuildFile</string>
		</dict>
		<key>A91760AC1D9146B5008915DA</key>
		<dict>
			<key>fileRef</key>
			<string>A91760A51D9146B5008915DA</string>
			<key>isa</key>
			<string>PBXBuildFile</string>
		</dict>
		<key>A91760AD1D9146B5008915DA</key>
		<dict>
			<key>fileRef</key>
			<string>A91760A61D9146B5008915DA</string>
			<key>isa</key>
			<string>PBXBuildFile</string>
		</dict>
		<key>A91760AE1D9146B5008915DA</key>
		<dict>
			<key>fileRef</key>
			<string>A91760A71D9146B5008915DA</string>
			<key>isa</key>
			<string>PBXBuildFile</string>
		</dict>
		<key>A91760AF1D9146BF008915DA</key>
		<dict>
			<key>fileEncoding</key>
			<string>4</string>
			<key>isa</key>
			<string>PBXFileReference</string>
			<key>lastKnownFileType</key>
			<string>sourcecode.swift</string>
			<key>name</key>
			<string>EditorClipsCell.swift</string>
			<key>path</key>
			<string>Editor/EditorClipsCell.swift</string>
			<key>sourceTree</key>
			<string>&lt;group&gt;</string>
		</dict>
		<key>A91760B01D9146BF008915DA</key>
		<dict>
			<key>fileEncoding</key>
			<string>4</string>
			<key>isa</key>
			<string>PBXFileReference</string>
			<key>lastKnownFileType</key>
			<string>sourcecode.swift</string>
			<key>name</key>
			<string>EditorInteractor.swift</string>
			<key>path</key>
			<string>Editor/EditorInteractor.swift</string>
			<key>sourceTree</key>
			<string>&lt;group&gt;</string>
		</dict>
		<key>A91760B11D9146BF008915DA</key>
		<dict>
			<key>fileEncoding</key>
			<string>4</string>
			<key>isa</key>
			<string>PBXFileReference</string>
			<key>lastKnownFileType</key>
			<string>sourcecode.swift</string>
			<key>name</key>
			<string>EditorInteractorInterface.swift</string>
			<key>path</key>
			<string>Editor/EditorInteractorInterface.swift</string>
			<key>sourceTree</key>
			<string>&lt;group&gt;</string>
		</dict>
		<key>A91760B21D9146BF008915DA</key>
		<dict>
			<key>fileEncoding</key>
			<string>4</string>
			<key>isa</key>
			<string>PBXFileReference</string>
			<key>lastKnownFileType</key>
			<string>sourcecode.swift</string>
			<key>name</key>
			<string>EditorPresenter.swift</string>
			<key>path</key>
			<string>Editor/EditorPresenter.swift</string>
			<key>sourceTree</key>
			<string>&lt;group&gt;</string>
		</dict>
		<key>A91760B31D9146BF008915DA</key>
		<dict>
			<key>fileEncoding</key>
			<string>4</string>
			<key>isa</key>
			<string>PBXFileReference</string>
			<key>lastKnownFileType</key>
			<string>sourcecode.swift</string>
			<key>name</key>
			<string>EditorPresenterInterface.swift</string>
			<key>path</key>
			<string>Editor/EditorPresenterInterface.swift</string>
			<key>sourceTree</key>
			<string>&lt;group&gt;</string>
		</dict>
		<key>A91760B41D9146BF008915DA</key>
		<dict>
			<key>fileEncoding</key>
			<string>4</string>
			<key>isa</key>
			<string>PBXFileReference</string>
			<key>lastKnownFileType</key>
			<string>sourcecode.swift</string>
			<key>name</key>
			<string>EditorTextConstants.swift</string>
			<key>path</key>
			<string>Editor/EditorTextConstants.swift</string>
			<key>sourceTree</key>
			<string>&lt;group&gt;</string>
		</dict>
		<key>A91760B51D9146BF008915DA</key>
		<dict>
			<key>fileEncoding</key>
			<string>4</string>
			<key>isa</key>
			<string>PBXFileReference</string>
			<key>lastKnownFileType</key>
			<string>sourcecode.swift</string>
			<key>name</key>
			<string>EditorViewController.swift</string>
			<key>path</key>
			<string>Editor/EditorViewController.swift</string>
			<key>sourceTree</key>
			<string>&lt;group&gt;</string>
		</dict>
		<key>A91760B61D9146BF008915DA</key>
		<dict>
			<key>fileEncoding</key>
			<string>4</string>
			<key>isa</key>
			<string>PBXFileReference</string>
			<key>lastKnownFileType</key>
			<string>sourcecode.swift</string>
			<key>name</key>
			<string>EditorViewInterface.swift</string>
			<key>path</key>
			<string>Editor/EditorViewInterface.swift</string>
			<key>sourceTree</key>
			<string>&lt;group&gt;</string>
		</dict>
		<key>A91760B71D9146BF008915DA</key>
		<dict>
			<key>fileEncoding</key>
			<string>4</string>
			<key>isa</key>
			<string>PBXFileReference</string>
			<key>lastKnownFileType</key>
			<string>sourcecode.swift</string>
			<key>name</key>
			<string>EditorWireframe.swift</string>
			<key>path</key>
			<string>Editor/EditorWireframe.swift</string>
			<key>sourceTree</key>
			<string>&lt;group&gt;</string>
		</dict>
		<key>A91760B81D9146BF008915DA</key>
		<dict>
			<key>fileEncoding</key>
			<string>4</string>
			<key>isa</key>
			<string>PBXFileReference</string>
			<key>lastKnownFileType</key>
			<string>sourcecode.swift</string>
			<key>name</key>
			<string>ThumbnailListInteractor.swift</string>
			<key>path</key>
			<string>Editor/ThumbnailListInteractor.swift</string>
			<key>sourceTree</key>
			<string>&lt;group&gt;</string>
		</dict>
		<key>A91760B91D9146BF008915DA</key>
		<dict>
			<key>fileRef</key>
			<string>A91760AF1D9146BF008915DA</string>
			<key>isa</key>
			<string>PBXBuildFile</string>
		</dict>
		<key>A91760BA1D9146BF008915DA</key>
		<dict>
			<key>fileRef</key>
			<string>A91760B01D9146BF008915DA</string>
			<key>isa</key>
			<string>PBXBuildFile</string>
		</dict>
		<key>A91760BB1D9146BF008915DA</key>
		<dict>
			<key>fileRef</key>
			<string>A91760B11D9146BF008915DA</string>
			<key>isa</key>
			<string>PBXBuildFile</string>
		</dict>
		<key>A91760BC1D9146BF008915DA</key>
		<dict>
			<key>fileRef</key>
			<string>A91760B21D9146BF008915DA</string>
			<key>isa</key>
			<string>PBXBuildFile</string>
		</dict>
		<key>A91760BD1D9146BF008915DA</key>
		<dict>
			<key>fileRef</key>
			<string>A91760B31D9146BF008915DA</string>
			<key>isa</key>
			<string>PBXBuildFile</string>
		</dict>
		<key>A91760BE1D9146BF008915DA</key>
		<dict>
			<key>fileRef</key>
			<string>A91760B41D9146BF008915DA</string>
			<key>isa</key>
			<string>PBXBuildFile</string>
		</dict>
		<key>A91760BF1D9146BF008915DA</key>
		<dict>
			<key>fileRef</key>
			<string>A91760B51D9146BF008915DA</string>
			<key>isa</key>
			<string>PBXBuildFile</string>
		</dict>
		<key>A91760C01D9146BF008915DA</key>
		<dict>
			<key>fileRef</key>
			<string>A91760B61D9146BF008915DA</string>
			<key>isa</key>
			<string>PBXBuildFile</string>
		</dict>
		<key>A91760C11D9146BF008915DA</key>
		<dict>
			<key>fileRef</key>
			<string>A91760B71D9146BF008915DA</string>
			<key>isa</key>
			<string>PBXBuildFile</string>
		</dict>
		<key>A91760C21D9146BF008915DA</key>
		<dict>
			<key>fileRef</key>
			<string>A91760B81D9146BF008915DA</string>
			<key>isa</key>
			<string>PBXBuildFile</string>
		</dict>
		<key>A91760D01D9146F4008915DA</key>
		<dict>
			<key>children</key>
			<array>
				<string>A91760D11D9146FE008915DA</string>
				<string>A91760D21D9146FE008915DA</string>
				<string>A91760D31D9146FE008915DA</string>
				<string>A91760D41D9146FE008915DA</string>
				<string>A91760D51D9146FE008915DA</string>
			</array>
			<key>isa</key>
			<string>PBXGroup</string>
			<key>name</key>
			<string>FullScreenPlayer</string>
			<key>sourceTree</key>
			<string>&lt;group&gt;</string>
		</dict>
		<key>A91760D11D9146FE008915DA</key>
		<dict>
			<key>fileEncoding</key>
			<string>4</string>
			<key>isa</key>
			<string>PBXFileReference</string>
			<key>lastKnownFileType</key>
			<string>sourcecode.swift</string>
			<key>name</key>
			<string>FullScreenPlayerInterface.swift</string>
			<key>path</key>
			<string>FullScreenPlayer/FullScreenPlayerInterface.swift</string>
			<key>sourceTree</key>
			<string>&lt;group&gt;</string>
		</dict>
		<key>A91760D21D9146FE008915DA</key>
		<dict>
			<key>fileEncoding</key>
			<string>4</string>
			<key>isa</key>
			<string>PBXFileReference</string>
			<key>lastKnownFileType</key>
			<string>sourcecode.swift</string>
			<key>name</key>
			<string>FullScreenPlayerPresenter.swift</string>
			<key>path</key>
			<string>FullScreenPlayer/FullScreenPlayerPresenter.swift</string>
			<key>sourceTree</key>
			<string>&lt;group&gt;</string>
		</dict>
		<key>A91760D31D9146FE008915DA</key>
		<dict>
			<key>fileEncoding</key>
			<string>4</string>
			<key>isa</key>
			<string>PBXFileReference</string>
			<key>lastKnownFileType</key>
			<string>sourcecode.swift</string>
			<key>name</key>
			<string>FullScreenPlayerPresenterInterface.swift</string>
			<key>path</key>
			<string>FullScreenPlayer/FullScreenPlayerPresenterInterface.swift</string>
			<key>sourceTree</key>
			<string>&lt;group&gt;</string>
		</dict>
		<key>A91760D41D9146FE008915DA</key>
		<dict>
			<key>fileEncoding</key>
			<string>4</string>
			<key>isa</key>
			<string>PBXFileReference</string>
			<key>lastKnownFileType</key>
			<string>sourcecode.swift</string>
			<key>name</key>
			<string>FullScreenPlayerViewController.swift</string>
			<key>path</key>
			<string>FullScreenPlayer/FullScreenPlayerViewController.swift</string>
			<key>sourceTree</key>
			<string>&lt;group&gt;</string>
		</dict>
		<key>A91760D51D9146FE008915DA</key>
		<dict>
			<key>fileEncoding</key>
			<string>4</string>
			<key>isa</key>
			<string>PBXFileReference</string>
			<key>lastKnownFileType</key>
			<string>sourcecode.swift</string>
			<key>name</key>
			<string>FullScreenPlayerWireframe.swift</string>
			<key>path</key>
			<string>FullScreenPlayer/FullScreenPlayerWireframe.swift</string>
			<key>sourceTree</key>
			<string>&lt;group&gt;</string>
		</dict>
		<key>A91760D61D9146FE008915DA</key>
		<dict>
			<key>fileRef</key>
			<string>A91760D11D9146FE008915DA</string>
			<key>isa</key>
			<string>PBXBuildFile</string>
		</dict>
		<key>A91760D71D9146FE008915DA</key>
		<dict>
			<key>fileRef</key>
			<string>A91760D21D9146FE008915DA</string>
			<key>isa</key>
			<string>PBXBuildFile</string>
		</dict>
		<key>A91760D81D9146FE008915DA</key>
		<dict>
			<key>fileRef</key>
			<string>A91760D31D9146FE008915DA</string>
			<key>isa</key>
			<string>PBXBuildFile</string>
		</dict>
		<key>A91760D91D9146FE008915DA</key>
		<dict>
			<key>fileRef</key>
			<string>A91760D41D9146FE008915DA</string>
			<key>isa</key>
			<string>PBXBuildFile</string>
		</dict>
		<key>A91760DA1D9146FE008915DA</key>
		<dict>
			<key>fileRef</key>
			<string>A91760D51D9146FE008915DA</string>
			<key>isa</key>
			<string>PBXBuildFile</string>
		</dict>
		<key>A91760DB1D9147E9008915DA</key>
		<dict>
			<key>children</key>
			<array>
				<string>A91760DE1D914827008915DA</string>
				<string>A91760DF1D914827008915DA</string>
			</array>
			<key>isa</key>
			<string>PBXGroup</string>
			<key>name</key>
			<string>Trim</string>
			<key>sourceTree</key>
			<string>&lt;group&gt;</string>
		</dict>
		<key>A91760DC1D9147ED008915DA</key>
		<dict>
			<key>children</key>
			<array>
				<string>A91760E81D914840008915DA</string>
				<string>A91760E91D914840008915DA</string>
				<string>A91760EA1D914840008915DA</string>
			</array>
			<key>isa</key>
			<string>PBXGroup</string>
			<key>name</key>
			<string>Split</string>
			<key>sourceTree</key>
			<string>&lt;group&gt;</string>
		</dict>
		<key>A91760DD1D9147F1008915DA</key>
		<dict>
			<key>children</key>
			<array>
				<string>A91760E21D914835008915DA</string>
				<string>A91760E31D914835008915DA</string>
				<string>A91760E41D914835008915DA</string>
			</array>
			<key>isa</key>
			<string>PBXGroup</string>
			<key>name</key>
			<string>Duplicate</string>
			<key>sourceTree</key>
			<string>&lt;group&gt;</string>
		</dict>
		<key>A91760DE1D914827008915DA</key>
		<dict>
			<key>fileEncoding</key>
			<string>4</string>
			<key>isa</key>
			<string>PBXFileReference</string>
			<key>lastKnownFileType</key>
			<string>sourcecode.swift</string>
			<key>path</key>
			<string>TrimViewController.swift</string>
			<key>sourceTree</key>
			<string>&lt;group&gt;</string>
		</dict>
		<key>A91760DF1D914827008915DA</key>
		<dict>
			<key>fileEncoding</key>
			<string>4</string>
			<key>isa</key>
			<string>PBXFileReference</string>
			<key>lastKnownFileType</key>
			<string>sourcecode.swift</string>
			<key>path</key>
			<string>TrimWireframe.swift</string>
			<key>sourceTree</key>
			<string>&lt;group&gt;</string>
		</dict>
		<key>A91760E01D914827008915DA</key>
		<dict>
			<key>fileRef</key>
			<string>A91760DE1D914827008915DA</string>
			<key>isa</key>
			<string>PBXBuildFile</string>
		</dict>
		<key>A91760E11D914827008915DA</key>
		<dict>
			<key>fileRef</key>
			<string>A91760DF1D914827008915DA</string>
			<key>isa</key>
			<string>PBXBuildFile</string>
		</dict>
		<key>A91760E21D914835008915DA</key>
		<dict>
			<key>fileEncoding</key>
			<string>4</string>
			<key>isa</key>
			<string>PBXFileReference</string>
			<key>lastKnownFileType</key>
			<string>sourcecode.swift</string>
			<key>path</key>
			<string>DuplicateViewController.swift</string>
			<key>sourceTree</key>
			<string>&lt;group&gt;</string>
		</dict>
		<key>A91760E31D914835008915DA</key>
		<dict>
			<key>fileEncoding</key>
			<string>4</string>
			<key>isa</key>
			<string>PBXFileReference</string>
			<key>lastKnownFileType</key>
			<string>sourcecode.swift</string>
			<key>path</key>
			<string>DuplicateInterface.swift</string>
			<key>sourceTree</key>
			<string>&lt;group&gt;</string>
		</dict>
		<key>A91760E41D914835008915DA</key>
		<dict>
			<key>fileEncoding</key>
			<string>4</string>
			<key>isa</key>
			<string>PBXFileReference</string>
			<key>lastKnownFileType</key>
			<string>sourcecode.swift</string>
			<key>path</key>
			<string>DuplicateWireframe.swift</string>
			<key>sourceTree</key>
			<string>&lt;group&gt;</string>
		</dict>
		<key>A91760E51D914835008915DA</key>
		<dict>
			<key>fileRef</key>
			<string>A91760E21D914835008915DA</string>
			<key>isa</key>
			<string>PBXBuildFile</string>
		</dict>
		<key>A91760E61D914835008915DA</key>
		<dict>
			<key>fileRef</key>
			<string>A91760E31D914835008915DA</string>
			<key>isa</key>
			<string>PBXBuildFile</string>
		</dict>
		<key>A91760E71D914835008915DA</key>
		<dict>
			<key>fileRef</key>
			<string>A91760E41D914835008915DA</string>
			<key>isa</key>
			<string>PBXBuildFile</string>
		</dict>
		<key>A91760E81D914840008915DA</key>
		<dict>
			<key>fileEncoding</key>
			<string>4</string>
			<key>isa</key>
			<string>PBXFileReference</string>
			<key>lastKnownFileType</key>
			<string>sourcecode.swift</string>
			<key>path</key>
			<string>SplitViewInterface.swift</string>
			<key>sourceTree</key>
			<string>&lt;group&gt;</string>
		</dict>
		<key>A91760E91D914840008915DA</key>
		<dict>
			<key>fileEncoding</key>
			<string>4</string>
			<key>isa</key>
			<string>PBXFileReference</string>
			<key>lastKnownFileType</key>
			<string>sourcecode.swift</string>
			<key>path</key>
			<string>SplitViewController.swift</string>
			<key>sourceTree</key>
			<string>&lt;group&gt;</string>
		</dict>
		<key>A91760EA1D914840008915DA</key>
		<dict>
			<key>fileEncoding</key>
			<string>4</string>
			<key>isa</key>
			<string>PBXFileReference</string>
			<key>lastKnownFileType</key>
			<string>sourcecode.swift</string>
			<key>path</key>
			<string>SplitWireframe.swift</string>
			<key>sourceTree</key>
			<string>&lt;group&gt;</string>
		</dict>
		<key>A91760EB1D914840008915DA</key>
		<dict>
			<key>fileRef</key>
			<string>A91760E81D914840008915DA</string>
			<key>isa</key>
			<string>PBXBuildFile</string>
		</dict>
		<key>A91760EC1D914840008915DA</key>
		<dict>
			<key>fileRef</key>
			<string>A91760E91D914840008915DA</string>
			<key>isa</key>
			<string>PBXBuildFile</string>
		</dict>
		<key>A91760ED1D914840008915DA</key>
		<dict>
			<key>fileRef</key>
			<string>A91760EA1D914840008915DA</string>
			<key>isa</key>
			<string>PBXBuildFile</string>
		</dict>
		<key>A93BCE031D7D577300421BD0</key>
		<dict>
			<key>isa</key>
			<string>PBXFileReference</string>
			<key>lastKnownFileType</key>
			<string>wrapper.pb-project</string>
			<key>name</key>
			<string>GPUImage.xcodeproj</string>
			<key>path</key>
			<string>../GPUImageForViMojoApp/framework/GPUImage.xcodeproj</string>
			<key>sourceTree</key>
			<string>&lt;group&gt;</string>
		</dict>
		<key>A93BCE041D7D577300421BD0</key>
		<dict>
			<key>children</key>
			<array>
				<string>A93BCE0A1D7D577300421BD0</string>
				<string>A93BCE0C1D7D577300421BD0</string>
			</array>
			<key>isa</key>
			<string>PBXGroup</string>
			<key>name</key>
			<string>Products</string>
			<key>sourceTree</key>
			<string>&lt;group&gt;</string>
		</dict>
		<key>A93BCE091D7D577300421BD0</key>
		<dict>
			<key>containerPortal</key>
			<string>A93BCE031D7D577300421BD0</string>
			<key>isa</key>
			<string>PBXContainerItemProxy</string>
			<key>proxyType</key>
			<string>2</string>
			<key>remoteGlobalIDString</key>
			<string>BCF1A33414DDB1EC00852800</string>
			<key>remoteInfo</key>
			<string>GPUImage</string>
		</dict>
		<key>A93BCE0A1D7D577300421BD0</key>
		<dict>
			<key>fileType</key>
			<string>archive.ar</string>
			<key>isa</key>
			<string>PBXReferenceProxy</string>
			<key>path</key>
			<string>libGPUImage.a</string>
			<key>remoteRef</key>
			<string>A93BCE091D7D577300421BD0</string>
			<key>sourceTree</key>
			<string>BUILT_PRODUCTS_DIR</string>
		</dict>
		<key>A93BCE0B1D7D577300421BD0</key>
		<dict>
			<key>containerPortal</key>
			<string>A93BCE031D7D577300421BD0</string>
			<key>isa</key>
			<string>PBXContainerItemProxy</string>
			<key>proxyType</key>
			<string>2</string>
			<key>remoteGlobalIDString</key>
			<string>BCE209E51943F20C002FEED8</string>
			<key>remoteInfo</key>
			<string>GPUImageFramework</string>
		</dict>
		<key>A93BCE0C1D7D577300421BD0</key>
		<dict>
			<key>fileType</key>
			<string>wrapper.framework</string>
			<key>isa</key>
			<string>PBXReferenceProxy</string>
			<key>path</key>
			<string>GPUImage.framework</string>
			<key>remoteRef</key>
			<string>A93BCE0B1D7D577300421BD0</string>
			<key>sourceTree</key>
			<string>BUILT_PRODUCTS_DIR</string>
		</dict>
		<key>A93BCE281D7D590C00421BD0</key>
		<dict>
			<key>fileRef</key>
			<string>A93BCE0C1D7D577300421BD0</string>
			<key>isa</key>
			<string>PBXBuildFile</string>
		</dict>
		<key>A93BCE291D7D590C00421BD0</key>
		<dict>
			<key>fileRef</key>
			<string>A93BCE0C1D7D577300421BD0</string>
			<key>isa</key>
			<string>PBXBuildFile</string>
			<key>settings</key>
			<dict>
				<key>ATTRIBUTES</key>
				<array>
					<string>CodeSignOnCopy</string>
					<string>RemoveHeadersOnCopy</string>
				</array>
			</dict>
		</dict>
		<key>A93BCE2A1D7D590C00421BD0</key>
		<dict>
			<key>containerPortal</key>
			<string>A93BCE031D7D577300421BD0</string>
			<key>isa</key>
			<string>PBXContainerItemProxy</string>
			<key>proxyType</key>
			<string>1</string>
			<key>remoteGlobalIDString</key>
			<string>BCE209E41943F20C002FEED8</string>
			<key>remoteInfo</key>
			<string>GPUImageFramework</string>
		</dict>
		<key>A93BCE2B1D7D590C00421BD0</key>
		<dict>
			<key>isa</key>
			<string>PBXTargetDependency</string>
			<key>name</key>
			<string>GPUImageFramework</string>
			<key>targetProxy</key>
			<string>A93BCE2A1D7D590C00421BD0</string>
		</dict>
		<key>A93BCE2C1D7D590C00421BD0</key>
		<dict>
			<key>buildActionMask</key>
			<string>2147483647</string>
			<key>dstPath</key>
			<string></string>
			<key>dstSubfolderSpec</key>
			<string>10</string>
			<key>files</key>
			<array>
				<string>A93BCE291D7D590C00421BD0</string>
			</array>
			<key>isa</key>
			<string>PBXCopyFilesBuildPhase</string>
			<key>name</key>
			<string>Embed Frameworks</string>
			<key>runOnlyForDeploymentPostprocessing</key>
			<string>0</string>
		</dict>
		<key>A93BCE311D7D593600421BD0</key>
		<dict>
			<key>buildActionMask</key>
			<string>2147483647</string>
			<key>dstPath</key>
			<string></string>
			<key>dstSubfolderSpec</key>
			<string>10</string>
			<key>files</key>
			<array>
				<string>A93BCE321D7D594100421BD0</string>
			</array>
			<key>isa</key>
			<string>PBXCopyFilesBuildPhase</string>
			<key>runOnlyForDeploymentPostprocessing</key>
			<string>0</string>
		</dict>
		<key>A93BCE321D7D594100421BD0</key>
		<dict>
			<key>fileRef</key>
			<string>A93BCE0C1D7D577300421BD0</string>
			<key>isa</key>
			<string>PBXBuildFile</string>
			<key>settings</key>
			<dict>
				<key>ATTRIBUTES</key>
				<array>
					<string>CodeSignOnCopy</string>
					<string>RemoveHeadersOnCopy</string>
				</array>
			</dict>
		</dict>
		<key>A93BCE401D7D598600421BD0</key>
		<dict>
			<key>children</key>
			<array>
				<string>A9B386191D7D522A0065D3EC</string>
				<string>A9B3861C1D7D523F0065D3EC</string>
			</array>
			<key>isa</key>
			<string>PBXGroup</string>
			<key>name</key>
			<string>Recorder</string>
			<key>sourceTree</key>
			<string>&lt;group&gt;</string>
		</dict>
		<key>A93BCE411D7D598B00421BD0</key>
		<dict>
			<key>children</key>
			<array>
				<string>A93BCE421D7D599900421BD0</string>
			</array>
			<key>isa</key>
			<string>PBXGroup</string>
			<key>name</key>
			<string>Tracker</string>
			<key>sourceTree</key>
			<string>&lt;group&gt;</string>
		</dict>
		<key>A93BCE421D7D599900421BD0</key>
		<dict>
			<key>fileEncoding</key>
			<string>4</string>
			<key>isa</key>
			<string>PBXFileReference</string>
			<key>lastKnownFileType</key>
			<string>sourcecode.swift</string>
			<key>path</key>
			<string>ViMoJoTracker.swift</string>
			<key>sourceTree</key>
			<string>&lt;group&gt;</string>
		</dict>
		<key>A93BCE431D7D599900421BD0</key>
		<dict>
			<key>fileRef</key>
			<string>A93BCE421D7D599900421BD0</string>
			<key>isa</key>
			<string>PBXBuildFile</string>
		</dict>
		<key>A93BCE491D7D5C6B00421BD0</key>
		<dict>
			<key>children</key>
			<array>
				<string>A93BCE521D7D785100421BD0</string>
				<string>A93BCE4A1D7D5C7400421BD0</string>
				<string>A93BCE4B1D7D5C7400421BD0</string>
			</array>
			<key>isa</key>
			<string>PBXGroup</string>
			<key>name</key>
			<string>Constants</string>
			<key>sourceTree</key>
			<string>&lt;group&gt;</string>
		</dict>
		<key>A93BCE4A1D7D5C7400421BD0</key>
		<dict>
			<key>fileEncoding</key>
			<string>4</string>
			<key>isa</key>
			<string>PBXFileReference</string>
			<key>lastKnownFileType</key>
			<string>sourcecode.swift</string>
			<key>path</key>
			<string>ConfigPreferences.swift</string>
			<key>sourceTree</key>
			<string>&lt;group&gt;</string>
		</dict>
		<key>A93BCE4B1D7D5C7400421BD0</key>
		<dict>
			<key>fileEncoding</key>
			<string>4</string>
			<key>isa</key>
			<string>PBXFileReference</string>
			<key>lastKnownFileType</key>
			<string>sourcecode.swift</string>
			<key>path</key>
			<string>AnalitycsConstants.swift</string>
			<key>sourceTree</key>
			<string>&lt;group&gt;</string>
		</dict>
		<key>A93BCE4C1D7D5C7400421BD0</key>
		<dict>
			<key>fileRef</key>
			<string>A93BCE4A1D7D5C7400421BD0</string>
			<key>isa</key>
			<string>PBXBuildFile</string>
		</dict>
		<key>A93BCE4D1D7D5C7400421BD0</key>
		<dict>
			<key>fileRef</key>
			<string>A93BCE4B1D7D5C7400421BD0</string>
			<key>isa</key>
			<string>PBXBuildFile</string>
		</dict>
		<key>A93BCE4E1D7D77B300421BD0</key>
		<dict>
			<key>fileEncoding</key>
			<string>4</string>
			<key>isa</key>
			<string>PBXFileReference</string>
			<key>lastKnownFileType</key>
			<string>sourcecode.swift</string>
			<key>path</key>
			<string>AVResolutionParse.swift</string>
			<key>sourceTree</key>
			<string>&lt;group&gt;</string>
		</dict>
		<key>A93BCE4F1D7D77B300421BD0</key>
		<dict>
			<key>fileRef</key>
			<string>A93BCE4E1D7D77B300421BD0</string>
			<key>isa</key>
			<string>PBXBuildFile</string>
		</dict>
		<key>A93BCE501D7D77FF00421BD0</key>
		<dict>
			<key>fileEncoding</key>
			<string>4</string>
			<key>isa</key>
			<string>PBXFileReference</string>
			<key>lastKnownFileType</key>
			<string>sourcecode.swift</string>
			<key>path</key>
			<string>CompatibleResolutionsInteractor.swift</string>
			<key>sourceTree</key>
			<string>&lt;group&gt;</string>
		</dict>
		<key>A93BCE511D7D77FF00421BD0</key>
		<dict>
			<key>fileRef</key>
			<string>A93BCE501D7D77FF00421BD0</string>
			<key>isa</key>
			<string>PBXBuildFile</string>
		</dict>
		<key>A93BCE521D7D785100421BD0</key>
		<dict>
			<key>fileEncoding</key>
			<string>4</string>
			<key>isa</key>
			<string>PBXFileReference</string>
			<key>lastKnownFileType</key>
			<string>sourcecode.swift</string>
			<key>path</key>
			<string>SettingsConstants.swift</string>
			<key>sourceTree</key>
			<string>&lt;group&gt;</string>
		</dict>
		<key>A93BCE531D7D785100421BD0</key>
		<dict>
			<key>fileRef</key>
			<string>A93BCE521D7D785100421BD0</string>
			<key>isa</key>
			<string>PBXBuildFile</string>
		</dict>
		<key>A93BCE541D7D792300421BD0</key>
		<dict>
			<key>children</key>
			<array>
				<string>A93BCE621D7D7A7200421BD0</string>
				<string>A93BCE601D7D7A5A00421BD0</string>
				<string>A93BCE551D7D792B00421BD0</string>
				<string>A93BCE561D7D792B00421BD0</string>
			</array>
			<key>isa</key>
			<string>PBXGroup</string>
			<key>name</key>
			<string>Use case</string>
			<key>sourceTree</key>
			<string>&lt;group&gt;</string>
		</dict>
		<key>A93BCE551D7D792B00421BD0</key>
		<dict>
			<key>fileEncoding</key>
			<string>4</string>
			<key>isa</key>
			<string>PBXFileReference</string>
			<key>lastKnownFileType</key>
			<string>sourcecode.swift</string>
			<key>path</key>
			<string>AddVideoToProjectUseCase.swift</string>
			<key>sourceTree</key>
			<string>&lt;group&gt;</string>
		</dict>
		<key>A93BCE561D7D792B00421BD0</key>
		<dict>
			<key>fileEncoding</key>
			<string>4</string>
			<key>isa</key>
			<string>PBXFileReference</string>
			<key>lastKnownFileType</key>
			<string>sourcecode.swift</string>
			<key>path</key>
			<string>GetActualProjectAVCompositionUseCase.swift</string>
			<key>sourceTree</key>
			<string>&lt;group&gt;</string>
		</dict>
		<key>A93BCE571D7D792B00421BD0</key>
		<dict>
			<key>fileRef</key>
			<string>A93BCE551D7D792B00421BD0</string>
			<key>isa</key>
			<string>PBXBuildFile</string>
		</dict>
		<key>A93BCE581D7D792B00421BD0</key>
		<dict>
			<key>fileRef</key>
			<string>A93BCE561D7D792B00421BD0</string>
			<key>isa</key>
			<string>PBXBuildFile</string>
		</dict>
		<key>A93BCE591D7D7A0700421BD0</key>
		<dict>
			<key>children</key>
			<array>
				<string>A93BCE5B1D7D7A1300421BD0</string>
				<string>A93BCE5C1D7D7A1300421BD0</string>
				<string>A93BCE5D1D7D7A1300421BD0</string>
			</array>
			<key>isa</key>
			<string>PBXGroup</string>
			<key>name</key>
			<string>NSLocale</string>
			<key>sourceTree</key>
			<string>&lt;group&gt;</string>
		</dict>
		<key>A93BCE5A1D7D7A1200421BD0</key>
		<dict>
			<key>isa</key>
			<string>PBXFileReference</string>
			<key>lastKnownFileType</key>
			<string>sourcecode.c.h</string>
			<key>path</key>
			<string>vimojo-Bridging-Header.h</string>
			<key>sourceTree</key>
			<string>&lt;group&gt;</string>
		</dict>
		<key>A93BCE5B1D7D7A1300421BD0</key>
		<dict>
			<key>isa</key>
			<string>PBXFileReference</string>
			<key>lastKnownFileType</key>
			<string>wrapper.plug-in</string>
			<key>path</key>
			<string>iso639_2.bundle</string>
			<key>sourceTree</key>
			<string>&lt;group&gt;</string>
		</dict>
		<key>A93BCE5C1D7D7A1300421BD0</key>
		<dict>
			<key>fileEncoding</key>
			<string>4</string>
			<key>isa</key>
			<string>PBXFileReference</string>
			<key>lastKnownFileType</key>
			<string>sourcecode.c.h</string>
			<key>path</key>
			<string>NSLocale+ISO639_2.h</string>
			<key>sourceTree</key>
			<string>&lt;group&gt;</string>
		</dict>
		<key>A93BCE5D1D7D7A1300421BD0</key>
		<dict>
			<key>fileEncoding</key>
			<string>4</string>
			<key>isa</key>
			<string>PBXFileReference</string>
			<key>lastKnownFileType</key>
			<string>sourcecode.c.objc</string>
			<key>path</key>
			<string>NSLocale+ISO639_2.m</string>
			<key>sourceTree</key>
			<string>&lt;group&gt;</string>
		</dict>
		<key>A93BCE5E1D7D7A1300421BD0</key>
		<dict>
			<key>fileRef</key>
			<string>A93BCE5B1D7D7A1300421BD0</string>
			<key>isa</key>
			<string>PBXBuildFile</string>
		</dict>
		<key>A93BCE5F1D7D7A1300421BD0</key>
		<dict>
			<key>fileRef</key>
			<string>A93BCE5D1D7D7A1300421BD0</string>
			<key>isa</key>
			<string>PBXBuildFile</string>
		</dict>
		<key>A93BCE601D7D7A5A00421BD0</key>
		<dict>
			<key>fileEncoding</key>
			<string>4</string>
			<key>isa</key>
			<string>PBXFileReference</string>
			<key>lastKnownFileType</key>
			<string>sourcecode.swift</string>
			<key>path</key>
			<string>AVQualityParse.swift</string>
			<key>sourceTree</key>
			<string>&lt;group&gt;</string>
		</dict>
		<key>A93BCE611D7D7A5A00421BD0</key>
		<dict>
			<key>fileRef</key>
			<string>A93BCE601D7D7A5A00421BD0</string>
			<key>isa</key>
			<string>PBXBuildFile</string>
		</dict>
		<key>A93BCE621D7D7A7200421BD0</key>
		<dict>
			<key>fileEncoding</key>
			<string>4</string>
			<key>isa</key>
			<string>PBXFileReference</string>
			<key>lastKnownFileType</key>
			<string>sourcecode.swift</string>
			<key>path</key>
			<string>CompatibleQualityInteractor.swift</string>
			<key>sourceTree</key>
			<string>&lt;group&gt;</string>
		</dict>
		<key>A93BCE631D7D7A7200421BD0</key>
		<dict>
			<key>fileRef</key>
			<string>A93BCE621D7D7A7200421BD0</string>
			<key>isa</key>
			<string>PBXBuildFile</string>
		</dict>
		<key>A93BCE731D7D88EE00421BD0</key>
		<dict>
			<key>isa</key>
			<string>PBXFileReference</string>
			<key>lastKnownFileType</key>
			<string>image.png</string>
			<key>path</key>
			<string>activity_record_rec_circle.png</string>
			<key>sourceTree</key>
			<string>&lt;group&gt;</string>
		</dict>
		<key>A93BCE741D7D88EE00421BD0</key>
		<dict>
			<key>fileRef</key>
			<string>A93BCE731D7D88EE00421BD0</string>
			<key>isa</key>
			<string>PBXBuildFile</string>
		</dict>
		<key>A93BCE751D7D92C300421BD0</key>
		<dict>
			<key>isa</key>
			<string>PBXFileReference</string>
			<key>lastKnownFileType</key>
			<string>image.png</string>
			<key>path</key>
			<string>filter_free.png</string>
			<key>sourceTree</key>
			<string>&lt;group&gt;</string>
		</dict>
		<key>A93BCE761D7D92C300421BD0</key>
		<dict>
			<key>fileRef</key>
			<string>A93BCE751D7D92C300421BD0</string>
			<key>isa</key>
			<string>PBXBuildFile</string>
		</dict>
		<key>A93BCE771D7D93B700421BD0</key>
		<dict>
			<key>isa</key>
			<string>PBXFileReference</string>
			<key>lastKnownFileType</key>
			<string>image.png</string>
			<key>path</key>
			<string>water_mark.png</string>
			<key>sourceTree</key>
			<string>&lt;group&gt;</string>
		</dict>
		<key>A93BCE781D7D93B700421BD0</key>
		<dict>
			<key>fileRef</key>
			<string>A93BCE771D7D93B700421BD0</string>
			<key>isa</key>
			<string>PBXBuildFile</string>
		</dict>
		<key>A96734F91D7FFBA300441872</key>
		<dict>
			<key>isa</key>
			<string>PBXFileReference</string>
			<key>lastKnownFileType</key>
			<string>text.plist.strings</string>
			<key>name</key>
			<string>es</string>
			<key>path</key>
			<string>es.lproj/Main.strings</string>
			<key>sourceTree</key>
			<string>&lt;group&gt;</string>
		</dict>
		<key>A96734FA1D7FFBA300441872</key>
		<dict>
			<key>isa</key>
			<string>PBXFileReference</string>
			<key>lastKnownFileType</key>
			<string>text.plist.strings</string>
			<key>name</key>
			<string>es</string>
			<key>path</key>
			<string>es.lproj/LaunchScreen.strings</string>
			<key>sourceTree</key>
			<string>&lt;group&gt;</string>
		</dict>
		<key>A9B385DD1D7D51380065D3EC</key>
		<dict>
			<key>children</key>
			<array>
				<string>A93BCE031D7D577300421BD0</string>
				<string>A9B385E81D7D51380065D3EC</string>
				<string>A9B385FD1D7D51380065D3EC</string>
				<string>A9B385E71D7D51380065D3EC</string>
				<string>07BAF935B60592925D647AD1</string>
				<string>5354C373A4B21404086FF983</string>
			</array>
			<key>isa</key>
			<string>PBXGroup</string>
			<key>sourceTree</key>
			<string>&lt;group&gt;</string>
		</dict>
		<key>A9B385DE1D7D51380065D3EC</key>
		<dict>
			<key>attributes</key>
			<dict>
				<key>LastSwiftUpdateCheck</key>
				<string>0730</string>
				<key>LastUpgradeCheck</key>
				<string>0730</string>
				<key>ORGANIZATIONNAME</key>
				<string>Videona</string>
				<key>TargetAttributes</key>
				<dict>
					<key>A9B385E51D7D51380065D3EC</key>
					<dict>
						<key>CreatedOnToolsVersion</key>
						<string>7.3.1</string>
					</dict>
					<key>A9B385F91D7D51380065D3EC</key>
					<dict>
						<key>CreatedOnToolsVersion</key>
						<string>7.3.1</string>
						<key>TestTargetID</key>
						<string>A9B385E51D7D51380065D3EC</string>
					</dict>
				</dict>
			</dict>
			<key>buildConfigurationList</key>
			<string>A9B385E11D7D51380065D3EC</string>
			<key>compatibilityVersion</key>
			<string>Xcode 3.2</string>
			<key>developmentRegion</key>
			<string>English</string>
			<key>hasScannedForEncodings</key>
			<string>0</string>
			<key>isa</key>
			<string>PBXProject</string>
			<key>knownRegions</key>
			<array>
				<string>en</string>
				<string>Base</string>
				<string>es</string>
			</array>
			<key>mainGroup</key>
			<string>A9B385DD1D7D51380065D3EC</string>
			<key>productRefGroup</key>
			<string>A9B385E71D7D51380065D3EC</string>
			<key>projectDirPath</key>
			<string></string>
			<key>projectReferences</key>
			<array>
				<dict>
					<key>ProductGroup</key>
					<string>A93BCE041D7D577300421BD0</string>
					<key>ProjectRef</key>
					<string>A93BCE031D7D577300421BD0</string>
				</dict>
			</array>
			<key>projectRoot</key>
			<string></string>
			<key>targets</key>
			<array>
				<string>A9B385E51D7D51380065D3EC</string>
				<string>A9B385F91D7D51380065D3EC</string>
			</array>
		</dict>
		<key>A9B385E11D7D51380065D3EC</key>
		<dict>
			<key>buildConfigurations</key>
			<array>
				<string>A9B386011D7D51380065D3EC</string>
				<string>A9B386021D7D51380065D3EC</string>
			</array>
			<key>defaultConfigurationIsVisible</key>
			<string>0</string>
			<key>defaultConfigurationName</key>
			<string>Release</string>
			<key>isa</key>
			<string>XCConfigurationList</string>
		</dict>
		<key>A9B385E21D7D51380065D3EC</key>
		<dict>
			<key>buildActionMask</key>
			<string>2147483647</string>
			<key>files</key>
			<array>
				<string>A91760DA1D9146FE008915DA</string>
				<string>A91760BE1D9146BF008915DA</string>
				<string>A91760E71D914835008915DA</string>
				<string>A93BCE4F1D7D77B300421BD0</string>
				<string>A9B3864F1D7D53BA0065D3EC</string>
				<string>A93BCE511D7D77FF00421BD0</string>
				<string>A91760AA1D9146B5008915DA</string>
				<string>A91760B91D9146BF008915DA</string>
				<string>A91760BC1D9146BF008915DA</string>
				<string>A91760BF1D9146BF008915DA</string>
				<string>A9B386311D7D53230065D3EC</string>
				<string>A9B386301D7D53230065D3EC</string>
				<string>A9B386221D7D52E30065D3EC</string>
				<string>A93BCE571D7D792B00421BD0</string>
				<string>A91760E51D914835008915DA</string>
				<string>A9B386331D7D53230065D3EC</string>
				<string>A91760C01D9146BF008915DA</string>
				<string>A9B386581D7D551A0065D3EC</string>
				<string>A9B386291D7D52F40065D3EC</string>
				<string>A9B386391D7D53450065D3EC</string>
				<string>A91760BA1D9146BF008915DA</string>
				<string>A93BCE531D7D785100421BD0</string>
				<string>A93BCE631D7D7A7200421BD0</string>
				<string>A9B386321D7D53230065D3EC</string>
				<string>A9B386231D7D52E30065D3EC</string>
				<string>A9B386261D7D52EA0065D3EC</string>
				<string>A91760D91D9146FE008915DA</string>
				<string>A91760EC1D914840008915DA</string>
				<string>A91760E01D914827008915DA</string>
				<string>A9B3862B1D7D531B0065D3EC</string>
				<string>A91760D81D9146FE008915DA</string>
				<string>A91760BD1D9146BF008915DA</string>
				<string>A93BCE5F1D7D7A1300421BD0</string>
				<string>A91760E61D914835008915DA</string>
				<string>A91760A91D9146B5008915DA</string>
				<string>A9B386531D7D53D10065D3EC</string>
				<string>A9B385EA1D7D51380065D3EC</string>
				<string>A9B386411D7D53880065D3EC</string>
				<string>A93BCE4D1D7D5C7400421BD0</string>
				<string>A91760C21D9146BF008915DA</string>
				<string>A91760EB1D914840008915DA</string>
				<string>A9B3865F1D7D55660065D3EC</string>
				<string>A9B386541D7D53D10065D3EC</string>
				<string>A93BCE4C1D7D5C7400421BD0</string>
				<string>A91760D71D9146FE008915DA</string>
				<string>A9B386491D7D53B20065D3EC</string>
				<string>A91760AB1D9146B5008915DA</string>
				<string>A9B386561D7D54CF0065D3EC</string>
				<string>A91760AC1D9146B5008915DA</string>
				<string>A91760ED1D914840008915DA</string>
				<string>A91760E11D914827008915DA</string>
				<string>A9B3865A1D7D55340065D3EC</string>
				<string>A91760A81D9146B5008915DA</string>
				<string>A93BCE431D7D599900421BD0</string>
				<string>A91760C11D9146BF008915DA</string>
				<string>A9B3863D1D7D53740065D3EC</string>
				<string>A9B3864E1D7D53BA0065D3EC</string>
				<string>A91760AD1D9146B5008915DA</string>
				<string>A9B386451D7D53960065D3EC</string>
				<string>A9B386601D7D55660065D3EC</string>
				<string>A9B386381D7D53450065D3EC</string>
				<string>A9B3864D1D7D53BA0065D3EC</string>
				<string>A9B386421D7D53880065D3EC</string>
				<string>A91760D61D9146FE008915DA</string>
				<string>A93BCE611D7D7A5A00421BD0</string>
				<string>A91760BB1D9146BF008915DA</string>
				<string>A93BCE581D7D792B00421BD0</string>
				<string>A91760AE1D9146B5008915DA</string>
			</array>
			<key>isa</key>
			<string>PBXSourcesBuildPhase</string>
			<key>runOnlyForDeploymentPostprocessing</key>
			<string>0</string>
		</dict>
		<key>A9B385E31D7D51380065D3EC</key>
		<dict>
			<key>buildActionMask</key>
			<string>2147483647</string>
			<key>files</key>
			<array>
				<string>A93BCE281D7D590C00421BD0</string>
				<string>57569C7DDD8E98BEEB562708</string>
			</array>
			<key>isa</key>
			<string>PBXFrameworksBuildPhase</string>
			<key>runOnlyForDeploymentPostprocessing</key>
			<string>0</string>
		</dict>
		<key>A9B385E41D7D51380065D3EC</key>
		<dict>
			<key>buildActionMask</key>
			<string>2147483647</string>
			<key>files</key>
			<array>
				<string>A93BCE741D7D88EE00421BD0</string>
				<string>A9B385F41D7D51380065D3EC</string>
				<string>A93BCE781D7D93B700421BD0</string>
				<string>A93BCE5E1D7D7A1300421BD0</string>
				<string>A9B385F11D7D51380065D3EC</string>
				<string>A91760901D9143D1008915DA</string>
				<string>A9B385EF1D7D51380065D3EC</string>
				<string>A93BCE761D7D92C300421BD0</string>
			</array>
			<key>isa</key>
			<string>PBXResourcesBuildPhase</string>
			<key>runOnlyForDeploymentPostprocessing</key>
			<string>0</string>
		</dict>
		<key>A9B385E51D7D51380065D3EC</key>
		<dict>
			<key>buildConfigurationList</key>
			<string>A9B386031D7D51380065D3EC</string>
			<key>buildPhases</key>
			<array>
				<string>5501A1C092FDE29144480691</string>
				<string>A9B385E21D7D51380065D3EC</string>
				<string>A9B385E31D7D51380065D3EC</string>
				<string>A9B385E41D7D51380065D3EC</string>
				<string>A93BCE2C1D7D590C00421BD0</string>
				<string>A93BCE311D7D593600421BD0</string>
				<string>4B86C55F5C4838DB96A555EC</string>
				<string>C8DA1259F81B84B2DEB8EFE0</string>
				<string>7A49D9DA4E3723AD1FF02C11</string>
			</array>
			<key>buildRules</key>
			<array/>
			<key>dependencies</key>
			<array>
				<string>A93BCE2B1D7D590C00421BD0</string>
			</array>
			<key>isa</key>
			<string>PBXNativeTarget</string>
			<key>name</key>
			<string>vimojo</string>
			<key>productName</key>
			<string>vimojo</string>
			<key>productReference</key>
			<string>A9B385E61D7D51380065D3EC</string>
			<key>productType</key>
			<string>com.apple.product-type.application</string>
		</dict>
		<key>A9B385E61D7D51380065D3EC</key>
		<dict>
			<key>explicitFileType</key>
			<string>wrapper.application</string>
			<key>includeInIndex</key>
			<string>0</string>
			<key>isa</key>
			<string>PBXFileReference</string>
			<key>path</key>
			<string>vimojo.app</string>
			<key>sourceTree</key>
			<string>BUILT_PRODUCTS_DIR</string>
		</dict>
		<key>A9B385E71D7D51380065D3EC</key>
		<dict>
			<key>children</key>
			<array>
				<string>A9B385E61D7D51380065D3EC</string>
				<string>A9B385FA1D7D51380065D3EC</string>
			</array>
			<key>isa</key>
			<string>PBXGroup</string>
			<key>name</key>
			<string>Products</string>
			<key>sourceTree</key>
			<string>&lt;group&gt;</string>
		</dict>
		<key>A9B385E81D7D51380065D3EC</key>
		<dict>
			<key>children</key>
			<array>
				<string>A93BCE5A1D7D7A1200421BD0</string>
				<string>A9B386571D7D551A0065D3EC</string>
				<string>A93BCE751D7D92C300421BD0</string>
				<string>A93BCE771D7D93B700421BD0</string>
				<string>A93BCE731D7D88EE00421BD0</string>
				<string>A93BCE4E1D7D77B300421BD0</string>
				<string>A93BCE501D7D77FF00421BD0</string>
				<string>A9B385E91D7D51380065D3EC</string>
				<string>A9B386551D7D54CF0065D3EC</string>
				<string>A9B3865B1D7D55440065D3EC</string>
				<string>A9B386181D7D519E0065D3EC</string>
				<string>A9B386171D7D51940065D3EC</string>
				<string>A9B385F01D7D51380065D3EC</string>
				<string>A9B385F51D7D51380065D3EC</string>
			</array>
			<key>isa</key>
			<string>PBXGroup</string>
			<key>path</key>
			<string>vimojo</string>
			<key>sourceTree</key>
			<string>&lt;group&gt;</string>
		</dict>
		<key>A9B385E91D7D51380065D3EC</key>
		<dict>
			<key>isa</key>
			<string>PBXFileReference</string>
			<key>lastKnownFileType</key>
			<string>sourcecode.swift</string>
			<key>path</key>
			<string>AppDelegate.swift</string>
			<key>sourceTree</key>
			<string>&lt;group&gt;</string>
		</dict>
		<key>A9B385EA1D7D51380065D3EC</key>
		<dict>
			<key>fileRef</key>
			<string>A9B385E91D7D51380065D3EC</string>
			<key>isa</key>
			<string>PBXBuildFile</string>
		</dict>
		<key>A9B385ED1D7D51380065D3EC</key>
		<dict>
			<key>children</key>
			<array>
				<string>A9B385EE1D7D51380065D3EC</string>
				<string>A96734F91D7FFBA300441872</string>
				<string>A905C02E1D8050C2001B4F25</string>
			</array>
			<key>isa</key>
			<string>PBXVariantGroup</string>
			<key>name</key>
			<string>Main.storyboard</string>
			<key>sourceTree</key>
			<string>&lt;group&gt;</string>
		</dict>
		<key>A9B385EE1D7D51380065D3EC</key>
		<dict>
			<key>isa</key>
			<string>PBXFileReference</string>
			<key>lastKnownFileType</key>
			<string>file.storyboard</string>
			<key>name</key>
			<string>Base</string>
			<key>path</key>
			<string>Base.lproj/Main.storyboard</string>
			<key>sourceTree</key>
			<string>&lt;group&gt;</string>
		</dict>
		<key>A9B385EF1D7D51380065D3EC</key>
		<dict>
			<key>fileRef</key>
			<string>A9B385ED1D7D51380065D3EC</string>
			<key>isa</key>
			<string>PBXBuildFile</string>
		</dict>
		<key>A9B385F01D7D51380065D3EC</key>
		<dict>
			<key>isa</key>
			<string>PBXFileReference</string>
			<key>lastKnownFileType</key>
			<string>folder.assetcatalog</string>
			<key>path</key>
			<string>Assets.xcassets</string>
			<key>sourceTree</key>
			<string>&lt;group&gt;</string>
		</dict>
		<key>A9B385F11D7D51380065D3EC</key>
		<dict>
			<key>fileRef</key>
			<string>A9B385F01D7D51380065D3EC</string>
			<key>isa</key>
			<string>PBXBuildFile</string>
		</dict>
		<key>A9B385F21D7D51380065D3EC</key>
		<dict>
			<key>children</key>
			<array>
				<string>A9B385F31D7D51380065D3EC</string>
				<string>A96734FA1D7FFBA300441872</string>
			</array>
			<key>isa</key>
			<string>PBXVariantGroup</string>
			<key>name</key>
			<string>LaunchScreen.storyboard</string>
			<key>sourceTree</key>
			<string>&lt;group&gt;</string>
		</dict>
		<key>A9B385F31D7D51380065D3EC</key>
		<dict>
			<key>isa</key>
			<string>PBXFileReference</string>
			<key>lastKnownFileType</key>
			<string>file.storyboard</string>
			<key>name</key>
			<string>Base</string>
			<key>path</key>
			<string>Base.lproj/LaunchScreen.storyboard</string>
			<key>sourceTree</key>
			<string>&lt;group&gt;</string>
		</dict>
		<key>A9B385F41D7D51380065D3EC</key>
		<dict>
			<key>fileRef</key>
			<string>A9B385F21D7D51380065D3EC</string>
			<key>isa</key>
			<string>PBXBuildFile</string>
		</dict>
		<key>A9B385F51D7D51380065D3EC</key>
		<dict>
			<key>isa</key>
			<string>PBXFileReference</string>
			<key>lastKnownFileType</key>
			<string>text.plist.xml</string>
			<key>path</key>
			<string>Info.plist</string>
			<key>sourceTree</key>
			<string>&lt;group&gt;</string>
		</dict>
		<key>A9B385F61D7D51380065D3EC</key>
		<dict>
			<key>buildActionMask</key>
			<string>2147483647</string>
			<key>files</key>
			<array>
				<string>A9B385FF1D7D51380065D3EC</string>
			</array>
			<key>isa</key>
			<string>PBXSourcesBuildPhase</string>
			<key>runOnlyForDeploymentPostprocessing</key>
			<string>0</string>
		</dict>
		<key>A9B385F71D7D51380065D3EC</key>
		<dict>
			<key>buildActionMask</key>
			<string>2147483647</string>
			<key>files</key>
			<array>
				<string>37B0E05FB42EBAC14FB65AB6</string>
			</array>
			<key>isa</key>
			<string>PBXFrameworksBuildPhase</string>
			<key>runOnlyForDeploymentPostprocessing</key>
			<string>0</string>
		</dict>
		<key>A9B385F81D7D51380065D3EC</key>
		<dict>
			<key>buildActionMask</key>
			<string>2147483647</string>
			<key>files</key>
			<array/>
			<key>isa</key>
			<string>PBXResourcesBuildPhase</string>
			<key>runOnlyForDeploymentPostprocessing</key>
			<string>0</string>
		</dict>
		<key>A9B385F91D7D51380065D3EC</key>
		<dict>
			<key>buildConfigurationList</key>
			<string>A9B386061D7D51380065D3EC</string>
			<key>buildPhases</key>
			<array>
				<string>48432A405490E23DCC344F58</string>
				<string>A9B385F61D7D51380065D3EC</string>
				<string>A9B385F71D7D51380065D3EC</string>
				<string>A9B385F81D7D51380065D3EC</string>
				<string>FF3D1A8095DE821DACBDB7A4</string>
				<string>2F1133C49C3C13335E93E43D</string>
			</array>
			<key>buildRules</key>
			<array/>
			<key>dependencies</key>
			<array>
				<string>A9B385FC1D7D51380065D3EC</string>
			</array>
			<key>isa</key>
			<string>PBXNativeTarget</string>
			<key>name</key>
			<string>vimojoTests</string>
			<key>productName</key>
			<string>vimojoTests</string>
			<key>productReference</key>
			<string>A9B385FA1D7D51380065D3EC</string>
			<key>productType</key>
			<string>com.apple.product-type.bundle.unit-test</string>
		</dict>
		<key>A9B385FA1D7D51380065D3EC</key>
		<dict>
			<key>explicitFileType</key>
			<string>wrapper.cfbundle</string>
			<key>includeInIndex</key>
			<string>0</string>
			<key>isa</key>
			<string>PBXFileReference</string>
			<key>path</key>
			<string>vimojoTests.xctest</string>
			<key>sourceTree</key>
			<string>BUILT_PRODUCTS_DIR</string>
		</dict>
		<key>A9B385FB1D7D51380065D3EC</key>
		<dict>
			<key>containerPortal</key>
			<string>A9B385DE1D7D51380065D3EC</string>
			<key>isa</key>
			<string>PBXContainerItemProxy</string>
			<key>proxyType</key>
			<string>1</string>
			<key>remoteGlobalIDString</key>
			<string>A9B385E51D7D51380065D3EC</string>
			<key>remoteInfo</key>
			<string>vimojo</string>
		</dict>
		<key>A9B385FC1D7D51380065D3EC</key>
		<dict>
			<key>isa</key>
			<string>PBXTargetDependency</string>
			<key>target</key>
			<string>A9B385E51D7D51380065D3EC</string>
			<key>targetProxy</key>
			<string>A9B385FB1D7D51380065D3EC</string>
		</dict>
		<key>A9B385FD1D7D51380065D3EC</key>
		<dict>
			<key>children</key>
			<array>
				<string>A9B385FE1D7D51380065D3EC</string>
				<string>A9B386001D7D51380065D3EC</string>
			</array>
			<key>isa</key>
			<string>PBXGroup</string>
			<key>path</key>
			<string>vimojoTests</string>
			<key>sourceTree</key>
			<string>&lt;group&gt;</string>
		</dict>
		<key>A9B385FE1D7D51380065D3EC</key>
		<dict>
			<key>isa</key>
			<string>PBXFileReference</string>
			<key>lastKnownFileType</key>
			<string>sourcecode.swift</string>
			<key>path</key>
			<string>vimojoTests.swift</string>
			<key>sourceTree</key>
			<string>&lt;group&gt;</string>
		</dict>
		<key>A9B385FF1D7D51380065D3EC</key>
		<dict>
			<key>fileRef</key>
			<string>A9B385FE1D7D51380065D3EC</string>
			<key>isa</key>
			<string>PBXBuildFile</string>
		</dict>
		<key>A9B386001D7D51380065D3EC</key>
		<dict>
			<key>isa</key>
			<string>PBXFileReference</string>
			<key>lastKnownFileType</key>
			<string>text.plist.xml</string>
			<key>path</key>
			<string>Info.plist</string>
			<key>sourceTree</key>
			<string>&lt;group&gt;</string>
		</dict>
		<key>A9B386011D7D51380065D3EC</key>
		<dict>
			<key>buildSettings</key>
			<dict>
				<key>ALWAYS_SEARCH_USER_PATHS</key>
				<string>NO</string>
				<key>CLANG_ANALYZER_NONNULL</key>
				<string>YES</string>
				<key>CLANG_CXX_LANGUAGE_STANDARD</key>
				<string>gnu++0x</string>
				<key>CLANG_CXX_LIBRARY</key>
				<string>libc++</string>
				<key>CLANG_ENABLE_MODULES</key>
				<string>YES</string>
				<key>CLANG_ENABLE_OBJC_ARC</key>
				<string>YES</string>
				<key>CLANG_WARN_BOOL_CONVERSION</key>
				<string>YES</string>
				<key>CLANG_WARN_CONSTANT_CONVERSION</key>
				<string>YES</string>
				<key>CLANG_WARN_DIRECT_OBJC_ISA_USAGE</key>
				<string>YES_ERROR</string>
				<key>CLANG_WARN_EMPTY_BODY</key>
				<string>YES</string>
				<key>CLANG_WARN_ENUM_CONVERSION</key>
				<string>YES</string>
				<key>CLANG_WARN_INT_CONVERSION</key>
				<string>YES</string>
				<key>CLANG_WARN_OBJC_ROOT_CLASS</key>
				<string>YES_ERROR</string>
				<key>CLANG_WARN_UNREACHABLE_CODE</key>
				<string>YES</string>
				<key>CLANG_WARN__DUPLICATE_METHOD_MATCH</key>
				<string>YES</string>
				<key>CODE_SIGN_IDENTITY[sdk=iphoneos*]</key>
				<string>iPhone Developer</string>
				<key>COPY_PHASE_STRIP</key>
				<string>NO</string>
				<key>DEBUG_INFORMATION_FORMAT</key>
				<string>dwarf</string>
				<key>ENABLE_STRICT_OBJC_MSGSEND</key>
				<string>YES</string>
				<key>ENABLE_TESTABILITY</key>
				<string>YES</string>
				<key>GCC_C_LANGUAGE_STANDARD</key>
				<string>gnu99</string>
				<key>GCC_DYNAMIC_NO_PIC</key>
				<string>NO</string>
				<key>GCC_NO_COMMON_BLOCKS</key>
				<string>YES</string>
				<key>GCC_OPTIMIZATION_LEVEL</key>
				<string>0</string>
				<key>GCC_PREPROCESSOR_DEFINITIONS</key>
				<array>
					<string>DEBUG=1</string>
					<string>$(inherited)</string>
				</array>
				<key>GCC_WARN_64_TO_32_BIT_CONVERSION</key>
				<string>YES</string>
				<key>GCC_WARN_ABOUT_RETURN_TYPE</key>
				<string>YES_ERROR</string>
				<key>GCC_WARN_UNDECLARED_SELECTOR</key>
				<string>YES</string>
				<key>GCC_WARN_UNINITIALIZED_AUTOS</key>
				<string>YES_AGGRESSIVE</string>
				<key>GCC_WARN_UNUSED_FUNCTION</key>
				<string>YES</string>
				<key>GCC_WARN_UNUSED_VARIABLE</key>
				<string>YES</string>
				<key>IPHONEOS_DEPLOYMENT_TARGET</key>
				<string>9.3</string>
				<key>MTL_ENABLE_DEBUG_INFO</key>
				<string>YES</string>
				<key>ONLY_ACTIVE_ARCH</key>
				<string>YES</string>
				<key>SDKROOT</key>
				<string>iphoneos</string>
				<key>SWIFT_OPTIMIZATION_LEVEL</key>
				<string>-Onone</string>
				<key>TARGETED_DEVICE_FAMILY</key>
				<string>1,2</string>
			</dict>
			<key>isa</key>
			<string>XCBuildConfiguration</string>
			<key>name</key>
			<string>Debug</string>
		</dict>
		<key>A9B386021D7D51380065D3EC</key>
		<dict>
			<key>buildSettings</key>
			<dict>
				<key>ALWAYS_SEARCH_USER_PATHS</key>
				<string>NO</string>
				<key>CLANG_ANALYZER_NONNULL</key>
				<string>YES</string>
				<key>CLANG_CXX_LANGUAGE_STANDARD</key>
				<string>gnu++0x</string>
				<key>CLANG_CXX_LIBRARY</key>
				<string>libc++</string>
				<key>CLANG_ENABLE_MODULES</key>
				<string>YES</string>
				<key>CLANG_ENABLE_OBJC_ARC</key>
				<string>YES</string>
				<key>CLANG_WARN_BOOL_CONVERSION</key>
				<string>YES</string>
				<key>CLANG_WARN_CONSTANT_CONVERSION</key>
				<string>YES</string>
				<key>CLANG_WARN_DIRECT_OBJC_ISA_USAGE</key>
				<string>YES_ERROR</string>
				<key>CLANG_WARN_EMPTY_BODY</key>
				<string>YES</string>
				<key>CLANG_WARN_ENUM_CONVERSION</key>
				<string>YES</string>
				<key>CLANG_WARN_INT_CONVERSION</key>
				<string>YES</string>
				<key>CLANG_WARN_OBJC_ROOT_CLASS</key>
				<string>YES_ERROR</string>
				<key>CLANG_WARN_UNREACHABLE_CODE</key>
				<string>YES</string>
				<key>CLANG_WARN__DUPLICATE_METHOD_MATCH</key>
				<string>YES</string>
				<key>CODE_SIGN_IDENTITY[sdk=iphoneos*]</key>
				<string>iPhone Developer</string>
				<key>COPY_PHASE_STRIP</key>
				<string>NO</string>
				<key>DEBUG_INFORMATION_FORMAT</key>
				<string>dwarf-with-dsym</string>
				<key>ENABLE_NS_ASSERTIONS</key>
				<string>NO</string>
				<key>ENABLE_STRICT_OBJC_MSGSEND</key>
				<string>YES</string>
				<key>GCC_C_LANGUAGE_STANDARD</key>
				<string>gnu99</string>
				<key>GCC_NO_COMMON_BLOCKS</key>
				<string>YES</string>
				<key>GCC_WARN_64_TO_32_BIT_CONVERSION</key>
				<string>YES</string>
				<key>GCC_WARN_ABOUT_RETURN_TYPE</key>
				<string>YES_ERROR</string>
				<key>GCC_WARN_UNDECLARED_SELECTOR</key>
				<string>YES</string>
				<key>GCC_WARN_UNINITIALIZED_AUTOS</key>
				<string>YES_AGGRESSIVE</string>
				<key>GCC_WARN_UNUSED_FUNCTION</key>
				<string>YES</string>
				<key>GCC_WARN_UNUSED_VARIABLE</key>
				<string>YES</string>
				<key>IPHONEOS_DEPLOYMENT_TARGET</key>
				<string>9.3</string>
				<key>MTL_ENABLE_DEBUG_INFO</key>
				<string>NO</string>
				<key>SDKROOT</key>
				<string>iphoneos</string>
				<key>TARGETED_DEVICE_FAMILY</key>
				<string>1,2</string>
				<key>VALIDATE_PRODUCT</key>
				<string>YES</string>
			</dict>
			<key>isa</key>
			<string>XCBuildConfiguration</string>
			<key>name</key>
			<string>Release</string>
		</dict>
		<key>A9B386031D7D51380065D3EC</key>
		<dict>
			<key>buildConfigurations</key>
			<array>
				<string>A9B386041D7D51380065D3EC</string>
				<string>A9B386051D7D51380065D3EC</string>
			</array>
			<key>defaultConfigurationIsVisible</key>
			<string>0</string>
			<key>defaultConfigurationName</key>
			<string>Release</string>
			<key>isa</key>
			<string>XCConfigurationList</string>
		</dict>
		<key>A9B386041D7D51380065D3EC</key>
		<dict>
			<key>baseConfigurationReference</key>
			<string>70605131D71C674A720143E6</string>
			<key>buildSettings</key>
			<dict>
				<key>ASSETCATALOG_COMPILER_APPICON_NAME</key>
				<string>AppIcon</string>
				<key>CLANG_ENABLE_MODULES</key>
				<string>YES</string>
				<key>CODE_SIGN_IDENTITY[sdk=iphoneos*]</key>
				<string></string>
				<key>EMBEDDED_CONTENT_CONTAINS_SWIFT</key>
				<string>YES</string>
				<key>FRAMEWORK_SEARCH_PATHS</key>
				<array>
					<string>$(inherited)</string>
					<string>"${PODS_ROOT}/Crashlytics/iOS"</string>
					<string>"${PODS_ROOT}/Fabric/iOS"</string>
					<string>/Users/Alejandro/Desktop/Repos/Videona</string>
					<string>Frameworks/**</string>
					<string>/Users/Alejandro/Desktop/Repos/Videona</string>
					<string>Frameworks/SpaceOnDisk/**</string>
					<string>$(PROJECT_DIR)</string>
				</array>
				<key>INFOPLIST_FILE</key>
				<string>vimojo/Info.plist</string>
				<key>LD_RUNPATH_SEARCH_PATHS</key>
				<string>$(inherited) @executable_path/Frameworks</string>
				<key>PRODUCT_BUNDLE_IDENTIFIER</key>
				<string>com.videona.vimojo</string>
				<key>PRODUCT_NAME</key>
				<string>$(TARGET_NAME)</string>
				<key>PROVISIONING_PROFILE</key>
				<string>e86830c9-df8e-479e-b037-319e6d03d448</string>
				<key>SWIFT_OBJC_BRIDGING_HEADER</key>
				<string>vimojo/vimojo-Bridging-Header.h</string>
				<key>SWIFT_OPTIMIZATION_LEVEL</key>
				<string>-Onone</string>
			</dict>
			<key>isa</key>
			<string>XCBuildConfiguration</string>
			<key>name</key>
			<string>Debug</string>
		</dict>
		<key>A9B386051D7D51380065D3EC</key>
		<dict>
			<key>baseConfigurationReference</key>
			<string>6E783A889228FB8752389F73</string>
			<key>buildSettings</key>
			<dict>
				<key>ASSETCATALOG_COMPILER_APPICON_NAME</key>
				<string>AppIcon</string>
				<key>CLANG_ENABLE_MODULES</key>
				<string>YES</string>
				<key>CODE_SIGN_IDENTITY[sdk=iphoneos*]</key>
				<string></string>
				<key>EMBEDDED_CONTENT_CONTAINS_SWIFT</key>
				<string>YES</string>
				<key>FRAMEWORK_SEARCH_PATHS</key>
				<array>
					<string>$(inherited)</string>
					<string>"${PODS_ROOT}/Crashlytics/iOS"</string>
					<string>"${PODS_ROOT}/Fabric/iOS"</string>
					<string>/Users/Alejandro/Desktop/Repos/Videona</string>
					<string>Frameworks/**</string>
					<string>/Users/Alejandro/Desktop/Repos/Videona</string>
					<string>Frameworks/SpaceOnDisk/**</string>
					<string>$(PROJECT_DIR)</string>
				</array>
				<key>INFOPLIST_FILE</key>
				<string>vimojo/Info.plist</string>
				<key>LD_RUNPATH_SEARCH_PATHS</key>
				<string>$(inherited) @executable_path/Frameworks</string>
				<key>PRODUCT_BUNDLE_IDENTIFIER</key>
				<string>com.videona.vimojo</string>
				<key>PRODUCT_NAME</key>
				<string>$(TARGET_NAME)</string>
				<key>PROVISIONING_PROFILE</key>
				<string>e86830c9-df8e-479e-b037-319e6d03d448</string>
				<key>SWIFT_OBJC_BRIDGING_HEADER</key>
				<string>vimojo/vimojo-Bridging-Header.h</string>
			</dict>
			<key>isa</key>
			<string>XCBuildConfiguration</string>
			<key>name</key>
			<string>Release</string>
		</dict>
		<key>A9B386061D7D51380065D3EC</key>
		<dict>
			<key>buildConfigurations</key>
			<array>
				<string>A9B386071D7D51380065D3EC</string>
				<string>A9B386081D7D51380065D3EC</string>
			</array>
			<key>defaultConfigurationIsVisible</key>
			<string>0</string>
			<key>defaultConfigurationName</key>
			<string>Release</string>
			<key>isa</key>
			<string>XCConfigurationList</string>
		</dict>
		<key>A9B386071D7D51380065D3EC</key>
		<dict>
			<key>baseConfigurationReference</key>
			<string>D59F69C32D555170322AC7C3</string>
			<key>buildSettings</key>
			<dict>
				<key>BUNDLE_LOADER</key>
				<string>$(TEST_HOST)</string>
				<key>INFOPLIST_FILE</key>
				<string>vimojoTests/Info.plist</string>
				<key>LD_RUNPATH_SEARCH_PATHS</key>
				<string>$(inherited) @executable_path/Frameworks @loader_path/Frameworks</string>
				<key>PRODUCT_BUNDLE_IDENTIFIER</key>
				<string>com.videona.vimojoTests</string>
				<key>PRODUCT_NAME</key>
				<string>$(TARGET_NAME)</string>
				<key>TEST_HOST</key>
				<string>$(BUILT_PRODUCTS_DIR)/vimojo.app/vimojo</string>
			</dict>
			<key>isa</key>
			<string>XCBuildConfiguration</string>
			<key>name</key>
			<string>Debug</string>
		</dict>
		<key>A9B386081D7D51380065D3EC</key>
		<dict>
			<key>baseConfigurationReference</key>
			<string>EF602602B6EC5129C4287C5B</string>
			<key>buildSettings</key>
			<dict>
				<key>BUNDLE_LOADER</key>
				<string>$(TEST_HOST)</string>
				<key>INFOPLIST_FILE</key>
				<string>vimojoTests/Info.plist</string>
				<key>LD_RUNPATH_SEARCH_PATHS</key>
				<string>$(inherited) @executable_path/Frameworks @loader_path/Frameworks</string>
				<key>PRODUCT_BUNDLE_IDENTIFIER</key>
				<string>com.videona.vimojoTests</string>
				<key>PRODUCT_NAME</key>
				<string>$(TARGET_NAME)</string>
				<key>TEST_HOST</key>
				<string>$(BUILT_PRODUCTS_DIR)/vimojo.app/vimojo</string>
			</dict>
			<key>isa</key>
			<string>XCBuildConfiguration</string>
			<key>name</key>
			<string>Release</string>
		</dict>
		<key>A9B386171D7D51940065D3EC</key>
		<dict>
			<key>children</key>
			<array>
				<string>A9B385ED1D7D51380065D3EC</string>
				<string>A9B385F21D7D51380065D3EC</string>
			</array>
			<key>isa</key>
			<string>PBXGroup</string>
			<key>name</key>
			<string>StoryBoard</string>
			<key>sourceTree</key>
			<string>&lt;group&gt;</string>
		</dict>
		<key>A9B386181D7D519E0065D3EC</key>
		<dict>
			<key>children</key>
			<array>
				<string>A91760DD1D9147F1008915DA</string>
				<string>A91760DC1D9147ED008915DA</string>
				<string>A91760DB1D9147E9008915DA</string>
				<string>A91760D01D9146F4008915DA</string>
				<string>A9058DCC1D9035C80048F484</string>
				<string>A9058DBE1D90357A0048F484</string>
				<string>A93BCE401D7D598600421BD0</string>
				<string>A93BCE411D7D598B00421BD0</string>
			</array>
			<key>isa</key>
			<string>PBXGroup</string>
			<key>name</key>
			<string>Modules</string>
			<key>sourceTree</key>
			<string>&lt;group&gt;</string>
		</dict>
		<key>A9B386191D7D522A0065D3EC</key>
		<dict>
			<key>children</key>
			<array>
				<string>A9B3861B1D7D52370065D3EC</string>
				<string>A9B3861A1D7D52310065D3EC</string>
			</array>
			<key>isa</key>
			<string>PBXGroup</string>
			<key>name</key>
			<string>App Logic</string>
			<key>sourceTree</key>
			<string>&lt;group&gt;</string>
		</dict>
		<key>A9B3861A1D7D52310065D3EC</key>
		<dict>
			<key>children</key>
			<array>
				<string>A9B3862A1D7D531B0065D3EC</string>
			</array>
			<key>isa</key>
			<string>PBXGroup</string>
			<key>name</key>
			<string>Model</string>
			<key>sourceTree</key>
			<string>&lt;group&gt;</string>
		</dict>
		<key>A9B3861B1D7D52370065D3EC</key>
		<dict>
			<key>children</key>
			<array>
				<string>A9B3862C1D7D53230065D3EC</string>
				<string>A9B3862D1D7D53230065D3EC</string>
				<string>A9B3862E1D7D53230065D3EC</string>
				<string>A9B3862F1D7D53230065D3EC</string>
				<string>A9B386501D7D53C60065D3EC</string>
				<string>A9B386471D7D53A90065D3EC</string>
				<string>A9B386461D7D539D0065D3EC</string>
				<string>A9B386431D7D538E0065D3EC</string>
				<string>A9B3863E1D7D537C0065D3EC</string>
				<string>A9B3863B1D7D536A0065D3EC</string>
				<string>A9B386351D7D53350065D3EC</string>
			</array>
			<key>isa</key>
			<string>PBXGroup</string>
			<key>name</key>
			<string>Interactor</string>
			<key>sourceTree</key>
			<string>&lt;group&gt;</string>
		</dict>
		<key>A9B3861C1D7D523F0065D3EC</key>
		<dict>
			<key>children</key>
			<array>
				<string>A9B3861E1D7D52540065D3EC</string>
				<string>A9B3861D1D7D524E0065D3EC</string>
				<string>A9B3861F1D7D525C0065D3EC</string>
			</array>
			<key>isa</key>
			<string>PBXGroup</string>
			<key>name</key>
			<string>User Interface</string>
			<key>sourceTree</key>
			<string>&lt;group&gt;</string>
		</dict>
		<key>A9B3861D1D7D524E0065D3EC</key>
		<dict>
			<key>children</key>
			<array>
				<string>A9B386201D7D52E30065D3EC</string>
				<string>A9B386211D7D52E30065D3EC</string>
			</array>
			<key>isa</key>
			<string>PBXGroup</string>
			<key>name</key>
			<string>Presenter</string>
			<key>sourceTree</key>
			<string>&lt;group&gt;</string>
		</dict>
		<key>A9B3861E1D7D52540065D3EC</key>
		<dict>
			<key>children</key>
			<array>
				<string>A9B386241D7D52EA0065D3EC</string>
			</array>
			<key>isa</key>
			<string>PBXGroup</string>
			<key>name</key>
			<string>View</string>
			<key>sourceTree</key>
			<string>&lt;group&gt;</string>
		</dict>
		<key>A9B3861F1D7D525C0065D3EC</key>
		<dict>
			<key>children</key>
			<array>
				<string>A9B386281D7D52F40065D3EC</string>
			</array>
			<key>isa</key>
			<string>PBXGroup</string>
			<key>name</key>
			<string>Wireframe</string>
			<key>sourceTree</key>
			<string>&lt;group&gt;</string>
		</dict>
		<key>A9B386201D7D52E30065D3EC</key>
		<dict>
			<key>fileEncoding</key>
			<string>4</string>
			<key>isa</key>
			<string>PBXFileReference</string>
			<key>lastKnownFileType</key>
			<string>sourcecode.swift</string>
			<key>path</key>
			<string>RecordPresenter.swift</string>
			<key>sourceTree</key>
			<string>&lt;group&gt;</string>
		</dict>
		<key>A9B386211D7D52E30065D3EC</key>
		<dict>
			<key>fileEncoding</key>
			<string>4</string>
			<key>isa</key>
			<string>PBXFileReference</string>
			<key>lastKnownFileType</key>
			<string>sourcecode.swift</string>
			<key>path</key>
			<string>RecordPresenterInterfaceIO.swift</string>
			<key>sourceTree</key>
			<string>&lt;group&gt;</string>
		</dict>
		<key>A9B386221D7D52E30065D3EC</key>
		<dict>
			<key>fileRef</key>
			<string>A9B386201D7D52E30065D3EC</string>
			<key>isa</key>
			<string>PBXBuildFile</string>
		</dict>
		<key>A9B386231D7D52E30065D3EC</key>
		<dict>
			<key>fileRef</key>
			<string>A9B386211D7D52E30065D3EC</string>
			<key>isa</key>
			<string>PBXBuildFile</string>
		</dict>
		<key>A9B386241D7D52EA0065D3EC</key>
		<dict>
			<key>fileEncoding</key>
			<string>4</string>
			<key>isa</key>
			<string>PBXFileReference</string>
			<key>lastKnownFileType</key>
			<string>sourcecode.swift</string>
			<key>path</key>
			<string>RecordController.swift</string>
			<key>sourceTree</key>
			<string>&lt;group&gt;</string>
		</dict>
		<key>A9B386261D7D52EA0065D3EC</key>
		<dict>
			<key>fileRef</key>
			<string>A9B386241D7D52EA0065D3EC</string>
			<key>isa</key>
			<string>PBXBuildFile</string>
		</dict>
		<key>A9B386281D7D52F40065D3EC</key>
		<dict>
			<key>fileEncoding</key>
			<string>4</string>
			<key>isa</key>
			<string>PBXFileReference</string>
			<key>lastKnownFileType</key>
			<string>sourcecode.swift</string>
			<key>path</key>
			<string>RecordWireframe.swift</string>
			<key>sourceTree</key>
			<string>&lt;group&gt;</string>
		</dict>
		<key>A9B386291D7D52F40065D3EC</key>
		<dict>
			<key>fileRef</key>
			<string>A9B386281D7D52F40065D3EC</string>
			<key>isa</key>
			<string>PBXBuildFile</string>
		</dict>
		<key>A9B3862A1D7D531B0065D3EC</key>
		<dict>
			<key>fileEncoding</key>
			<string>4</string>
			<key>isa</key>
			<string>PBXFileReference</string>
			<key>lastKnownFileType</key>
			<string>sourcecode.swift</string>
			<key>path</key>
			<string>RecorderConstants.swift</string>
			<key>sourceTree</key>
			<string>&lt;group&gt;</string>
		</dict>
		<key>A9B3862B1D7D531B0065D3EC</key>
		<dict>
			<key>fileRef</key>
			<string>A9B3862A1D7D531B0065D3EC</string>
			<key>isa</key>
			<string>PBXBuildFile</string>
		</dict>
		<key>A9B3862C1D7D53230065D3EC</key>
		<dict>
			<key>fileEncoding</key>
			<string>4</string>
			<key>isa</key>
			<string>PBXFileReference</string>
			<key>lastKnownFileType</key>
			<string>sourcecode.swift</string>
			<key>path</key>
			<string>RecorderInteractorInterface.swift</string>
			<key>sourceTree</key>
			<string>&lt;group&gt;</string>
		</dict>
		<key>A9B3862D1D7D53230065D3EC</key>
		<dict>
			<key>fileEncoding</key>
			<string>4</string>
			<key>isa</key>
			<string>PBXFileReference</string>
			<key>lastKnownFileType</key>
			<string>sourcecode.swift</string>
			<key>path</key>
			<string>RecorderInteractor.swift</string>
			<key>sourceTree</key>
			<string>&lt;group&gt;</string>
		</dict>
		<key>A9B3862E1D7D53230065D3EC</key>
		<dict>
			<key>fileEncoding</key>
			<string>4</string>
			<key>isa</key>
			<string>PBXFileReference</string>
			<key>lastKnownFileType</key>
			<string>sourcecode.swift</string>
			<key>path</key>
			<string>CameraInteractor.swift</string>
			<key>sourceTree</key>
			<string>&lt;group&gt;</string>
		</dict>
		<key>A9B3862F1D7D53230065D3EC</key>
		<dict>
			<key>fileEncoding</key>
			<string>4</string>
			<key>isa</key>
			<string>PBXFileReference</string>
			<key>lastKnownFileType</key>
			<string>sourcecode.swift</string>
			<key>path</key>
			<string>CameraInteractorInterface.swift</string>
			<key>sourceTree</key>
			<string>&lt;group&gt;</string>
		</dict>
		<key>A9B386301D7D53230065D3EC</key>
		<dict>
			<key>fileRef</key>
			<string>A9B3862C1D7D53230065D3EC</string>
			<key>isa</key>
			<string>PBXBuildFile</string>
		</dict>
		<key>A9B386311D7D53230065D3EC</key>
		<dict>
			<key>fileRef</key>
			<string>A9B3862D1D7D53230065D3EC</string>
			<key>isa</key>
			<string>PBXBuildFile</string>
		</dict>
		<key>A9B386321D7D53230065D3EC</key>
		<dict>
			<key>fileRef</key>
			<string>A9B3862E1D7D53230065D3EC</string>
			<key>isa</key>
			<string>PBXBuildFile</string>
		</dict>
		<key>A9B386331D7D53230065D3EC</key>
		<dict>
			<key>fileRef</key>
			<string>A9B3862F1D7D53230065D3EC</string>
			<key>isa</key>
			<string>PBXBuildFile</string>
		</dict>
		<key>A9B386351D7D53350065D3EC</key>
		<dict>
			<key>children</key>
			<array>
				<string>A9B386361D7D53450065D3EC</string>
				<string>A9B386371D7D53450065D3EC</string>
			</array>
			<key>isa</key>
			<string>PBXGroup</string>
			<key>name</key>
			<string>CustomAlbum</string>
			<key>sourceTree</key>
			<string>&lt;group&gt;</string>
		</dict>
		<key>A9B386361D7D53450065D3EC</key>
		<dict>
			<key>fileEncoding</key>
			<string>4</string>
			<key>isa</key>
			<string>PBXFileReference</string>
			<key>lastKnownFileType</key>
			<string>sourcecode.swift</string>
			<key>path</key>
			<string>ClipsAlbum.swift</string>
			<key>sourceTree</key>
			<string>&lt;group&gt;</string>
		</dict>
		<key>A9B386371D7D53450065D3EC</key>
		<dict>
			<key>fileEncoding</key>
			<string>4</string>
			<key>isa</key>
			<string>PBXFileReference</string>
			<key>lastKnownFileType</key>
			<string>sourcecode.swift</string>
			<key>path</key>
			<string>ExportedAlbum.swift</string>
			<key>sourceTree</key>
			<string>&lt;group&gt;</string>
		</dict>
		<key>A9B386381D7D53450065D3EC</key>
		<dict>
			<key>fileRef</key>
			<string>A9B386361D7D53450065D3EC</string>
			<key>isa</key>
			<string>PBXBuildFile</string>
		</dict>
		<key>A9B386391D7D53450065D3EC</key>
		<dict>
			<key>fileRef</key>
			<string>A9B386371D7D53450065D3EC</string>
			<key>isa</key>
			<string>PBXBuildFile</string>
		</dict>
		<key>A9B3863B1D7D536A0065D3EC</key>
		<dict>
			<key>children</key>
			<array>
				<string>A9B3863C1D7D53740065D3EC</string>
			</array>
			<key>isa</key>
			<string>PBXGroup</string>
			<key>name</key>
			<string>Thumbnail</string>
			<key>sourceTree</key>
			<string>&lt;group&gt;</string>
		</dict>
		<key>A9B3863C1D7D53740065D3EC</key>
		<dict>
			<key>fileEncoding</key>
			<string>4</string>
			<key>isa</key>
			<string>PBXFileReference</string>
			<key>lastKnownFileType</key>
			<string>sourcecode.swift</string>
			<key>path</key>
			<string>ThumbnailInteractor.swift</string>
			<key>sourceTree</key>
			<string>&lt;group&gt;</string>
		</dict>
		<key>A9B3863D1D7D53740065D3EC</key>
		<dict>
			<key>fileRef</key>
			<string>A9B3863C1D7D53740065D3EC</string>
			<key>isa</key>
			<string>PBXBuildFile</string>
		</dict>
		<key>A9B3863E1D7D537C0065D3EC</key>
		<dict>
			<key>children</key>
			<array>
				<string>A9B3863F1D7D53880065D3EC</string>
				<string>A9B386401D7D53880065D3EC</string>
			</array>
			<key>isa</key>
			<string>PBXGroup</string>
			<key>name</key>
			<string>Timer</string>
			<key>sourceTree</key>
			<string>&lt;group&gt;</string>
		</dict>
		<key>A9B3863F1D7D53880065D3EC</key>
		<dict>
			<key>fileEncoding</key>
			<string>4</string>
			<key>isa</key>
			<string>PBXFileReference</string>
			<key>lastKnownFileType</key>
			<string>sourcecode.swift</string>
			<key>path</key>
			<string>TimerInteractor.swift</string>
			<key>sourceTree</key>
			<string>&lt;group&gt;</string>
		</dict>
		<key>A9B386401D7D53880065D3EC</key>
		<dict>
			<key>fileEncoding</key>
			<string>4</string>
			<key>isa</key>
			<string>PBXFileReference</string>
			<key>lastKnownFileType</key>
			<string>sourcecode.swift</string>
			<key>path</key>
			<string>TimerInteractorInterface.swift</string>
			<key>sourceTree</key>
			<string>&lt;group&gt;</string>
		</dict>
		<key>A9B386411D7D53880065D3EC</key>
		<dict>
			<key>fileRef</key>
			<string>A9B3863F1D7D53880065D3EC</string>
			<key>isa</key>
			<string>PBXBuildFile</string>
		</dict>
		<key>A9B386421D7D53880065D3EC</key>
		<dict>
			<key>fileRef</key>
			<string>A9B386401D7D53880065D3EC</string>
			<key>isa</key>
			<string>PBXBuildFile</string>
		</dict>
		<key>A9B386431D7D538E0065D3EC</key>
		<dict>
			<key>children</key>
			<array>
				<string>A9B386441D7D53960065D3EC</string>
			</array>
			<key>isa</key>
			<string>PBXGroup</string>
			<key>name</key>
			<string>Flash</string>
			<key>sourceTree</key>
			<string>&lt;group&gt;</string>
		</dict>
		<key>A9B386441D7D53960065D3EC</key>
		<dict>
			<key>fileEncoding</key>
			<string>4</string>
			<key>isa</key>
			<string>PBXFileReference</string>
			<key>lastKnownFileType</key>
			<string>sourcecode.swift</string>
			<key>path</key>
			<string>FlashInteractor.swift</string>
			<key>sourceTree</key>
			<string>&lt;group&gt;</string>
		</dict>
		<key>A9B386451D7D53960065D3EC</key>
		<dict>
			<key>fileRef</key>
			<string>A9B386441D7D53960065D3EC</string>
			<key>isa</key>
			<string>PBXBuildFile</string>
		</dict>
		<key>A9B386461D7D539D0065D3EC</key>
		<dict>
			<key>children</key>
			<array>
				<string>A9B3864A1D7D53BA0065D3EC</string>
				<string>A9B3864B1D7D53BA0065D3EC</string>
				<string>A9B3864C1D7D53BA0065D3EC</string>
			</array>
			<key>isa</key>
			<string>PBXGroup</string>
			<key>name</key>
			<string>Filters Interactor</string>
			<key>sourceTree</key>
			<string>&lt;group&gt;</string>
		</dict>
		<key>A9B386471D7D53A90065D3EC</key>
		<dict>
			<key>children</key>
			<array>
				<string>A9B386481D7D53B20065D3EC</string>
			</array>
			<key>isa</key>
			<string>PBXGroup</string>
			<key>name</key>
			<string>Exporter interactor</string>
			<key>sourceTree</key>
			<string>&lt;group&gt;</string>
		</dict>
		<key>A9B386481D7D53B20065D3EC</key>
		<dict>
			<key>fileEncoding</key>
			<string>4</string>
			<key>isa</key>
			<string>PBXFileReference</string>
			<key>lastKnownFileType</key>
			<string>sourcecode.swift</string>
			<key>path</key>
			<string>ExporterInteractor.swift</string>
			<key>sourceTree</key>
			<string>&lt;group&gt;</string>
		</dict>
		<key>A9B386491D7D53B20065D3EC</key>
		<dict>
			<key>fileRef</key>
			<string>A9B386481D7D53B20065D3EC</string>
			<key>isa</key>
			<string>PBXBuildFile</string>
		</dict>
		<key>A9B3864A1D7D53BA0065D3EC</key>
		<dict>
			<key>fileEncoding</key>
			<string>4</string>
			<key>isa</key>
			<string>PBXFileReference</string>
			<key>lastKnownFileType</key>
			<string>sourcecode.swift</string>
			<key>path</key>
			<string>AddFilterInteractor.swift</string>
			<key>sourceTree</key>
			<string>&lt;group&gt;</string>
		</dict>
		<key>A9B3864B1D7D53BA0065D3EC</key>
		<dict>
			<key>fileEncoding</key>
			<string>4</string>
			<key>isa</key>
			<string>PBXFileReference</string>
			<key>lastKnownFileType</key>
			<string>sourcecode.swift</string>
			<key>path</key>
			<string>RemoveFilterInteractor.swift</string>
			<key>sourceTree</key>
			<string>&lt;group&gt;</string>
		</dict>
		<key>A9B3864C1D7D53BA0065D3EC</key>
		<dict>
			<key>fileEncoding</key>
			<string>4</string>
			<key>isa</key>
			<string>PBXFileReference</string>
			<key>lastKnownFileType</key>
			<string>sourcecode.swift</string>
			<key>path</key>
			<string>ChangeFilterInteractor.swift</string>
			<key>sourceTree</key>
			<string>&lt;group&gt;</string>
		</dict>
		<key>A9B3864D1D7D53BA0065D3EC</key>
		<dict>
			<key>fileRef</key>
			<string>A9B3864A1D7D53BA0065D3EC</string>
			<key>isa</key>
			<string>PBXBuildFile</string>
		</dict>
		<key>A9B3864E1D7D53BA0065D3EC</key>
		<dict>
			<key>fileRef</key>
			<string>A9B3864B1D7D53BA0065D3EC</string>
			<key>isa</key>
			<string>PBXBuildFile</string>
		</dict>
		<key>A9B3864F1D7D53BA0065D3EC</key>
		<dict>
			<key>fileRef</key>
			<string>A9B3864C1D7D53BA0065D3EC</string>
			<key>isa</key>
			<string>PBXBuildFile</string>
		</dict>
		<key>A9B386501D7D53C60065D3EC</key>
		<dict>
			<key>children</key>
			<array>
				<string>A9B386511D7D53D10065D3EC</string>
				<string>A9B386521D7D53D10065D3EC</string>
			</array>
			<key>isa</key>
			<string>PBXGroup</string>
			<key>name</key>
			<string>Recorder interactor</string>
			<key>sourceTree</key>
			<string>&lt;group&gt;</string>
		</dict>
		<key>A9B386511D7D53D10065D3EC</key>
		<dict>
			<key>fileEncoding</key>
			<string>4</string>
			<key>isa</key>
			<string>PBXFileReference</string>
			<key>lastKnownFileType</key>
			<string>sourcecode.swift</string>
			<key>path</key>
			<string>CameraRecorderInteractor.swift</string>
			<key>sourceTree</key>
			<string>&lt;group&gt;</string>
		</dict>
		<key>A9B386521D7D53D10065D3EC</key>
		<dict>
			<key>fileEncoding</key>
			<string>4</string>
			<key>isa</key>
			<string>PBXFileReference</string>
			<key>lastKnownFileType</key>
			<string>sourcecode.swift</string>
			<key>path</key>
			<string>CameraRecorderInterface.swift</string>
			<key>sourceTree</key>
			<string>&lt;group&gt;</string>
		</dict>
		<key>A9B386531D7D53D10065D3EC</key>
		<dict>
			<key>fileRef</key>
			<string>A9B386511D7D53D10065D3EC</string>
			<key>isa</key>
			<string>PBXBuildFile</string>
		</dict>
		<key>A9B386541D7D53D10065D3EC</key>
		<dict>
			<key>fileRef</key>
			<string>A9B386521D7D53D10065D3EC</string>
			<key>isa</key>
			<string>PBXBuildFile</string>
		</dict>
		<key>A9B386551D7D54CF0065D3EC</key>
		<dict>
			<key>fileEncoding</key>
			<string>4</string>
			<key>isa</key>
			<string>PBXFileReference</string>
			<key>lastKnownFileType</key>
			<string>sourcecode.swift</string>
			<key>path</key>
			<string>AppDependencies.swift</string>
			<key>sourceTree</key>
			<string>&lt;group&gt;</string>
		</dict>
		<key>A9B386561D7D54CF0065D3EC</key>
		<dict>
			<key>fileRef</key>
			<string>A9B386551D7D54CF0065D3EC</string>
			<key>isa</key>
			<string>PBXBuildFile</string>
		</dict>
		<key>A9B386571D7D551A0065D3EC</key>
		<dict>
			<key>fileEncoding</key>
			<string>4</string>
			<key>isa</key>
			<string>PBXFileReference</string>
			<key>lastKnownFileType</key>
			<string>sourcecode.swift</string>
			<key>name</key>
			<string>Utils.swift</string>
			<key>path</key>
			<string>../../VideonaiOS/Videona/Videona/Utils.swift</string>
			<key>sourceTree</key>
			<string>&lt;group&gt;</string>
		</dict>
		<key>A9B386581D7D551A0065D3EC</key>
		<dict>
			<key>fileRef</key>
			<string>A9B386571D7D551A0065D3EC</string>
			<key>isa</key>
			<string>PBXBuildFile</string>
		</dict>
		<key>A9B386591D7D55340065D3EC</key>
		<dict>
			<key>fileEncoding</key>
			<string>4</string>
			<key>isa</key>
			<string>PBXFileReference</string>
			<key>lastKnownFileType</key>
			<string>sourcecode.swift</string>
			<key>path</key>
			<string>RootWireframe.swift</string>
			<key>sourceTree</key>
			<string>&lt;group&gt;</string>
		</dict>
		<key>A9B3865A1D7D55340065D3EC</key>
		<dict>
			<key>fileRef</key>
			<string>A9B386591D7D55340065D3EC</string>
			<key>isa</key>
			<string>PBXBuildFile</string>
		</dict>
		<key>A9B3865B1D7D55440065D3EC</key>
		<dict>
			<key>children</key>
			<array>
				<string>A93BCE591D7D7A0700421BD0</string>
				<string>A93BCE541D7D792300421BD0</string>
				<string>A93BCE491D7D5C6B00421BD0</string>
				<string>A9B3865C1D7D554E0065D3EC</string>
			</array>
			<key>isa</key>
			<string>PBXGroup</string>
			<key>name</key>
			<string>Common</string>
			<key>sourceTree</key>
			<string>&lt;group&gt;</string>
		</dict>
		<key>A9B3865C1D7D554E0065D3EC</key>
		<dict>
			<key>children</key>
			<array>
				<string>A9B3865D1D7D55660065D3EC</string>
				<string>A9B3865E1D7D55660065D3EC</string>
				<string>A9B386591D7D55340065D3EC</string>
			</array>
			<key>isa</key>
			<string>PBXGroup</string>
			<key>name</key>
			<string>ViMoJo as Module</string>
			<key>sourceTree</key>
			<string>&lt;group&gt;</string>
		</dict>
		<key>A9B3865D1D7D55660065D3EC</key>
		<dict>
			<key>fileEncoding</key>
			<string>4</string>
			<key>isa</key>
			<string>PBXFileReference</string>
			<key>lastKnownFileType</key>
			<string>sourcecode.swift</string>
			<key>path</key>
			<string>ViMoJoController.swift</string>
			<key>sourceTree</key>
			<string>&lt;group&gt;</string>
		</dict>
		<key>A9B3865E1D7D55660065D3EC</key>
		<dict>
			<key>fileEncoding</key>
			<string>4</string>
			<key>isa</key>
			<string>PBXFileReference</string>
			<key>lastKnownFileType</key>
			<string>sourcecode.swift</string>
			<key>path</key>
			<string>ViMoJoInterface.swift</string>
			<key>sourceTree</key>
			<string>&lt;group&gt;</string>
		</dict>
		<key>A9B3865F1D7D55660065D3EC</key>
		<dict>
			<key>fileRef</key>
			<string>A9B3865D1D7D55660065D3EC</string>
			<key>isa</key>
			<string>PBXBuildFile</string>
		</dict>
		<key>A9B386601D7D55660065D3EC</key>
		<dict>
			<key>fileRef</key>
			<string>A9B3865E1D7D55660065D3EC</string>
			<key>isa</key>
			<string>PBXBuildFile</string>
		</dict>
		<key>C8DA1259F81B84B2DEB8EFE0</key>
		<dict>
			<key>buildActionMask</key>
			<string>2147483647</string>
			<key>files</key>
			<array/>
			<key>inputPaths</key>
			<array/>
			<key>isa</key>
			<string>PBXShellScriptBuildPhase</string>
			<key>name</key>
			<string>[CP] Copy Pods Resources</string>
			<key>outputPaths</key>
			<array/>
			<key>runOnlyForDeploymentPostprocessing</key>
			<string>0</string>
			<key>shellPath</key>
			<string>/bin/sh</string>
			<key>shellScript</key>
			<string>"${SRCROOT}/Pods/Target Support Files/Pods-vimojo/Pods-vimojo-resources.sh"
</string>
			<key>showEnvVarsInLog</key>
			<string>0</string>
		</dict>
		<key>D59F69C32D555170322AC7C3</key>
		<dict>
			<key>includeInIndex</key>
			<string>1</string>
			<key>isa</key>
			<string>PBXFileReference</string>
			<key>lastKnownFileType</key>
			<string>text.xcconfig</string>
			<key>name</key>
			<string>Pods-vimojoTests.debug.xcconfig</string>
			<key>path</key>
			<string>Pods/Target Support Files/Pods-vimojoTests/Pods-vimojoTests.debug.xcconfig</string>
			<key>sourceTree</key>
			<string>&lt;group&gt;</string>
		</dict>
		<key>EF602602B6EC5129C4287C5B</key>
		<dict>
			<key>includeInIndex</key>
			<string>1</string>
			<key>isa</key>
			<string>PBXFileReference</string>
			<key>lastKnownFileType</key>
			<string>text.xcconfig</string>
			<key>name</key>
			<string>Pods-vimojoTests.release.xcconfig</string>
			<key>path</key>
			<string>Pods/Target Support Files/Pods-vimojoTests/Pods-vimojoTests.release.xcconfig</string>
			<key>sourceTree</key>
			<string>&lt;group&gt;</string>
		</dict>
		<key>FF3D1A8095DE821DACBDB7A4</key>
		<dict>
			<key>buildActionMask</key>
			<string>2147483647</string>
			<key>files</key>
			<array/>
			<key>inputPaths</key>
			<array/>
			<key>isa</key>
			<string>PBXShellScriptBuildPhase</string>
			<key>name</key>
			<string>[CP] Embed Pods Frameworks</string>
			<key>outputPaths</key>
			<array/>
			<key>runOnlyForDeploymentPostprocessing</key>
			<string>0</string>
			<key>shellPath</key>
			<string>/bin/sh</string>
			<key>shellScript</key>
			<string>"${SRCROOT}/Pods/Target Support Files/Pods-vimojoTests/Pods-vimojoTests-frameworks.sh"
</string>
			<key>showEnvVarsInLog</key>
			<string>0</string>
		</dict>
	</dict>
	<key>rootObject</key>
	<string>A9B385DE1D7D51380065D3EC</string>
</dict>
</plist>
