// !$*UTF8*$!
{
	archiveVersion = 1;
	classes = {
	};
	objectVersion = 46;
	objects = {

/* Begin PBXBuildFile section */
		37B0E05FB42EBAC14FB65AB6 /* Pods_vimojoTests.framework in Frameworks */ = {isa = PBXBuildFile; fileRef = A52096C0BD62E16E8E40041F /* Pods_vimojoTests.framework */; };
		A91760901D9143D1008915DA /* Editor.strings in Resources */ = {isa = PBXBuildFile; fileRef = A917608F1D9143D1008915DA /* Editor.strings */; };
		A91760A81D9146B5008915DA /* EditingRoomInteractor.swift in Sources */ = {isa = PBXBuildFile; fileRef = A91760A11D9146B5008915DA /* EditingRoomInteractor.swift */; };
		A91760A91D9146B5008915DA /* EditingRoomInteractorInterface.swift in Sources */ = {isa = PBXBuildFile; fileRef = A91760A21D9146B5008915DA /* EditingRoomInteractorInterface.swift */; };
		A91760AA1D9146B5008915DA /* EditingRoomPresenter.swift in Sources */ = {isa = PBXBuildFile; fileRef = A91760A31D9146B5008915DA /* EditingRoomPresenter.swift */; };
		A91760AB1D9146B5008915DA /* EditingRoomPresenterInterface.swift in Sources */ = {isa = PBXBuildFile; fileRef = A91760A41D9146B5008915DA /* EditingRoomPresenterInterface.swift */; };
		A91760AC1D9146B5008915DA /* EditingRoomViewController.swift in Sources */ = {isa = PBXBuildFile; fileRef = A91760A51D9146B5008915DA /* EditingRoomViewController.swift */; };
		A91760AD1D9146B5008915DA /* EditingRoomViewInterface.swift in Sources */ = {isa = PBXBuildFile; fileRef = A91760A61D9146B5008915DA /* EditingRoomViewInterface.swift */; };
		A91760AE1D9146B5008915DA /* EditingRoomWireframe.swift in Sources */ = {isa = PBXBuildFile; fileRef = A91760A71D9146B5008915DA /* EditingRoomWireframe.swift */; };
		A91760B91D9146BF008915DA /* EditorClipsCell.swift in Sources */ = {isa = PBXBuildFile; fileRef = A91760AF1D9146BF008915DA /* EditorClipsCell.swift */; };
		A91760BA1D9146BF008915DA /* EditorInteractor.swift in Sources */ = {isa = PBXBuildFile; fileRef = A91760B01D9146BF008915DA /* EditorInteractor.swift */; };
		A91760BB1D9146BF008915DA /* EditorInteractorInterface.swift in Sources */ = {isa = PBXBuildFile; fileRef = A91760B11D9146BF008915DA /* EditorInteractorInterface.swift */; };
		A91760BC1D9146BF008915DA /* EditorPresenter.swift in Sources */ = {isa = PBXBuildFile; fileRef = A91760B21D9146BF008915DA /* EditorPresenter.swift */; };
		A91760BD1D9146BF008915DA /* EditorPresenterInterface.swift in Sources */ = {isa = PBXBuildFile; fileRef = A91760B31D9146BF008915DA /* EditorPresenterInterface.swift */; };
		A91760BE1D9146BF008915DA /* EditorTextConstants.swift in Sources */ = {isa = PBXBuildFile; fileRef = A91760B41D9146BF008915DA /* EditorTextConstants.swift */; };
		A91760BF1D9146BF008915DA /* EditorViewController.swift in Sources */ = {isa = PBXBuildFile; fileRef = A91760B51D9146BF008915DA /* EditorViewController.swift */; };
		A91760C01D9146BF008915DA /* EditorViewInterface.swift in Sources */ = {isa = PBXBuildFile; fileRef = A91760B61D9146BF008915DA /* EditorViewInterface.swift */; };
		A91760C11D9146BF008915DA /* EditorWireframe.swift in Sources */ = {isa = PBXBuildFile; fileRef = A91760B71D9146BF008915DA /* EditorWireframe.swift */; };
		A91760C21D9146BF008915DA /* ThumbnailListInteractor.swift in Sources */ = {isa = PBXBuildFile; fileRef = A91760B81D9146BF008915DA /* ThumbnailListInteractor.swift */; };
		A91760D61D9146FE008915DA /* FullScreenPlayerInterface.swift in Sources */ = {isa = PBXBuildFile; fileRef = A91760D11D9146FE008915DA /* FullScreenPlayerInterface.swift */; };
		A91760D71D9146FE008915DA /* FullScreenPlayerPresenter.swift in Sources */ = {isa = PBXBuildFile; fileRef = A91760D21D9146FE008915DA /* FullScreenPlayerPresenter.swift */; };
		A91760D81D9146FE008915DA /* FullScreenPlayerPresenterInterface.swift in Sources */ = {isa = PBXBuildFile; fileRef = A91760D31D9146FE008915DA /* FullScreenPlayerPresenterInterface.swift */; };
		A91760D91D9146FE008915DA /* FullScreenPlayerViewController.swift in Sources */ = {isa = PBXBuildFile; fileRef = A91760D41D9146FE008915DA /* FullScreenPlayerViewController.swift */; };
		A91760DA1D9146FE008915DA /* FullScreenPlayerWireframe.swift in Sources */ = {isa = PBXBuildFile; fileRef = A91760D51D9146FE008915DA /* FullScreenPlayerWireframe.swift */; };
		A91760E01D914827008915DA /* TrimViewController.swift in Sources */ = {isa = PBXBuildFile; fileRef = A91760DE1D914827008915DA /* TrimViewController.swift */; };
		A91760E11D914827008915DA /* TrimWireframe.swift in Sources */ = {isa = PBXBuildFile; fileRef = A91760DF1D914827008915DA /* TrimWireframe.swift */; };
		A91760E51D914835008915DA /* DuplicateViewController.swift in Sources */ = {isa = PBXBuildFile; fileRef = A91760E21D914835008915DA /* DuplicateViewController.swift */; };
		A91760E61D914835008915DA /* DuplicateInterface.swift in Sources */ = {isa = PBXBuildFile; fileRef = A91760E31D914835008915DA /* DuplicateInterface.swift */; };
		A91760E71D914835008915DA /* DuplicateWireframe.swift in Sources */ = {isa = PBXBuildFile; fileRef = A91760E41D914835008915DA /* DuplicateWireframe.swift */; };
		A91760EB1D914840008915DA /* SplitViewInterface.swift in Sources */ = {isa = PBXBuildFile; fileRef = A91760E81D914840008915DA /* SplitViewInterface.swift */; };
		A91760EC1D914840008915DA /* SplitViewController.swift in Sources */ = {isa = PBXBuildFile; fileRef = A91760E91D914840008915DA /* SplitViewController.swift */; };
		A91760ED1D914840008915DA /* SplitWireframe.swift in Sources */ = {isa = PBXBuildFile; fileRef = A91760EA1D914840008915DA /* SplitWireframe.swift */; };
		A91761111D916F48008915DA /* Share.strings in Resources */ = {isa = PBXBuildFile; fileRef = A91760FC1D916F48008915DA /* Share.strings */; };
		A91761121D916F48008915DA /* ShareCell.swift in Sources */ = {isa = PBXBuildFile; fileRef = A91760FD1D916F48008915DA /* ShareCell.swift */; };
		A91761131D916F48008915DA /* ShareCell.xib in Resources */ = {isa = PBXBuildFile; fileRef = A91760FE1D916F48008915DA /* ShareCell.xib */; };
		A91761141D916F48008915DA /* ShareConstants.swift in Sources */ = {isa = PBXBuildFile; fileRef = A91760FF1D916F48008915DA /* ShareConstants.swift */; };
		A91761151D916F48008915DA /* ShareFacebookInteractor.swift in Sources */ = {isa = PBXBuildFile; fileRef = A91761001D916F48008915DA /* ShareFacebookInteractor.swift */; };
		A91761161D916F48008915DA /* ShareInstagramInteractor.swift in Sources */ = {isa = PBXBuildFile; fileRef = A91761011D916F48008915DA /* ShareInstagramInteractor.swift */; };
		A91761171D916F48008915DA /* ShareInteractor.swift in Sources */ = {isa = PBXBuildFile; fileRef = A91761021D916F48008915DA /* ShareInteractor.swift */; };
		A91761181D916F48008915DA /* ShareInteractorInterface.swift in Sources */ = {isa = PBXBuildFile; fileRef = A91761031D916F48008915DA /* ShareInteractorInterface.swift */; };
		A91761191D916F48008915DA /* ShareInterface.swift in Sources */ = {isa = PBXBuildFile; fileRef = A91761041D916F48008915DA /* ShareInterface.swift */; };
		A917611A1D916F48008915DA /* SharePresenter.swift in Sources */ = {isa = PBXBuildFile; fileRef = A91761051D916F48008915DA /* SharePresenter.swift */; };
		A917611B1D916F48008915DA /* SharePresenterInterface.swift in Sources */ = {isa = PBXBuildFile; fileRef = A91761061D916F48008915DA /* SharePresenterInterface.swift */; };
		A917611C1D916F48008915DA /* ShareSocialNetworkInteractor.swift in Sources */ = {isa = PBXBuildFile; fileRef = A91761071D916F48008915DA /* ShareSocialNetworkInteractor.swift */; };
		A917611D1D916F48008915DA /* ShareTwitterInteractor.swift in Sources */ = {isa = PBXBuildFile; fileRef = A91761081D916F48008915DA /* ShareTwitterInteractor.swift */; };
		A917611E1D916F48008915DA /* ShareViewController.swift in Sources */ = {isa = PBXBuildFile; fileRef = A91761091D916F48008915DA /* ShareViewController.swift */; };
		A917611F1D916F48008915DA /* ShareWhatsappInteractor.swift in Sources */ = {isa = PBXBuildFile; fileRef = A917610A1D916F48008915DA /* ShareWhatsappInteractor.swift */; };
		A91761201D916F48008915DA /* ShareWireframe.swift in Sources */ = {isa = PBXBuildFile; fileRef = A917610B1D916F48008915DA /* ShareWireframe.swift */; };
		A91761211D916F48008915DA /* ShareYoutubeInteractor.swift in Sources */ = {isa = PBXBuildFile; fileRef = A917610C1D916F48008915DA /* ShareYoutubeInteractor.swift */; };
		A91761221D916F48008915DA /* SocialNetwork.swift in Sources */ = {isa = PBXBuildFile; fileRef = A917610D1D916F48008915DA /* SocialNetwork.swift */; };
		A91761231D916F48008915DA /* SocialNetworkProvider.swift in Sources */ = {isa = PBXBuildFile; fileRef = A917610E1D916F48008915DA /* SocialNetworkProvider.swift */; };
		A91761241D916F48008915DA /* TwitterVideoUpload.m in Sources */ = {isa = PBXBuildFile; fileRef = A91761101D916F48008915DA /* TwitterVideoUpload.m */; };
		A91761301D916F53008915DA /* MusicCell.swift in Sources */ = {isa = PBXBuildFile; fileRef = A91761251D916F53008915DA /* MusicCell.swift */; };
		A91761311D916F53008915DA /* MusicDetailView.swift in Sources */ = {isa = PBXBuildFile; fileRef = A91761261D916F53008915DA /* MusicDetailView.swift */; };
		A91761321D916F53008915DA /* MusicDetailView.xib in Resources */ = {isa = PBXBuildFile; fileRef = A91761271D916F53008915DA /* MusicDetailView.xib */; };
		A91761331D916F53008915DA /* MusicInteractor.swift in Sources */ = {isa = PBXBuildFile; fileRef = A91761281D916F53008915DA /* MusicInteractor.swift */; };
		A91761341D916F53008915DA /* MusicInteractorInterface.swift in Sources */ = {isa = PBXBuildFile; fileRef = A91761291D916F53008915DA /* MusicInteractorInterface.swift */; };
		A91761351D916F53008915DA /* MusicPresenter.swift in Sources */ = {isa = PBXBuildFile; fileRef = A917612A1D916F53008915DA /* MusicPresenter.swift */; };
		A91761361D916F53008915DA /* MusicPresenterInterface.swift in Sources */ = {isa = PBXBuildFile; fileRef = A917612B1D916F53008915DA /* MusicPresenterInterface.swift */; };
		A91761371D916F53008915DA /* MusicProvider.swift in Sources */ = {isa = PBXBuildFile; fileRef = A917612C1D916F53008915DA /* MusicProvider.swift */; };
		A91761381D916F53008915DA /* MusicViewController.swift in Sources */ = {isa = PBXBuildFile; fileRef = A917612D1D916F53008915DA /* MusicViewController.swift */; };
		A91761391D916F53008915DA /* MusicViewInterface.swift in Sources */ = {isa = PBXBuildFile; fileRef = A917612E1D916F53008915DA /* MusicViewInterface.swift */; };
		A917613A1D916F53008915DA /* MusicWireframe.swift in Sources */ = {isa = PBXBuildFile; fileRef = A917612F1D916F53008915DA /* MusicWireframe.swift */; };
		A93BCE281D7D590C00421BD0 /* GPUImage.framework in Frameworks */ = {isa = PBXBuildFile; fileRef = A93BCE0C1D7D577300421BD0 /* GPUImage.framework */; };
		A93BCE291D7D590C00421BD0 /* GPUImage.framework in Embed Frameworks */ = {isa = PBXBuildFile; fileRef = A93BCE0C1D7D577300421BD0 /* GPUImage.framework */; settings = {ATTRIBUTES = (CodeSignOnCopy, RemoveHeadersOnCopy, ); }; };
		A93BCE321D7D594100421BD0 /* GPUImage.framework in CopyFiles */ = {isa = PBXBuildFile; fileRef = A93BCE0C1D7D577300421BD0 /* GPUImage.framework */; settings = {ATTRIBUTES = (CodeSignOnCopy, RemoveHeadersOnCopy, ); }; };
		A93BCE431D7D599900421BD0 /* ViMoJoTracker.swift in Sources */ = {isa = PBXBuildFile; fileRef = A93BCE421D7D599900421BD0 /* ViMoJoTracker.swift */; };
		A93BCE4C1D7D5C7400421BD0 /* ConfigPreferences.swift in Sources */ = {isa = PBXBuildFile; fileRef = A93BCE4A1D7D5C7400421BD0 /* ConfigPreferences.swift */; };
		A93BCE4D1D7D5C7400421BD0 /* AnalitycsConstants.swift in Sources */ = {isa = PBXBuildFile; fileRef = A93BCE4B1D7D5C7400421BD0 /* AnalitycsConstants.swift */; };
		A93BCE4F1D7D77B300421BD0 /* AVResolutionParse.swift in Sources */ = {isa = PBXBuildFile; fileRef = A93BCE4E1D7D77B300421BD0 /* AVResolutionParse.swift */; };
		A93BCE511D7D77FF00421BD0 /* CompatibleResolutionsInteractor.swift in Sources */ = {isa = PBXBuildFile; fileRef = A93BCE501D7D77FF00421BD0 /* CompatibleResolutionsInteractor.swift */; };
		A93BCE531D7D785100421BD0 /* SettingsConstants.swift in Sources */ = {isa = PBXBuildFile; fileRef = A93BCE521D7D785100421BD0 /* SettingsConstants.swift */; };
		A93BCE571D7D792B00421BD0 /* AddVideoToProjectUseCase.swift in Sources */ = {isa = PBXBuildFile; fileRef = A93BCE551D7D792B00421BD0 /* AddVideoToProjectUseCase.swift */; };
		A93BCE581D7D792B00421BD0 /* GetActualProjectAVCompositionUseCase.swift in Sources */ = {isa = PBXBuildFile; fileRef = A93BCE561D7D792B00421BD0 /* GetActualProjectAVCompositionUseCase.swift */; };
		A93BCE5E1D7D7A1300421BD0 /* iso639_2.bundle in Resources */ = {isa = PBXBuildFile; fileRef = A93BCE5B1D7D7A1300421BD0 /* iso639_2.bundle */; };
		A93BCE5F1D7D7A1300421BD0 /* NSLocale+ISO639_2.m in Sources */ = {isa = PBXBuildFile; fileRef = A93BCE5D1D7D7A1300421BD0 /* NSLocale+ISO639_2.m */; };
		A93BCE611D7D7A5A00421BD0 /* AVQualityParse.swift in Sources */ = {isa = PBXBuildFile; fileRef = A93BCE601D7D7A5A00421BD0 /* AVQualityParse.swift */; };
		A93BCE631D7D7A7200421BD0 /* CompatibleQualityInteractor.swift in Sources */ = {isa = PBXBuildFile; fileRef = A93BCE621D7D7A7200421BD0 /* CompatibleQualityInteractor.swift */; };
		A93BCE741D7D88EE00421BD0 /* activity_record_rec_circle.png in Resources */ = {isa = PBXBuildFile; fileRef = A93BCE731D7D88EE00421BD0 /* activity_record_rec_circle.png */; };
		A93BCE761D7D92C300421BD0 /* filter_free.png in Resources */ = {isa = PBXBuildFile; fileRef = A93BCE751D7D92C300421BD0 /* filter_free.png */; };
		A93BCE781D7D93B700421BD0 /* water_mark.png in Resources */ = {isa = PBXBuildFile; fileRef = A93BCE771D7D93B700421BD0 /* water_mark.png */; };
		A9B385EA1D7D51380065D3EC /* AppDelegate.swift in Sources */ = {isa = PBXBuildFile; fileRef = A9B385E91D7D51380065D3EC /* AppDelegate.swift */; };
		A9B385EF1D7D51380065D3EC /* Main.storyboard in Resources */ = {isa = PBXBuildFile; fileRef = A9B385ED1D7D51380065D3EC /* Main.storyboard */; };
		A9B385F11D7D51380065D3EC /* Assets.xcassets in Resources */ = {isa = PBXBuildFile; fileRef = A9B385F01D7D51380065D3EC /* Assets.xcassets */; };
		A9B385F41D7D51380065D3EC /* LaunchScreen.storyboard in Resources */ = {isa = PBXBuildFile; fileRef = A9B385F21D7D51380065D3EC /* LaunchScreen.storyboard */; };
		A9B385FF1D7D51380065D3EC /* vimojoTests.swift in Sources */ = {isa = PBXBuildFile; fileRef = A9B385FE1D7D51380065D3EC /* vimojoTests.swift */; };
		A9B386221D7D52E30065D3EC /* RecordPresenter.swift in Sources */ = {isa = PBXBuildFile; fileRef = A9B386201D7D52E30065D3EC /* RecordPresenter.swift */; };
		A9B386231D7D52E30065D3EC /* RecordPresenterInterfaceIO.swift in Sources */ = {isa = PBXBuildFile; fileRef = A9B386211D7D52E30065D3EC /* RecordPresenterInterfaceIO.swift */; };
		A9B386261D7D52EA0065D3EC /* RecordController.swift in Sources */ = {isa = PBXBuildFile; fileRef = A9B386241D7D52EA0065D3EC /* RecordController.swift */; };
		A9B386291D7D52F40065D3EC /* RecordWireframe.swift in Sources */ = {isa = PBXBuildFile; fileRef = A9B386281D7D52F40065D3EC /* RecordWireframe.swift */; };
		A9B3862B1D7D531B0065D3EC /* RecorderConstants.swift in Sources */ = {isa = PBXBuildFile; fileRef = A9B3862A1D7D531B0065D3EC /* RecorderConstants.swift */; };
		A9B386301D7D53230065D3EC /* RecorderInteractorInterface.swift in Sources */ = {isa = PBXBuildFile; fileRef = A9B3862C1D7D53230065D3EC /* RecorderInteractorInterface.swift */; };
		A9B386311D7D53230065D3EC /* RecorderInteractor.swift in Sources */ = {isa = PBXBuildFile; fileRef = A9B3862D1D7D53230065D3EC /* RecorderInteractor.swift */; };
		A9B386321D7D53230065D3EC /* CameraInteractor.swift in Sources */ = {isa = PBXBuildFile; fileRef = A9B3862E1D7D53230065D3EC /* CameraInteractor.swift */; };
		A9B386331D7D53230065D3EC /* CameraInteractorInterface.swift in Sources */ = {isa = PBXBuildFile; fileRef = A9B3862F1D7D53230065D3EC /* CameraInteractorInterface.swift */; };
		A9B386381D7D53450065D3EC /* ClipsAlbum.swift in Sources */ = {isa = PBXBuildFile; fileRef = A9B386361D7D53450065D3EC /* ClipsAlbum.swift */; };
		A9B386391D7D53450065D3EC /* ExportedAlbum.swift in Sources */ = {isa = PBXBuildFile; fileRef = A9B386371D7D53450065D3EC /* ExportedAlbum.swift */; };
		A9B3863D1D7D53740065D3EC /* ThumbnailInteractor.swift in Sources */ = {isa = PBXBuildFile; fileRef = A9B3863C1D7D53740065D3EC /* ThumbnailInteractor.swift */; };
		A9B386411D7D53880065D3EC /* TimerInteractor.swift in Sources */ = {isa = PBXBuildFile; fileRef = A9B3863F1D7D53880065D3EC /* TimerInteractor.swift */; };
		A9B386421D7D53880065D3EC /* TimerInteractorInterface.swift in Sources */ = {isa = PBXBuildFile; fileRef = A9B386401D7D53880065D3EC /* TimerInteractorInterface.swift */; };
		A9B386451D7D53960065D3EC /* FlashInteractor.swift in Sources */ = {isa = PBXBuildFile; fileRef = A9B386441D7D53960065D3EC /* FlashInteractor.swift */; };
		A9B386491D7D53B20065D3EC /* ExporterInteractor.swift in Sources */ = {isa = PBXBuildFile; fileRef = A9B386481D7D53B20065D3EC /* ExporterInteractor.swift */; };
		A9B3864D1D7D53BA0065D3EC /* AddFilterInteractor.swift in Sources */ = {isa = PBXBuildFile; fileRef = A9B3864A1D7D53BA0065D3EC /* AddFilterInteractor.swift */; };
		A9B3864E1D7D53BA0065D3EC /* RemoveFilterInteractor.swift in Sources */ = {isa = PBXBuildFile; fileRef = A9B3864B1D7D53BA0065D3EC /* RemoveFilterInteractor.swift */; };
		A9B3864F1D7D53BA0065D3EC /* ChangeFilterInteractor.swift in Sources */ = {isa = PBXBuildFile; fileRef = A9B3864C1D7D53BA0065D3EC /* ChangeFilterInteractor.swift */; };
		A9B386531D7D53D10065D3EC /* CameraRecorderInteractor.swift in Sources */ = {isa = PBXBuildFile; fileRef = A9B386511D7D53D10065D3EC /* CameraRecorderInteractor.swift */; };
		A9B386541D7D53D10065D3EC /* CameraRecorderInterface.swift in Sources */ = {isa = PBXBuildFile; fileRef = A9B386521D7D53D10065D3EC /* CameraRecorderInterface.swift */; };
		A9B386561D7D54CF0065D3EC /* AppDependencies.swift in Sources */ = {isa = PBXBuildFile; fileRef = A9B386551D7D54CF0065D3EC /* AppDependencies.swift */; };
		A9B386581D7D551A0065D3EC /* Utils.swift in Sources */ = {isa = PBXBuildFile; fileRef = A9B386571D7D551A0065D3EC /* Utils.swift */; };
		A9B3865A1D7D55340065D3EC /* RootWireframe.swift in Sources */ = {isa = PBXBuildFile; fileRef = A9B386591D7D55340065D3EC /* RootWireframe.swift */; };
		A9B3865F1D7D55660065D3EC /* ViMoJoController.swift in Sources */ = {isa = PBXBuildFile; fileRef = A9B3865D1D7D55660065D3EC /* ViMoJoController.swift */; };
		A9B386601D7D55660065D3EC /* ViMoJoInterface.swift in Sources */ = {isa = PBXBuildFile; fileRef = A9B3865E1D7D55660065D3EC /* ViMoJoInterface.swift */; };
		A9ED00501D9178CB00969F31 /* Alamofire.framework in Frameworks */ = {isa = PBXBuildFile; fileRef = A9ED004F1D9178CB00969F31 /* Alamofire.framework */; };
		A9ED005A1D917B7200969F31 /* FBSDKCoreKit.framework in Frameworks */ = {isa = PBXBuildFile; fileRef = A9ED00571D917B7200969F31 /* FBSDKCoreKit.framework */; };
		A9ED005B1D917B7200969F31 /* FBSDKLoginKit.framework in Frameworks */ = {isa = PBXBuildFile; fileRef = A9ED00581D917B7200969F31 /* FBSDKLoginKit.framework */; };
		A9ED005C1D917B7200969F31 /* FBSDKShareKit.framework in Frameworks */ = {isa = PBXBuildFile; fileRef = A9ED00591D917B7200969F31 /* FBSDKShareKit.framework */; };
		A9ED005E1D9185BB00969F31 /* GoogleService-Info.plist in Resources */ = {isa = PBXBuildFile; fileRef = A9ED005D1D9185BB00969F31 /* GoogleService-Info.plist */; };
		FBD16405E041F315ED5A8513 /* Pods_vimojo.framework in Frameworks */ = {isa = PBXBuildFile; fileRef = 5669AADF4B95AD1E3054D77E /* Pods_vimojo.framework */; };
/* End PBXBuildFile section */

/* Begin PBXContainerItemProxy section */
		A93BCE091D7D577300421BD0 /* PBXContainerItemProxy */ = {
			isa = PBXContainerItemProxy;
			containerPortal = A93BCE031D7D577300421BD0 /* GPUImage.xcodeproj */;
			proxyType = 2;
			remoteGlobalIDString = BCF1A33414DDB1EC00852800;
			remoteInfo = GPUImage;
		};
		A93BCE0B1D7D577300421BD0 /* PBXContainerItemProxy */ = {
			isa = PBXContainerItemProxy;
			containerPortal = A93BCE031D7D577300421BD0 /* GPUImage.xcodeproj */;
			proxyType = 2;
			remoteGlobalIDString = BCE209E51943F20C002FEED8;
			remoteInfo = GPUImageFramework;
		};
		A93BCE2A1D7D590C00421BD0 /* PBXContainerItemProxy */ = {
			isa = PBXContainerItemProxy;
			containerPortal = A93BCE031D7D577300421BD0 /* GPUImage.xcodeproj */;
			proxyType = 1;
			remoteGlobalIDString = BCE209E41943F20C002FEED8;
			remoteInfo = GPUImageFramework;
		};
		A9B385FB1D7D51380065D3EC /* PBXContainerItemProxy */ = {
			isa = PBXContainerItemProxy;
			containerPortal = A9B385DE1D7D51380065D3EC /* Project object */;
			proxyType = 1;
			remoteGlobalIDString = A9B385E51D7D51380065D3EC;
			remoteInfo = vimojo;
		};
/* End PBXContainerItemProxy section */

/* Begin PBXCopyFilesBuildPhase section */
		A93BCE2C1D7D590C00421BD0 /* Embed Frameworks */ = {
			isa = PBXCopyFilesBuildPhase;
			buildActionMask = 2147483647;
			dstPath = "";
			dstSubfolderSpec = 10;
			files = (
				A93BCE291D7D590C00421BD0 /* GPUImage.framework in Embed Frameworks */,
			);
			name = "Embed Frameworks";
			runOnlyForDeploymentPostprocessing = 0;
		};
		A93BCE311D7D593600421BD0 /* CopyFiles */ = {
			isa = PBXCopyFilesBuildPhase;
			buildActionMask = 2147483647;
			dstPath = "";
			dstSubfolderSpec = 10;
			files = (
				A93BCE321D7D594100421BD0 /* GPUImage.framework in CopyFiles */,
			);
			runOnlyForDeploymentPostprocessing = 0;
		};
/* End PBXCopyFilesBuildPhase section */

/* Begin PBXFileReference section */
		5669AADF4B95AD1E3054D77E /* Pods_vimojo.framework */ = {isa = PBXFileReference; explicitFileType = wrapper.framework; includeInIndex = 0; path = Pods_vimojo.framework; sourceTree = BUILT_PRODUCTS_DIR; };
		6E783A889228FB8752389F73 /* Pods-vimojo.release.xcconfig */ = {isa = PBXFileReference; includeInIndex = 1; lastKnownFileType = text.xcconfig; name = "Pods-vimojo.release.xcconfig"; path = "Pods/Target Support Files/Pods-vimojo/Pods-vimojo.release.xcconfig"; sourceTree = "<group>"; };
		70605131D71C674A720143E6 /* Pods-vimojo.debug.xcconfig */ = {isa = PBXFileReference; includeInIndex = 1; lastKnownFileType = text.xcconfig; name = "Pods-vimojo.debug.xcconfig"; path = "Pods/Target Support Files/Pods-vimojo/Pods-vimojo.debug.xcconfig"; sourceTree = "<group>"; };
		A52096C0BD62E16E8E40041F /* Pods_vimojoTests.framework */ = {isa = PBXFileReference; explicitFileType = wrapper.framework; includeInIndex = 0; path = Pods_vimojoTests.framework; sourceTree = BUILT_PRODUCTS_DIR; };
		A905C02E1D8050C2001B4F25 /* en */ = {isa = PBXFileReference; lastKnownFileType = text.plist.strings; name = en; path = en.lproj/Main.strings; sourceTree = "<group>"; };
		A917608F1D9143D1008915DA /* Editor.strings */ = {isa = PBXFileReference; fileEncoding = 4; lastKnownFileType = text.plist.strings; name = Editor.strings; path = Editor/Editor.strings; sourceTree = "<group>"; };
		A91760A11D9146B5008915DA /* EditingRoomInteractor.swift */ = {isa = PBXFileReference; fileEncoding = 4; lastKnownFileType = sourcecode.swift; name = EditingRoomInteractor.swift; path = EditingRoom/EditingRoomInteractor.swift; sourceTree = "<group>"; };
		A91760A21D9146B5008915DA /* EditingRoomInteractorInterface.swift */ = {isa = PBXFileReference; fileEncoding = 4; lastKnownFileType = sourcecode.swift; name = EditingRoomInteractorInterface.swift; path = EditingRoom/EditingRoomInteractorInterface.swift; sourceTree = "<group>"; };
		A91760A31D9146B5008915DA /* EditingRoomPresenter.swift */ = {isa = PBXFileReference; fileEncoding = 4; lastKnownFileType = sourcecode.swift; name = EditingRoomPresenter.swift; path = EditingRoom/EditingRoomPresenter.swift; sourceTree = "<group>"; };
		A91760A41D9146B5008915DA /* EditingRoomPresenterInterface.swift */ = {isa = PBXFileReference; fileEncoding = 4; lastKnownFileType = sourcecode.swift; name = EditingRoomPresenterInterface.swift; path = EditingRoom/EditingRoomPresenterInterface.swift; sourceTree = "<group>"; };
		A91760A51D9146B5008915DA /* EditingRoomViewController.swift */ = {isa = PBXFileReference; fileEncoding = 4; lastKnownFileType = sourcecode.swift; name = EditingRoomViewController.swift; path = EditingRoom/EditingRoomViewController.swift; sourceTree = "<group>"; };
		A91760A61D9146B5008915DA /* EditingRoomViewInterface.swift */ = {isa = PBXFileReference; fileEncoding = 4; lastKnownFileType = sourcecode.swift; name = EditingRoomViewInterface.swift; path = EditingRoom/EditingRoomViewInterface.swift; sourceTree = "<group>"; };
		A91760A71D9146B5008915DA /* EditingRoomWireframe.swift */ = {isa = PBXFileReference; fileEncoding = 4; lastKnownFileType = sourcecode.swift; name = EditingRoomWireframe.swift; path = EditingRoom/EditingRoomWireframe.swift; sourceTree = "<group>"; };
		A91760AF1D9146BF008915DA /* EditorClipsCell.swift */ = {isa = PBXFileReference; fileEncoding = 4; lastKnownFileType = sourcecode.swift; name = EditorClipsCell.swift; path = Editor/EditorClipsCell.swift; sourceTree = "<group>"; };
		A91760B01D9146BF008915DA /* EditorInteractor.swift */ = {isa = PBXFileReference; fileEncoding = 4; lastKnownFileType = sourcecode.swift; name = EditorInteractor.swift; path = Editor/EditorInteractor.swift; sourceTree = "<group>"; };
		A91760B11D9146BF008915DA /* EditorInteractorInterface.swift */ = {isa = PBXFileReference; fileEncoding = 4; lastKnownFileType = sourcecode.swift; name = EditorInteractorInterface.swift; path = Editor/EditorInteractorInterface.swift; sourceTree = "<group>"; };
		A91760B21D9146BF008915DA /* EditorPresenter.swift */ = {isa = PBXFileReference; fileEncoding = 4; lastKnownFileType = sourcecode.swift; name = EditorPresenter.swift; path = Editor/EditorPresenter.swift; sourceTree = "<group>"; };
		A91760B31D9146BF008915DA /* EditorPresenterInterface.swift */ = {isa = PBXFileReference; fileEncoding = 4; lastKnownFileType = sourcecode.swift; name = EditorPresenterInterface.swift; path = Editor/EditorPresenterInterface.swift; sourceTree = "<group>"; };
		A91760B41D9146BF008915DA /* EditorTextConstants.swift */ = {isa = PBXFileReference; fileEncoding = 4; lastKnownFileType = sourcecode.swift; name = EditorTextConstants.swift; path = Editor/EditorTextConstants.swift; sourceTree = "<group>"; };
		A91760B51D9146BF008915DA /* EditorViewController.swift */ = {isa = PBXFileReference; fileEncoding = 4; lastKnownFileType = sourcecode.swift; name = EditorViewController.swift; path = Editor/EditorViewController.swift; sourceTree = "<group>"; };
		A91760B61D9146BF008915DA /* EditorViewInterface.swift */ = {isa = PBXFileReference; fileEncoding = 4; lastKnownFileType = sourcecode.swift; name = EditorViewInterface.swift; path = Editor/EditorViewInterface.swift; sourceTree = "<group>"; };
		A91760B71D9146BF008915DA /* EditorWireframe.swift */ = {isa = PBXFileReference; fileEncoding = 4; lastKnownFileType = sourcecode.swift; name = EditorWireframe.swift; path = Editor/EditorWireframe.swift; sourceTree = "<group>"; };
		A91760B81D9146BF008915DA /* ThumbnailListInteractor.swift */ = {isa = PBXFileReference; fileEncoding = 4; lastKnownFileType = sourcecode.swift; name = ThumbnailListInteractor.swift; path = Editor/ThumbnailListInteractor.swift; sourceTree = "<group>"; };
		A91760D11D9146FE008915DA /* FullScreenPlayerInterface.swift */ = {isa = PBXFileReference; fileEncoding = 4; lastKnownFileType = sourcecode.swift; name = FullScreenPlayerInterface.swift; path = FullScreenPlayer/FullScreenPlayerInterface.swift; sourceTree = "<group>"; };
		A91760D21D9146FE008915DA /* FullScreenPlayerPresenter.swift */ = {isa = PBXFileReference; fileEncoding = 4; lastKnownFileType = sourcecode.swift; name = FullScreenPlayerPresenter.swift; path = FullScreenPlayer/FullScreenPlayerPresenter.swift; sourceTree = "<group>"; };
		A91760D31D9146FE008915DA /* FullScreenPlayerPresenterInterface.swift */ = {isa = PBXFileReference; fileEncoding = 4; lastKnownFileType = sourcecode.swift; name = FullScreenPlayerPresenterInterface.swift; path = FullScreenPlayer/FullScreenPlayerPresenterInterface.swift; sourceTree = "<group>"; };
		A91760D41D9146FE008915DA /* FullScreenPlayerViewController.swift */ = {isa = PBXFileReference; fileEncoding = 4; lastKnownFileType = sourcecode.swift; name = FullScreenPlayerViewController.swift; path = FullScreenPlayer/FullScreenPlayerViewController.swift; sourceTree = "<group>"; };
		A91760D51D9146FE008915DA /* FullScreenPlayerWireframe.swift */ = {isa = PBXFileReference; fileEncoding = 4; lastKnownFileType = sourcecode.swift; name = FullScreenPlayerWireframe.swift; path = FullScreenPlayer/FullScreenPlayerWireframe.swift; sourceTree = "<group>"; };
		A91760DE1D914827008915DA /* TrimViewController.swift */ = {isa = PBXFileReference; fileEncoding = 4; lastKnownFileType = sourcecode.swift; path = TrimViewController.swift; sourceTree = "<group>"; };
		A91760DF1D914827008915DA /* TrimWireframe.swift */ = {isa = PBXFileReference; fileEncoding = 4; lastKnownFileType = sourcecode.swift; path = TrimWireframe.swift; sourceTree = "<group>"; };
		A91760E21D914835008915DA /* DuplicateViewController.swift */ = {isa = PBXFileReference; fileEncoding = 4; lastKnownFileType = sourcecode.swift; path = DuplicateViewController.swift; sourceTree = "<group>"; };
		A91760E31D914835008915DA /* DuplicateInterface.swift */ = {isa = PBXFileReference; fileEncoding = 4; lastKnownFileType = sourcecode.swift; path = DuplicateInterface.swift; sourceTree = "<group>"; };
		A91760E41D914835008915DA /* DuplicateWireframe.swift */ = {isa = PBXFileReference; fileEncoding = 4; lastKnownFileType = sourcecode.swift; path = DuplicateWireframe.swift; sourceTree = "<group>"; };
		A91760E81D914840008915DA /* SplitViewInterface.swift */ = {isa = PBXFileReference; fileEncoding = 4; lastKnownFileType = sourcecode.swift; path = SplitViewInterface.swift; sourceTree = "<group>"; };
		A91760E91D914840008915DA /* SplitViewController.swift */ = {isa = PBXFileReference; fileEncoding = 4; lastKnownFileType = sourcecode.swift; path = SplitViewController.swift; sourceTree = "<group>"; };
		A91760EA1D914840008915DA /* SplitWireframe.swift */ = {isa = PBXFileReference; fileEncoding = 4; lastKnownFileType = sourcecode.swift; path = SplitWireframe.swift; sourceTree = "<group>"; };
		A91760FC1D916F48008915DA /* Share.strings */ = {isa = PBXFileReference; fileEncoding = 4; lastKnownFileType = text.plist.strings; name = Share.strings; path = Share/Share.strings; sourceTree = "<group>"; };
		A91760FD1D916F48008915DA /* ShareCell.swift */ = {isa = PBXFileReference; fileEncoding = 4; lastKnownFileType = sourcecode.swift; name = ShareCell.swift; path = Share/ShareCell.swift; sourceTree = "<group>"; };
		A91760FE1D916F48008915DA /* ShareCell.xib */ = {isa = PBXFileReference; fileEncoding = 4; lastKnownFileType = file.xib; name = ShareCell.xib; path = Share/ShareCell.xib; sourceTree = "<group>"; };
		A91760FF1D916F48008915DA /* ShareConstants.swift */ = {isa = PBXFileReference; fileEncoding = 4; lastKnownFileType = sourcecode.swift; name = ShareConstants.swift; path = Share/ShareConstants.swift; sourceTree = "<group>"; };
		A91761001D916F48008915DA /* ShareFacebookInteractor.swift */ = {isa = PBXFileReference; fileEncoding = 4; lastKnownFileType = sourcecode.swift; name = ShareFacebookInteractor.swift; path = Share/ShareFacebookInteractor.swift; sourceTree = "<group>"; };
		A91761011D916F48008915DA /* ShareInstagramInteractor.swift */ = {isa = PBXFileReference; fileEncoding = 4; lastKnownFileType = sourcecode.swift; name = ShareInstagramInteractor.swift; path = Share/ShareInstagramInteractor.swift; sourceTree = "<group>"; };
		A91761021D916F48008915DA /* ShareInteractor.swift */ = {isa = PBXFileReference; fileEncoding = 4; lastKnownFileType = sourcecode.swift; name = ShareInteractor.swift; path = Share/ShareInteractor.swift; sourceTree = "<group>"; };
		A91761031D916F48008915DA /* ShareInteractorInterface.swift */ = {isa = PBXFileReference; fileEncoding = 4; lastKnownFileType = sourcecode.swift; name = ShareInteractorInterface.swift; path = Share/ShareInteractorInterface.swift; sourceTree = "<group>"; };
		A91761041D916F48008915DA /* ShareInterface.swift */ = {isa = PBXFileReference; fileEncoding = 4; lastKnownFileType = sourcecode.swift; name = ShareInterface.swift; path = Share/ShareInterface.swift; sourceTree = "<group>"; };
		A91761051D916F48008915DA /* SharePresenter.swift */ = {isa = PBXFileReference; fileEncoding = 4; lastKnownFileType = sourcecode.swift; name = SharePresenter.swift; path = Share/SharePresenter.swift; sourceTree = "<group>"; };
		A91761061D916F48008915DA /* SharePresenterInterface.swift */ = {isa = PBXFileReference; fileEncoding = 4; lastKnownFileType = sourcecode.swift; name = SharePresenterInterface.swift; path = Share/SharePresenterInterface.swift; sourceTree = "<group>"; };
		A91761071D916F48008915DA /* ShareSocialNetworkInteractor.swift */ = {isa = PBXFileReference; fileEncoding = 4; lastKnownFileType = sourcecode.swift; name = ShareSocialNetworkInteractor.swift; path = Share/ShareSocialNetworkInteractor.swift; sourceTree = "<group>"; };
		A91761081D916F48008915DA /* ShareTwitterInteractor.swift */ = {isa = PBXFileReference; fileEncoding = 4; lastKnownFileType = sourcecode.swift; name = ShareTwitterInteractor.swift; path = Share/ShareTwitterInteractor.swift; sourceTree = "<group>"; };
		A91761091D916F48008915DA /* ShareViewController.swift */ = {isa = PBXFileReference; fileEncoding = 4; lastKnownFileType = sourcecode.swift; name = ShareViewController.swift; path = Share/ShareViewController.swift; sourceTree = "<group>"; };
		A917610A1D916F48008915DA /* ShareWhatsappInteractor.swift */ = {isa = PBXFileReference; fileEncoding = 4; lastKnownFileType = sourcecode.swift; name = ShareWhatsappInteractor.swift; path = Share/ShareWhatsappInteractor.swift; sourceTree = "<group>"; };
		A917610B1D916F48008915DA /* ShareWireframe.swift */ = {isa = PBXFileReference; fileEncoding = 4; lastKnownFileType = sourcecode.swift; name = ShareWireframe.swift; path = Share/ShareWireframe.swift; sourceTree = "<group>"; };
		A917610C1D916F48008915DA /* ShareYoutubeInteractor.swift */ = {isa = PBXFileReference; fileEncoding = 4; lastKnownFileType = sourcecode.swift; name = ShareYoutubeInteractor.swift; path = Share/ShareYoutubeInteractor.swift; sourceTree = "<group>"; };
		A917610D1D916F48008915DA /* SocialNetwork.swift */ = {isa = PBXFileReference; fileEncoding = 4; lastKnownFileType = sourcecode.swift; name = SocialNetwork.swift; path = Share/SocialNetwork.swift; sourceTree = "<group>"; };
		A917610E1D916F48008915DA /* SocialNetworkProvider.swift */ = {isa = PBXFileReference; fileEncoding = 4; lastKnownFileType = sourcecode.swift; name = SocialNetworkProvider.swift; path = Share/SocialNetworkProvider.swift; sourceTree = "<group>"; };
		A917610F1D916F48008915DA /* TwitterVideoUpload.h */ = {isa = PBXFileReference; fileEncoding = 4; lastKnownFileType = sourcecode.c.h; name = TwitterVideoUpload.h; path = Share/TwitterVideoUpload.h; sourceTree = "<group>"; };
		A91761101D916F48008915DA /* TwitterVideoUpload.m */ = {isa = PBXFileReference; fileEncoding = 4; lastKnownFileType = sourcecode.c.objc; name = TwitterVideoUpload.m; path = Share/TwitterVideoUpload.m; sourceTree = "<group>"; };
		A91761251D916F53008915DA /* MusicCell.swift */ = {isa = PBXFileReference; fileEncoding = 4; lastKnownFileType = sourcecode.swift; name = MusicCell.swift; path = Music/MusicCell.swift; sourceTree = "<group>"; };
		A91761261D916F53008915DA /* MusicDetailView.swift */ = {isa = PBXFileReference; fileEncoding = 4; lastKnownFileType = sourcecode.swift; name = MusicDetailView.swift; path = Music/MusicDetailView.swift; sourceTree = "<group>"; };
		A91761271D916F53008915DA /* MusicDetailView.xib */ = {isa = PBXFileReference; fileEncoding = 4; lastKnownFileType = file.xib; name = MusicDetailView.xib; path = Music/MusicDetailView.xib; sourceTree = "<group>"; };
		A91761281D916F53008915DA /* MusicInteractor.swift */ = {isa = PBXFileReference; fileEncoding = 4; lastKnownFileType = sourcecode.swift; name = MusicInteractor.swift; path = Music/MusicInteractor.swift; sourceTree = "<group>"; };
		A91761291D916F53008915DA /* MusicInteractorInterface.swift */ = {isa = PBXFileReference; fileEncoding = 4; lastKnownFileType = sourcecode.swift; name = MusicInteractorInterface.swift; path = Music/MusicInteractorInterface.swift; sourceTree = "<group>"; };
		A917612A1D916F53008915DA /* MusicPresenter.swift */ = {isa = PBXFileReference; fileEncoding = 4; lastKnownFileType = sourcecode.swift; name = MusicPresenter.swift; path = Music/MusicPresenter.swift; sourceTree = "<group>"; };
		A917612B1D916F53008915DA /* MusicPresenterInterface.swift */ = {isa = PBXFileReference; fileEncoding = 4; lastKnownFileType = sourcecode.swift; name = MusicPresenterInterface.swift; path = Music/MusicPresenterInterface.swift; sourceTree = "<group>"; };
		A917612C1D916F53008915DA /* MusicProvider.swift */ = {isa = PBXFileReference; fileEncoding = 4; lastKnownFileType = sourcecode.swift; name = MusicProvider.swift; path = Music/MusicProvider.swift; sourceTree = "<group>"; };
		A917612D1D916F53008915DA /* MusicViewController.swift */ = {isa = PBXFileReference; fileEncoding = 4; lastKnownFileType = sourcecode.swift; name = MusicViewController.swift; path = Music/MusicViewController.swift; sourceTree = "<group>"; };
		A917612E1D916F53008915DA /* MusicViewInterface.swift */ = {isa = PBXFileReference; fileEncoding = 4; lastKnownFileType = sourcecode.swift; name = MusicViewInterface.swift; path = Music/MusicViewInterface.swift; sourceTree = "<group>"; };
		A917612F1D916F53008915DA /* MusicWireframe.swift */ = {isa = PBXFileReference; fileEncoding = 4; lastKnownFileType = sourcecode.swift; name = MusicWireframe.swift; path = Music/MusicWireframe.swift; sourceTree = "<group>"; };
		A917614B1D917176008915DA /* Alamofire.framework */ = {isa = PBXFileReference; lastKnownFileType = wrapper.framework; name = Alamofire.framework; path = "Pods/../build/Debug-iphoneos/Alamofire.framework"; sourceTree = "<group>"; };
		A93BCE031D7D577300421BD0 /* GPUImage.xcodeproj */ = {isa = PBXFileReference; lastKnownFileType = "wrapper.pb-project"; name = GPUImage.xcodeproj; path = ../GPUImageForViMojoApp/framework/GPUImage.xcodeproj; sourceTree = "<group>"; };
		A93BCE421D7D599900421BD0 /* ViMoJoTracker.swift */ = {isa = PBXFileReference; fileEncoding = 4; lastKnownFileType = sourcecode.swift; path = ViMoJoTracker.swift; sourceTree = "<group>"; };
		A93BCE4A1D7D5C7400421BD0 /* ConfigPreferences.swift */ = {isa = PBXFileReference; fileEncoding = 4; lastKnownFileType = sourcecode.swift; path = ConfigPreferences.swift; sourceTree = "<group>"; };
		A93BCE4B1D7D5C7400421BD0 /* AnalitycsConstants.swift */ = {isa = PBXFileReference; fileEncoding = 4; lastKnownFileType = sourcecode.swift; path = AnalitycsConstants.swift; sourceTree = "<group>"; };
		A93BCE4E1D7D77B300421BD0 /* AVResolutionParse.swift */ = {isa = PBXFileReference; fileEncoding = 4; lastKnownFileType = sourcecode.swift; path = AVResolutionParse.swift; sourceTree = "<group>"; };
		A93BCE501D7D77FF00421BD0 /* CompatibleResolutionsInteractor.swift */ = {isa = PBXFileReference; fileEncoding = 4; lastKnownFileType = sourcecode.swift; path = CompatibleResolutionsInteractor.swift; sourceTree = "<group>"; };
		A93BCE521D7D785100421BD0 /* SettingsConstants.swift */ = {isa = PBXFileReference; fileEncoding = 4; lastKnownFileType = sourcecode.swift; path = SettingsConstants.swift; sourceTree = "<group>"; };
		A93BCE551D7D792B00421BD0 /* AddVideoToProjectUseCase.swift */ = {isa = PBXFileReference; fileEncoding = 4; lastKnownFileType = sourcecode.swift; path = AddVideoToProjectUseCase.swift; sourceTree = "<group>"; };
		A93BCE561D7D792B00421BD0 /* GetActualProjectAVCompositionUseCase.swift */ = {isa = PBXFileReference; fileEncoding = 4; lastKnownFileType = sourcecode.swift; path = GetActualProjectAVCompositionUseCase.swift; sourceTree = "<group>"; };
		A93BCE5A1D7D7A1200421BD0 /* vimojo-Bridging-Header.h */ = {isa = PBXFileReference; lastKnownFileType = sourcecode.c.h; path = "vimojo-Bridging-Header.h"; sourceTree = "<group>"; };
		A93BCE5B1D7D7A1300421BD0 /* iso639_2.bundle */ = {isa = PBXFileReference; lastKnownFileType = "wrapper.plug-in"; path = iso639_2.bundle; sourceTree = "<group>"; };
		A93BCE5C1D7D7A1300421BD0 /* NSLocale+ISO639_2.h */ = {isa = PBXFileReference; fileEncoding = 4; lastKnownFileType = sourcecode.c.h; path = "NSLocale+ISO639_2.h"; sourceTree = "<group>"; };
		A93BCE5D1D7D7A1300421BD0 /* NSLocale+ISO639_2.m */ = {isa = PBXFileReference; fileEncoding = 4; lastKnownFileType = sourcecode.c.objc; path = "NSLocale+ISO639_2.m"; sourceTree = "<group>"; };
		A93BCE601D7D7A5A00421BD0 /* AVQualityParse.swift */ = {isa = PBXFileReference; fileEncoding = 4; lastKnownFileType = sourcecode.swift; path = AVQualityParse.swift; sourceTree = "<group>"; };
		A93BCE621D7D7A7200421BD0 /* CompatibleQualityInteractor.swift */ = {isa = PBXFileReference; fileEncoding = 4; lastKnownFileType = sourcecode.swift; path = CompatibleQualityInteractor.swift; sourceTree = "<group>"; };
		A93BCE731D7D88EE00421BD0 /* activity_record_rec_circle.png */ = {isa = PBXFileReference; lastKnownFileType = image.png; path = activity_record_rec_circle.png; sourceTree = "<group>"; };
		A93BCE751D7D92C300421BD0 /* filter_free.png */ = {isa = PBXFileReference; lastKnownFileType = image.png; path = filter_free.png; sourceTree = "<group>"; };
		A93BCE771D7D93B700421BD0 /* water_mark.png */ = {isa = PBXFileReference; lastKnownFileType = image.png; path = water_mark.png; sourceTree = "<group>"; };
		A96734F91D7FFBA300441872 /* es */ = {isa = PBXFileReference; lastKnownFileType = text.plist.strings; name = es; path = es.lproj/Main.strings; sourceTree = "<group>"; };
		A96734FA1D7FFBA300441872 /* es */ = {isa = PBXFileReference; lastKnownFileType = text.plist.strings; name = es; path = es.lproj/LaunchScreen.strings; sourceTree = "<group>"; };
		A9B385E61D7D51380065D3EC /* vimojo.app */ = {isa = PBXFileReference; explicitFileType = wrapper.application; includeInIndex = 0; path = vimojo.app; sourceTree = BUILT_PRODUCTS_DIR; };
		A9B385E91D7D51380065D3EC /* AppDelegate.swift */ = {isa = PBXFileReference; lastKnownFileType = sourcecode.swift; path = AppDelegate.swift; sourceTree = "<group>"; };
		A9B385EE1D7D51380065D3EC /* Base */ = {isa = PBXFileReference; lastKnownFileType = file.storyboard; name = Base; path = Base.lproj/Main.storyboard; sourceTree = "<group>"; };
		A9B385F01D7D51380065D3EC /* Assets.xcassets */ = {isa = PBXFileReference; lastKnownFileType = folder.assetcatalog; path = Assets.xcassets; sourceTree = "<group>"; };
		A9B385F31D7D51380065D3EC /* Base */ = {isa = PBXFileReference; lastKnownFileType = file.storyboard; name = Base; path = Base.lproj/LaunchScreen.storyboard; sourceTree = "<group>"; };
		A9B385F51D7D51380065D3EC /* Info.plist */ = {isa = PBXFileReference; lastKnownFileType = text.plist.xml; path = Info.plist; sourceTree = "<group>"; };
		A9B385FA1D7D51380065D3EC /* vimojoTests.xctest */ = {isa = PBXFileReference; explicitFileType = wrapper.cfbundle; includeInIndex = 0; path = vimojoTests.xctest; sourceTree = BUILT_PRODUCTS_DIR; };
		A9B385FE1D7D51380065D3EC /* vimojoTests.swift */ = {isa = PBXFileReference; lastKnownFileType = sourcecode.swift; path = vimojoTests.swift; sourceTree = "<group>"; };
		A9B386001D7D51380065D3EC /* Info.plist */ = {isa = PBXFileReference; lastKnownFileType = text.plist.xml; path = Info.plist; sourceTree = "<group>"; };
		A9B386201D7D52E30065D3EC /* RecordPresenter.swift */ = {isa = PBXFileReference; fileEncoding = 4; lastKnownFileType = sourcecode.swift; path = RecordPresenter.swift; sourceTree = "<group>"; };
		A9B386211D7D52E30065D3EC /* RecordPresenterInterfaceIO.swift */ = {isa = PBXFileReference; fileEncoding = 4; lastKnownFileType = sourcecode.swift; path = RecordPresenterInterfaceIO.swift; sourceTree = "<group>"; };
		A9B386241D7D52EA0065D3EC /* RecordController.swift */ = {isa = PBXFileReference; fileEncoding = 4; lastKnownFileType = sourcecode.swift; path = RecordController.swift; sourceTree = "<group>"; };
		A9B386281D7D52F40065D3EC /* RecordWireframe.swift */ = {isa = PBXFileReference; fileEncoding = 4; lastKnownFileType = sourcecode.swift; path = RecordWireframe.swift; sourceTree = "<group>"; };
		A9B3862A1D7D531B0065D3EC /* RecorderConstants.swift */ = {isa = PBXFileReference; fileEncoding = 4; lastKnownFileType = sourcecode.swift; path = RecorderConstants.swift; sourceTree = "<group>"; };
		A9B3862C1D7D53230065D3EC /* RecorderInteractorInterface.swift */ = {isa = PBXFileReference; fileEncoding = 4; lastKnownFileType = sourcecode.swift; path = RecorderInteractorInterface.swift; sourceTree = "<group>"; };
		A9B3862D1D7D53230065D3EC /* RecorderInteractor.swift */ = {isa = PBXFileReference; fileEncoding = 4; lastKnownFileType = sourcecode.swift; path = RecorderInteractor.swift; sourceTree = "<group>"; };
		A9B3862E1D7D53230065D3EC /* CameraInteractor.swift */ = {isa = PBXFileReference; fileEncoding = 4; lastKnownFileType = sourcecode.swift; path = CameraInteractor.swift; sourceTree = "<group>"; };
		A9B3862F1D7D53230065D3EC /* CameraInteractorInterface.swift */ = {isa = PBXFileReference; fileEncoding = 4; lastKnownFileType = sourcecode.swift; path = CameraInteractorInterface.swift; sourceTree = "<group>"; };
		A9B386361D7D53450065D3EC /* ClipsAlbum.swift */ = {isa = PBXFileReference; fileEncoding = 4; lastKnownFileType = sourcecode.swift; path = ClipsAlbum.swift; sourceTree = "<group>"; };
		A9B386371D7D53450065D3EC /* ExportedAlbum.swift */ = {isa = PBXFileReference; fileEncoding = 4; lastKnownFileType = sourcecode.swift; path = ExportedAlbum.swift; sourceTree = "<group>"; };
		A9B3863C1D7D53740065D3EC /* ThumbnailInteractor.swift */ = {isa = PBXFileReference; fileEncoding = 4; lastKnownFileType = sourcecode.swift; path = ThumbnailInteractor.swift; sourceTree = "<group>"; };
		A9B3863F1D7D53880065D3EC /* TimerInteractor.swift */ = {isa = PBXFileReference; fileEncoding = 4; lastKnownFileType = sourcecode.swift; path = TimerInteractor.swift; sourceTree = "<group>"; };
		A9B386401D7D53880065D3EC /* TimerInteractorInterface.swift */ = {isa = PBXFileReference; fileEncoding = 4; lastKnownFileType = sourcecode.swift; path = TimerInteractorInterface.swift; sourceTree = "<group>"; };
		A9B386441D7D53960065D3EC /* FlashInteractor.swift */ = {isa = PBXFileReference; fileEncoding = 4; lastKnownFileType = sourcecode.swift; path = FlashInteractor.swift; sourceTree = "<group>"; };
		A9B386481D7D53B20065D3EC /* ExporterInteractor.swift */ = {isa = PBXFileReference; fileEncoding = 4; lastKnownFileType = sourcecode.swift; path = ExporterInteractor.swift; sourceTree = "<group>"; };
		A9B3864A1D7D53BA0065D3EC /* AddFilterInteractor.swift */ = {isa = PBXFileReference; fileEncoding = 4; lastKnownFileType = sourcecode.swift; path = AddFilterInteractor.swift; sourceTree = "<group>"; };
		A9B3864B1D7D53BA0065D3EC /* RemoveFilterInteractor.swift */ = {isa = PBXFileReference; fileEncoding = 4; lastKnownFileType = sourcecode.swift; path = RemoveFilterInteractor.swift; sourceTree = "<group>"; };
		A9B3864C1D7D53BA0065D3EC /* ChangeFilterInteractor.swift */ = {isa = PBXFileReference; fileEncoding = 4; lastKnownFileType = sourcecode.swift; path = ChangeFilterInteractor.swift; sourceTree = "<group>"; };
		A9B386511D7D53D10065D3EC /* CameraRecorderInteractor.swift */ = {isa = PBXFileReference; fileEncoding = 4; lastKnownFileType = sourcecode.swift; path = CameraRecorderInteractor.swift; sourceTree = "<group>"; };
		A9B386521D7D53D10065D3EC /* CameraRecorderInterface.swift */ = {isa = PBXFileReference; fileEncoding = 4; lastKnownFileType = sourcecode.swift; path = CameraRecorderInterface.swift; sourceTree = "<group>"; };
		A9B386551D7D54CF0065D3EC /* AppDependencies.swift */ = {isa = PBXFileReference; fileEncoding = 4; lastKnownFileType = sourcecode.swift; path = AppDependencies.swift; sourceTree = "<group>"; };
		A9B386571D7D551A0065D3EC /* Utils.swift */ = {isa = PBXFileReference; fileEncoding = 4; lastKnownFileType = sourcecode.swift; name = Utils.swift; path = ../../VideonaiOS/Videona/Videona/Utils.swift; sourceTree = "<group>"; };
		A9B386591D7D55340065D3EC /* RootWireframe.swift */ = {isa = PBXFileReference; fileEncoding = 4; lastKnownFileType = sourcecode.swift; path = RootWireframe.swift; sourceTree = "<group>"; };
		A9B3865D1D7D55660065D3EC /* ViMoJoController.swift */ = {isa = PBXFileReference; fileEncoding = 4; lastKnownFileType = sourcecode.swift; path = ViMoJoController.swift; sourceTree = "<group>"; };
		A9B3865E1D7D55660065D3EC /* ViMoJoInterface.swift */ = {isa = PBXFileReference; fileEncoding = 4; lastKnownFileType = sourcecode.swift; path = ViMoJoInterface.swift; sourceTree = "<group>"; };
		A9ED004F1D9178CB00969F31 /* Alamofire.framework */ = {isa = PBXFileReference; lastKnownFileType = wrapper.framework; name = Alamofire.framework; path = "Pods/../build/Debug-iphoneos/Alamofire.framework"; sourceTree = "<group>"; };
		A9ED00571D917B7200969F31 /* FBSDKCoreKit.framework */ = {isa = PBXFileReference; lastKnownFileType = wrapper.framework; path = FBSDKCoreKit.framework; sourceTree = "<group>"; };
		A9ED00581D917B7200969F31 /* FBSDKLoginKit.framework */ = {isa = PBXFileReference; lastKnownFileType = wrapper.framework; path = FBSDKLoginKit.framework; sourceTree = "<group>"; };
		A9ED00591D917B7200969F31 /* FBSDKShareKit.framework */ = {isa = PBXFileReference; lastKnownFileType = wrapper.framework; path = FBSDKShareKit.framework; sourceTree = "<group>"; };
		A9ED005D1D9185BB00969F31 /* GoogleService-Info.plist */ = {isa = PBXFileReference; fileEncoding = 4; lastKnownFileType = text.plist.xml; path = "GoogleService-Info.plist"; sourceTree = "<group>"; };
		D59F69C32D555170322AC7C3 /* Pods-vimojoTests.debug.xcconfig */ = {isa = PBXFileReference; includeInIndex = 1; lastKnownFileType = text.xcconfig; name = "Pods-vimojoTests.debug.xcconfig"; path = "Pods/Target Support Files/Pods-vimojoTests/Pods-vimojoTests.debug.xcconfig"; sourceTree = "<group>"; };
		EF602602B6EC5129C4287C5B /* Pods-vimojoTests.release.xcconfig */ = {isa = PBXFileReference; includeInIndex = 1; lastKnownFileType = text.xcconfig; name = "Pods-vimojoTests.release.xcconfig"; path = "Pods/Target Support Files/Pods-vimojoTests/Pods-vimojoTests.release.xcconfig"; sourceTree = "<group>"; };
/* End PBXFileReference section */

/* Begin PBXFrameworksBuildPhase section */
		A9B385E31D7D51380065D3EC /* Frameworks */ = {
			isa = PBXFrameworksBuildPhase;
			buildActionMask = 2147483647;
			files = (
				A9ED00501D9178CB00969F31 /* Alamofire.framework in Frameworks */,
				A9ED005A1D917B7200969F31 /* FBSDKCoreKit.framework in Frameworks */,
				A9ED005C1D917B7200969F31 /* FBSDKShareKit.framework in Frameworks */,
				A9ED005B1D917B7200969F31 /* FBSDKLoginKit.framework in Frameworks */,
				A93BCE281D7D590C00421BD0 /* GPUImage.framework in Frameworks */,
				FBD16405E041F315ED5A8513 /* Pods_vimojo.framework in Frameworks */,
			);
			runOnlyForDeploymentPostprocessing = 0;
		};
		A9B385F71D7D51380065D3EC /* Frameworks */ = {
			isa = PBXFrameworksBuildPhase;
			buildActionMask = 2147483647;
			files = (
				37B0E05FB42EBAC14FB65AB6 /* Pods_vimojoTests.framework in Frameworks */,
			);
			runOnlyForDeploymentPostprocessing = 0;
		};
/* End PBXFrameworksBuildPhase section */

/* Begin PBXGroup section */
		07BAF935B60592925D647AD1 /* Pods */ = {
			isa = PBXGroup;
			children = (
				70605131D71C674A720143E6 /* Pods-vimojo.debug.xcconfig */,
				6E783A889228FB8752389F73 /* Pods-vimojo.release.xcconfig */,
				D59F69C32D555170322AC7C3 /* Pods-vimojoTests.debug.xcconfig */,
				EF602602B6EC5129C4287C5B /* Pods-vimojoTests.release.xcconfig */,
			);
			name = Pods;
			sourceTree = "<group>";
		};
		5354C373A4B21404086FF983 /* Frameworks */ = {
			isa = PBXGroup;
			children = (
				A9ED00571D917B7200969F31 /* FBSDKCoreKit.framework */,
				A9ED00581D917B7200969F31 /* FBSDKLoginKit.framework */,
				A9ED00591D917B7200969F31 /* FBSDKShareKit.framework */,
				A9ED004F1D9178CB00969F31 /* Alamofire.framework */,
				A917614B1D917176008915DA /* Alamofire.framework */,
				5669AADF4B95AD1E3054D77E /* Pods_vimojo.framework */,
				A52096C0BD62E16E8E40041F /* Pods_vimojoTests.framework */,
			);
			name = Frameworks;
			sourceTree = "<group>";
		};
		A9058DBE1D90357A0048F484 /* EditingRoom */ = {
			isa = PBXGroup;
			children = (
				A91760A11D9146B5008915DA /* EditingRoomInteractor.swift */,
				A91760A21D9146B5008915DA /* EditingRoomInteractorInterface.swift */,
				A91760A31D9146B5008915DA /* EditingRoomPresenter.swift */,
				A91760A41D9146B5008915DA /* EditingRoomPresenterInterface.swift */,
				A91760A51D9146B5008915DA /* EditingRoomViewController.swift */,
				A91760A61D9146B5008915DA /* EditingRoomViewInterface.swift */,
				A91760A71D9146B5008915DA /* EditingRoomWireframe.swift */,
			);
			name = EditingRoom;
			sourceTree = "<group>";
		};
		A9058DCC1D9035C80048F484 /* Editor */ = {
			isa = PBXGroup;
			children = (
				A917608F1D9143D1008915DA /* Editor.strings */,
				A91760AF1D9146BF008915DA /* EditorClipsCell.swift */,
				A91760B01D9146BF008915DA /* EditorInteractor.swift */,
				A91760B11D9146BF008915DA /* EditorInteractorInterface.swift */,
				A91760B21D9146BF008915DA /* EditorPresenter.swift */,
				A91760B31D9146BF008915DA /* EditorPresenterInterface.swift */,
				A91760B41D9146BF008915DA /* EditorTextConstants.swift */,
				A91760B51D9146BF008915DA /* EditorViewController.swift */,
				A91760B61D9146BF008915DA /* EditorViewInterface.swift */,
				A91760B71D9146BF008915DA /* EditorWireframe.swift */,
				A91760B81D9146BF008915DA /* ThumbnailListInteractor.swift */,
			);
			name = Editor;
			sourceTree = "<group>";
		};
		A91760D01D9146F4008915DA /* FullScreenPlayer */ = {
			isa = PBXGroup;
			children = (
				A91760D11D9146FE008915DA /* FullScreenPlayerInterface.swift */,
				A91760D21D9146FE008915DA /* FullScreenPlayerPresenter.swift */,
				A91760D31D9146FE008915DA /* FullScreenPlayerPresenterInterface.swift */,
				A91760D41D9146FE008915DA /* FullScreenPlayerViewController.swift */,
				A91760D51D9146FE008915DA /* FullScreenPlayerWireframe.swift */,
			);
			name = FullScreenPlayer;
			sourceTree = "<group>";
		};
		A91760DB1D9147E9008915DA /* Trim */ = {
			isa = PBXGroup;
			children = (
				A91760DE1D914827008915DA /* TrimViewController.swift */,
				A91760DF1D914827008915DA /* TrimWireframe.swift */,
			);
			name = Trim;
			sourceTree = "<group>";
		};
		A91760DC1D9147ED008915DA /* Split */ = {
			isa = PBXGroup;
			children = (
				A91760E81D914840008915DA /* SplitViewInterface.swift */,
				A91760E91D914840008915DA /* SplitViewController.swift */,
				A91760EA1D914840008915DA /* SplitWireframe.swift */,
			);
			name = Split;
			sourceTree = "<group>";
		};
		A91760DD1D9147F1008915DA /* Duplicate */ = {
			isa = PBXGroup;
			children = (
				A91760E21D914835008915DA /* DuplicateViewController.swift */,
				A91760E31D914835008915DA /* DuplicateInterface.swift */,
				A91760E41D914835008915DA /* DuplicateWireframe.swift */,
			);
			name = Duplicate;
			sourceTree = "<group>";
		};
		A91760F81D916F3B008915DA /* Share */ = {
			isa = PBXGroup;
			children = (
				A91760FC1D916F48008915DA /* Share.strings */,
				A91760FD1D916F48008915DA /* ShareCell.swift */,
				A91760FE1D916F48008915DA /* ShareCell.xib */,
				A91760FF1D916F48008915DA /* ShareConstants.swift */,
				A91761001D916F48008915DA /* ShareFacebookInteractor.swift */,
				A91761011D916F48008915DA /* ShareInstagramInteractor.swift */,
				A91761021D916F48008915DA /* ShareInteractor.swift */,
				A91761031D916F48008915DA /* ShareInteractorInterface.swift */,
				A91761041D916F48008915DA /* ShareInterface.swift */,
				A91761051D916F48008915DA /* SharePresenter.swift */,
				A91761061D916F48008915DA /* SharePresenterInterface.swift */,
				A91761071D916F48008915DA /* ShareSocialNetworkInteractor.swift */,
				A91761081D916F48008915DA /* ShareTwitterInteractor.swift */,
				A91761091D916F48008915DA /* ShareViewController.swift */,
				A917610A1D916F48008915DA /* ShareWhatsappInteractor.swift */,
				A917610B1D916F48008915DA /* ShareWireframe.swift */,
				A917610C1D916F48008915DA /* ShareYoutubeInteractor.swift */,
				A917610D1D916F48008915DA /* SocialNetwork.swift */,
				A917610E1D916F48008915DA /* SocialNetworkProvider.swift */,
				A917610F1D916F48008915DA /* TwitterVideoUpload.h */,
				A91761101D916F48008915DA /* TwitterVideoUpload.m */,
			);
			name = Share;
			sourceTree = "<group>";
		};
		A91760FB1D916F3F008915DA /* Music */ = {
			isa = PBXGroup;
			children = (
				A91761251D916F53008915DA /* MusicCell.swift */,
				A91761261D916F53008915DA /* MusicDetailView.swift */,
				A91761271D916F53008915DA /* MusicDetailView.xib */,
				A91761281D916F53008915DA /* MusicInteractor.swift */,
				A91761291D916F53008915DA /* MusicInteractorInterface.swift */,
				A917612A1D916F53008915DA /* MusicPresenter.swift */,
				A917612B1D916F53008915DA /* MusicPresenterInterface.swift */,
				A917612C1D916F53008915DA /* MusicProvider.swift */,
				A917612D1D916F53008915DA /* MusicViewController.swift */,
				A917612E1D916F53008915DA /* MusicViewInterface.swift */,
				A917612F1D916F53008915DA /* MusicWireframe.swift */,
			);
			name = Music;
			sourceTree = "<group>";
		};
		A93BCE041D7D577300421BD0 /* Products */ = {
			isa = PBXGroup;
			children = (
				A93BCE0A1D7D577300421BD0 /* libGPUImage.a */,
				A93BCE0C1D7D577300421BD0 /* GPUImage.framework */,
			);
			name = Products;
			sourceTree = "<group>";
		};
		A93BCE401D7D598600421BD0 /* Recorder */ = {
			isa = PBXGroup;
			children = (
				A9B386191D7D522A0065D3EC /* App Logic */,
				A9B3861C1D7D523F0065D3EC /* User Interface */,
			);
			name = Recorder;
			sourceTree = "<group>";
		};
		A93BCE411D7D598B00421BD0 /* Tracker */ = {
			isa = PBXGroup;
			children = (
				A93BCE421D7D599900421BD0 /* ViMoJoTracker.swift */,
			);
			name = Tracker;
			sourceTree = "<group>";
		};
		A93BCE491D7D5C6B00421BD0 /* Constants */ = {
			isa = PBXGroup;
			children = (
				A93BCE521D7D785100421BD0 /* SettingsConstants.swift */,
				A93BCE4A1D7D5C7400421BD0 /* ConfigPreferences.swift */,
				A93BCE4B1D7D5C7400421BD0 /* AnalitycsConstants.swift */,
			);
			name = Constants;
			sourceTree = "<group>";
		};
		A93BCE541D7D792300421BD0 /* Use case */ = {
			isa = PBXGroup;
			children = (
				A93BCE621D7D7A7200421BD0 /* CompatibleQualityInteractor.swift */,
				A93BCE601D7D7A5A00421BD0 /* AVQualityParse.swift */,
				A93BCE551D7D792B00421BD0 /* AddVideoToProjectUseCase.swift */,
				A93BCE561D7D792B00421BD0 /* GetActualProjectAVCompositionUseCase.swift */,
			);
			name = "Use case";
			sourceTree = "<group>";
		};
		A93BCE591D7D7A0700421BD0 /* NSLocale */ = {
			isa = PBXGroup;
			children = (
				A93BCE5B1D7D7A1300421BD0 /* iso639_2.bundle */,
				A93BCE5C1D7D7A1300421BD0 /* NSLocale+ISO639_2.h */,
				A93BCE5D1D7D7A1300421BD0 /* NSLocale+ISO639_2.m */,
			);
			name = NSLocale;
			sourceTree = "<group>";
		};
		A9B385DD1D7D51380065D3EC = {
			isa = PBXGroup;
			children = (
				A93BCE031D7D577300421BD0 /* GPUImage.xcodeproj */,
				A9B385E81D7D51380065D3EC /* vimojo */,
				A9B385FD1D7D51380065D3EC /* vimojoTests */,
				A9B385E71D7D51380065D3EC /* Products */,
				07BAF935B60592925D647AD1 /* Pods */,
				5354C373A4B21404086FF983 /* Frameworks */,
			);
			sourceTree = "<group>";
		};
		A9B385E71D7D51380065D3EC /* Products */ = {
			isa = PBXGroup;
			children = (
				A9B385E61D7D51380065D3EC /* vimojo.app */,
				A9B385FA1D7D51380065D3EC /* vimojoTests.xctest */,
			);
			name = Products;
			sourceTree = "<group>";
		};
		A9B385E81D7D51380065D3EC /* vimojo */ = {
			isa = PBXGroup;
			children = (
				A93BCE5A1D7D7A1200421BD0 /* vimojo-Bridging-Header.h */,
				A9B386571D7D551A0065D3EC /* Utils.swift */,
				A93BCE751D7D92C300421BD0 /* filter_free.png */,
				A93BCE771D7D93B700421BD0 /* water_mark.png */,
				A93BCE731D7D88EE00421BD0 /* activity_record_rec_circle.png */,
				A93BCE4E1D7D77B300421BD0 /* AVResolutionParse.swift */,
				A93BCE501D7D77FF00421BD0 /* CompatibleResolutionsInteractor.swift */,
				A9B385E91D7D51380065D3EC /* AppDelegate.swift */,
				A9B386551D7D54CF0065D3EC /* AppDependencies.swift */,
				A9B3865B1D7D55440065D3EC /* Common */,
				A9B386181D7D519E0065D3EC /* Modules */,
				A9B386171D7D51940065D3EC /* StoryBoard */,
				A9B385F01D7D51380065D3EC /* Assets.xcassets */,
				A9B385F51D7D51380065D3EC /* Info.plist */,
				A9ED005D1D9185BB00969F31 /* GoogleService-Info.plist */,
			);
			path = vimojo;
			sourceTree = "<group>";
		};
		A9B385FD1D7D51380065D3EC /* vimojoTests */ = {
			isa = PBXGroup;
			children = (
				A9B385FE1D7D51380065D3EC /* vimojoTests.swift */,
				A9B386001D7D51380065D3EC /* Info.plist */,
			);
			path = vimojoTests;
			sourceTree = "<group>";
		};
		A9B386171D7D51940065D3EC /* StoryBoard */ = {
			isa = PBXGroup;
			children = (
				A9B385ED1D7D51380065D3EC /* Main.storyboard */,
				A9B385F21D7D51380065D3EC /* LaunchScreen.storyboard */,
			);
			name = StoryBoard;
			sourceTree = "<group>";
		};
		A9B386181D7D519E0065D3EC /* Modules */ = {
			isa = PBXGroup;
			children = (
				A91760FB1D916F3F008915DA /* Music */,
				A91760F81D916F3B008915DA /* Share */,
				A91760DD1D9147F1008915DA /* Duplicate */,
				A91760DC1D9147ED008915DA /* Split */,
				A91760DB1D9147E9008915DA /* Trim */,
				A91760D01D9146F4008915DA /* FullScreenPlayer */,
				A9058DCC1D9035C80048F484 /* Editor */,
				A9058DBE1D90357A0048F484 /* EditingRoom */,
				A93BCE401D7D598600421BD0 /* Recorder */,
				A93BCE411D7D598B00421BD0 /* Tracker */,
			);
			name = Modules;
			sourceTree = "<group>";
		};
		A9B386191D7D522A0065D3EC /* App Logic */ = {
			isa = PBXGroup;
			children = (
				A9B3861B1D7D52370065D3EC /* Interactor */,
				A9B3861A1D7D52310065D3EC /* Model */,
			);
			name = "App Logic";
			sourceTree = "<group>";
		};
		A9B3861A1D7D52310065D3EC /* Model */ = {
			isa = PBXGroup;
			children = (
				A9B3862A1D7D531B0065D3EC /* RecorderConstants.swift */,
			);
			name = Model;
			sourceTree = "<group>";
		};
		A9B3861B1D7D52370065D3EC /* Interactor */ = {
			isa = PBXGroup;
			children = (
				A9B3862C1D7D53230065D3EC /* RecorderInteractorInterface.swift */,
				A9B3862D1D7D53230065D3EC /* RecorderInteractor.swift */,
				A9B3862E1D7D53230065D3EC /* CameraInteractor.swift */,
				A9B3862F1D7D53230065D3EC /* CameraInteractorInterface.swift */,
				A9B386501D7D53C60065D3EC /* Recorder interactor */,
				A9B386471D7D53A90065D3EC /* Exporter interactor */,
				A9B386461D7D539D0065D3EC /* Filters Interactor */,
				A9B386431D7D538E0065D3EC /* Flash */,
				A9B3863E1D7D537C0065D3EC /* Timer */,
				A9B3863B1D7D536A0065D3EC /* Thumbnail */,
				A9B386351D7D53350065D3EC /* CustomAlbum */,
			);
			name = Interactor;
			sourceTree = "<group>";
		};
		A9B3861C1D7D523F0065D3EC /* User Interface */ = {
			isa = PBXGroup;
			children = (
				A9B3861E1D7D52540065D3EC /* View */,
				A9B3861D1D7D524E0065D3EC /* Presenter */,
				A9B3861F1D7D525C0065D3EC /* Wireframe */,
			);
			name = "User Interface";
			sourceTree = "<group>";
		};
		A9B3861D1D7D524E0065D3EC /* Presenter */ = {
			isa = PBXGroup;
			children = (
				A9B386201D7D52E30065D3EC /* RecordPresenter.swift */,
				A9B386211D7D52E30065D3EC /* RecordPresenterInterfaceIO.swift */,
			);
			name = Presenter;
			sourceTree = "<group>";
		};
		A9B3861E1D7D52540065D3EC /* View */ = {
			isa = PBXGroup;
			children = (
				A9B386241D7D52EA0065D3EC /* RecordController.swift */,
			);
			name = View;
			sourceTree = "<group>";
		};
		A9B3861F1D7D525C0065D3EC /* Wireframe */ = {
			isa = PBXGroup;
			children = (
				A9B386281D7D52F40065D3EC /* RecordWireframe.swift */,
			);
			name = Wireframe;
			sourceTree = "<group>";
		};
		A9B386351D7D53350065D3EC /* CustomAlbum */ = {
			isa = PBXGroup;
			children = (
				A9B386361D7D53450065D3EC /* ClipsAlbum.swift */,
				A9B386371D7D53450065D3EC /* ExportedAlbum.swift */,
			);
			name = CustomAlbum;
			sourceTree = "<group>";
		};
		A9B3863B1D7D536A0065D3EC /* Thumbnail */ = {
			isa = PBXGroup;
			children = (
				A9B3863C1D7D53740065D3EC /* ThumbnailInteractor.swift */,
			);
			name = Thumbnail;
			sourceTree = "<group>";
		};
		A9B3863E1D7D537C0065D3EC /* Timer */ = {
			isa = PBXGroup;
			children = (
				A9B3863F1D7D53880065D3EC /* TimerInteractor.swift */,
				A9B386401D7D53880065D3EC /* TimerInteractorInterface.swift */,
			);
			name = Timer;
			sourceTree = "<group>";
		};
		A9B386431D7D538E0065D3EC /* Flash */ = {
			isa = PBXGroup;
			children = (
				A9B386441D7D53960065D3EC /* FlashInteractor.swift */,
			);
			name = Flash;
			sourceTree = "<group>";
		};
		A9B386461D7D539D0065D3EC /* Filters Interactor */ = {
			isa = PBXGroup;
			children = (
				A9B3864A1D7D53BA0065D3EC /* AddFilterInteractor.swift */,
				A9B3864B1D7D53BA0065D3EC /* RemoveFilterInteractor.swift */,
				A9B3864C1D7D53BA0065D3EC /* ChangeFilterInteractor.swift */,
			);
			name = "Filters Interactor";
			sourceTree = "<group>";
		};
		A9B386471D7D53A90065D3EC /* Exporter interactor */ = {
			isa = PBXGroup;
			children = (
				A9B386481D7D53B20065D3EC /* ExporterInteractor.swift */,
			);
			name = "Exporter interactor";
			sourceTree = "<group>";
		};
		A9B386501D7D53C60065D3EC /* Recorder interactor */ = {
			isa = PBXGroup;
			children = (
				A9B386511D7D53D10065D3EC /* CameraRecorderInteractor.swift */,
				A9B386521D7D53D10065D3EC /* CameraRecorderInterface.swift */,
			);
			name = "Recorder interactor";
			sourceTree = "<group>";
		};
		A9B3865B1D7D55440065D3EC /* Common */ = {
			isa = PBXGroup;
			children = (
				A93BCE591D7D7A0700421BD0 /* NSLocale */,
				A93BCE541D7D792300421BD0 /* Use case */,
				A93BCE491D7D5C6B00421BD0 /* Constants */,
				A9B3865C1D7D554E0065D3EC /* ViMoJo as Module */,
			);
			name = Common;
			sourceTree = "<group>";
		};
		A9B3865C1D7D554E0065D3EC /* ViMoJo as Module */ = {
			isa = PBXGroup;
			children = (
				A9B3865D1D7D55660065D3EC /* ViMoJoController.swift */,
				A9B3865E1D7D55660065D3EC /* ViMoJoInterface.swift */,
				A9B386591D7D55340065D3EC /* RootWireframe.swift */,
			);
			name = "ViMoJo as Module";
			sourceTree = "<group>";
		};
/* End PBXGroup section */

/* Begin PBXNativeTarget section */
		A9B385E51D7D51380065D3EC /* vimojo */ = {
			isa = PBXNativeTarget;
			buildConfigurationList = A9B386031D7D51380065D3EC /* Build configuration list for PBXNativeTarget "vimojo" */;
			buildPhases = (
				8E039359102B8C1E24B1B690 /* Check Pods Manifest.lock */,
				A9B385E21D7D51380065D3EC /* Sources */,
				A9B385E31D7D51380065D3EC /* Frameworks */,
				A9B385E41D7D51380065D3EC /* Resources */,
				A93BCE2C1D7D590C00421BD0 /* Embed Frameworks */,
				A93BCE311D7D593600421BD0 /* CopyFiles */,
				7A49D9DA4E3723AD1FF02C11 /* Embed Pods Frameworks */,
				2DFAC9DF682CA12F9BA6504C /* Copy Pods Resources */,
			);
			buildRules = (
			);
			dependencies = (
				A93BCE2B1D7D590C00421BD0 /* PBXTargetDependency */,
			);
			name = vimojo;
			productName = vimojo;
			productReference = A9B385E61D7D51380065D3EC /* vimojo.app */;
			productType = "com.apple.product-type.application";
		};
		A9B385F91D7D51380065D3EC /* vimojoTests */ = {
			isa = PBXNativeTarget;
			buildConfigurationList = A9B386061D7D51380065D3EC /* Build configuration list for PBXNativeTarget "vimojoTests" */;
			buildPhases = (
				48432A405490E23DCC344F58 /* [CP] Check Pods Manifest.lock */,
				A9B385F61D7D51380065D3EC /* Sources */,
				A9B385F71D7D51380065D3EC /* Frameworks */,
				A9B385F81D7D51380065D3EC /* Resources */,
				FF3D1A8095DE821DACBDB7A4 /* [CP] Embed Pods Frameworks */,
				2F1133C49C3C13335E93E43D /* [CP] Copy Pods Resources */,
			);
			buildRules = (
			);
			dependencies = (
				A9B385FC1D7D51380065D3EC /* PBXTargetDependency */,
			);
			name = vimojoTests;
			productName = vimojoTests;
			productReference = A9B385FA1D7D51380065D3EC /* vimojoTests.xctest */;
			productType = "com.apple.product-type.bundle.unit-test";
		};
/* End PBXNativeTarget section */

/* Begin PBXProject section */
		A9B385DE1D7D51380065D3EC /* Project object */ = {
			isa = PBXProject;
			attributes = {
				LastSwiftUpdateCheck = 0730;
				LastUpgradeCheck = 0730;
				ORGANIZATIONNAME = Videona;
				TargetAttributes = {
					A9B385E51D7D51380065D3EC = {
						CreatedOnToolsVersion = 7.3.1;
					};
					A9B385F91D7D51380065D3EC = {
						CreatedOnToolsVersion = 7.3.1;
						TestTargetID = A9B385E51D7D51380065D3EC;
					};
				};
			};
			buildConfigurationList = A9B385E11D7D51380065D3EC /* Build configuration list for PBXProject "vimojo" */;
			compatibilityVersion = "Xcode 3.2";
			developmentRegion = English;
			hasScannedForEncodings = 0;
			knownRegions = (
				en,
				Base,
				es,
			);
			mainGroup = A9B385DD1D7D51380065D3EC;
			productRefGroup = A9B385E71D7D51380065D3EC /* Products */;
			projectDirPath = "";
			projectReferences = (
				{
					ProductGroup = A93BCE041D7D577300421BD0 /* Products */;
					ProjectRef = A93BCE031D7D577300421BD0 /* GPUImage.xcodeproj */;
				},
			);
			projectRoot = "";
			targets = (
				A9B385E51D7D51380065D3EC /* vimojo */,
				A9B385F91D7D51380065D3EC /* vimojoTests */,
			);
		};
/* End PBXProject section */

/* Begin PBXReferenceProxy section */
		A93BCE0A1D7D577300421BD0 /* libGPUImage.a */ = {
			isa = PBXReferenceProxy;
			fileType = archive.ar;
			path = libGPUImage.a;
			remoteRef = A93BCE091D7D577300421BD0 /* PBXContainerItemProxy */;
			sourceTree = BUILT_PRODUCTS_DIR;
		};
		A93BCE0C1D7D577300421BD0 /* GPUImage.framework */ = {
			isa = PBXReferenceProxy;
			fileType = wrapper.framework;
			path = GPUImage.framework;
			remoteRef = A93BCE0B1D7D577300421BD0 /* PBXContainerItemProxy */;
			sourceTree = BUILT_PRODUCTS_DIR;
		};
/* End PBXReferenceProxy section */

/* Begin PBXResourcesBuildPhase section */
		A9B385E41D7D51380065D3EC /* Resources */ = {
			isa = PBXResourcesBuildPhase;
			buildActionMask = 2147483647;
			files = (
				A93BCE741D7D88EE00421BD0 /* activity_record_rec_circle.png in Resources */,
				A9B385F41D7D51380065D3EC /* LaunchScreen.storyboard in Resources */,
				A9ED005E1D9185BB00969F31 /* GoogleService-Info.plist in Resources */,
				A93BCE781D7D93B700421BD0 /* water_mark.png in Resources */,
				A93BCE5E1D7D7A1300421BD0 /* iso639_2.bundle in Resources */,
				A9B385F11D7D51380065D3EC /* Assets.xcassets in Resources */,
				A91761131D916F48008915DA /* ShareCell.xib in Resources */,
				A91760901D9143D1008915DA /* Editor.strings in Resources */,
				A9B385EF1D7D51380065D3EC /* Main.storyboard in Resources */,
				A91761321D916F53008915DA /* MusicDetailView.xib in Resources */,
				A91761111D916F48008915DA /* Share.strings in Resources */,
				A93BCE761D7D92C300421BD0 /* filter_free.png in Resources */,
			);
			runOnlyForDeploymentPostprocessing = 0;
		};
		A9B385F81D7D51380065D3EC /* Resources */ = {
			isa = PBXResourcesBuildPhase;
			buildActionMask = 2147483647;
			files = (
			);
			runOnlyForDeploymentPostprocessing = 0;
		};
/* End PBXResourcesBuildPhase section */

/* Begin PBXShellScriptBuildPhase section */
		2DFAC9DF682CA12F9BA6504C /* Copy Pods Resources */ = {
			isa = PBXShellScriptBuildPhase;
			buildActionMask = 2147483647;
			files = (
			);
			inputPaths = (
			);
			name = "Copy Pods Resources";
			outputPaths = (
			);
			runOnlyForDeploymentPostprocessing = 0;
			shellPath = /bin/sh;
			shellScript = "\"${SRCROOT}/Pods/Target Support Files/Pods-vimojo/Pods-vimojo-resources.sh\"\n";
			showEnvVarsInLog = 0;
		};
		2F1133C49C3C13335E93E43D /* [CP] Copy Pods Resources */ = {
			isa = PBXShellScriptBuildPhase;
			buildActionMask = 2147483647;
			files = (
			);
			inputPaths = (
			);
			name = "[CP] Copy Pods Resources";
			outputPaths = (
			);
			runOnlyForDeploymentPostprocessing = 0;
			shellPath = /bin/sh;
			shellScript = "\"${SRCROOT}/Pods/Target Support Files/Pods-vimojoTests/Pods-vimojoTests-resources.sh\"\n";
			showEnvVarsInLog = 0;
		};
		48432A405490E23DCC344F58 /* [CP] Check Pods Manifest.lock */ = {
			isa = PBXShellScriptBuildPhase;
			buildActionMask = 2147483647;
			files = (
			);
			inputPaths = (
			);
			name = "[CP] Check Pods Manifest.lock";
			outputPaths = (
			);
			runOnlyForDeploymentPostprocessing = 0;
			shellPath = /bin/sh;
			shellScript = "diff \"${PODS_ROOT}/../Podfile.lock\" \"${PODS_ROOT}/Manifest.lock\" > /dev/null\nif [[ $? != 0 ]] ; then\n    cat << EOM\nerror: The sandbox is not in sync with the Podfile.lock. Run 'pod install' or update your CocoaPods installation.\nEOM\n    exit 1\nfi\n";
			showEnvVarsInLog = 0;
		};
		7A49D9DA4E3723AD1FF02C11 /* Embed Pods Frameworks */ = {
			isa = PBXShellScriptBuildPhase;
			buildActionMask = 2147483647;
			files = (
			);
			inputPaths = (
			);
			name = "Embed Pods Frameworks";
			outputPaths = (
			);
			runOnlyForDeploymentPostprocessing = 0;
			shellPath = /bin/sh;
			shellScript = "\"${SRCROOT}/Pods/Target Support Files/Pods-vimojo/Pods-vimojo-frameworks.sh\"\n";
			showEnvVarsInLog = 0;
		};
		8E039359102B8C1E24B1B690 /* Check Pods Manifest.lock */ = {
			isa = PBXShellScriptBuildPhase;
			buildActionMask = 2147483647;
			files = (
			);
			inputPaths = (
			);
			name = "Check Pods Manifest.lock";
			outputPaths = (
			);
			runOnlyForDeploymentPostprocessing = 0;
			shellPath = /bin/sh;
			shellScript = "diff \"${PODS_ROOT}/../Podfile.lock\" \"${PODS_ROOT}/Manifest.lock\" > /dev/null\nif [[ $? != 0 ]] ; then\n    cat << EOM\nerror: The sandbox is not in sync with the Podfile.lock. Run 'pod install' or update your CocoaPods installation.\nEOM\n    exit 1\nfi\n";
			showEnvVarsInLog = 0;
		};
		FF3D1A8095DE821DACBDB7A4 /* [CP] Embed Pods Frameworks */ = {
			isa = PBXShellScriptBuildPhase;
			buildActionMask = 2147483647;
			files = (
			);
			inputPaths = (
			);
			name = "[CP] Embed Pods Frameworks";
			outputPaths = (
			);
			runOnlyForDeploymentPostprocessing = 0;
			shellPath = /bin/sh;
			shellScript = "\"${SRCROOT}/Pods/Target Support Files/Pods-vimojoTests/Pods-vimojoTests-frameworks.sh\"\n";
			showEnvVarsInLog = 0;
		};
/* End PBXShellScriptBuildPhase section */

/* Begin PBXSourcesBuildPhase section */
		A9B385E21D7D51380065D3EC /* Sources */ = {
			isa = PBXSourcesBuildPhase;
			buildActionMask = 2147483647;
			files = (
				A91761341D916F53008915DA /* MusicInteractorInterface.swift in Sources */,
				A91760DA1D9146FE008915DA /* FullScreenPlayerWireframe.swift in Sources */,
				A91760BE1D9146BF008915DA /* EditorTextConstants.swift in Sources */,
				A91760E71D914835008915DA /* DuplicateWireframe.swift in Sources */,
				A91761221D916F48008915DA /* SocialNetwork.swift in Sources */,
				A93BCE4F1D7D77B300421BD0 /* AVResolutionParse.swift in Sources */,
				A91761201D916F48008915DA /* ShareWireframe.swift in Sources */,
				A9B3864F1D7D53BA0065D3EC /* ChangeFilterInteractor.swift in Sources */,
				A91761311D916F53008915DA /* MusicDetailView.swift in Sources */,
				A93BCE511D7D77FF00421BD0 /* CompatibleResolutionsInteractor.swift in Sources */,
				A91760AA1D9146B5008915DA /* EditingRoomPresenter.swift in Sources */,
				A91760B91D9146BF008915DA /* EditorClipsCell.swift in Sources */,
				A91760BC1D9146BF008915DA /* EditorPresenter.swift in Sources */,
				A91760BF1D9146BF008915DA /* EditorViewController.swift in Sources */,
				A9B386311D7D53230065D3EC /* RecorderInteractor.swift in Sources */,
				A91761371D916F53008915DA /* MusicProvider.swift in Sources */,
				A9B386301D7D53230065D3EC /* RecorderInteractorInterface.swift in Sources */,
				A9B386221D7D52E30065D3EC /* RecordPresenter.swift in Sources */,
				A917611F1D916F48008915DA /* ShareWhatsappInteractor.swift in Sources */,
				A93BCE571D7D792B00421BD0 /* AddVideoToProjectUseCase.swift in Sources */,
				A917611A1D916F48008915DA /* SharePresenter.swift in Sources */,
				A91760E51D914835008915DA /* DuplicateViewController.swift in Sources */,
				A9B386331D7D53230065D3EC /* CameraInteractorInterface.swift in Sources */,
				A91760C01D9146BF008915DA /* EditorViewInterface.swift in Sources */,
				A9B386581D7D551A0065D3EC /* Utils.swift in Sources */,
				A9B386291D7D52F40065D3EC /* RecordWireframe.swift in Sources */,
				A9B386391D7D53450065D3EC /* ExportedAlbum.swift in Sources */,
				A91760BA1D9146BF008915DA /* EditorInteractor.swift in Sources */,
				A917611E1D916F48008915DA /* ShareViewController.swift in Sources */,
				A93BCE531D7D785100421BD0 /* SettingsConstants.swift in Sources */,
				A93BCE631D7D7A7200421BD0 /* CompatibleQualityInteractor.swift in Sources */,
				A9B386321D7D53230065D3EC /* CameraInteractor.swift in Sources */,
				A9B386231D7D52E30065D3EC /* RecordPresenterInterfaceIO.swift in Sources */,
				A9B386261D7D52EA0065D3EC /* RecordController.swift in Sources */,
				A91760D91D9146FE008915DA /* FullScreenPlayerViewController.swift in Sources */,
				A91760EC1D914840008915DA /* SplitViewController.swift in Sources */,
				A91761351D916F53008915DA /* MusicPresenter.swift in Sources */,
				A91760E01D914827008915DA /* TrimViewController.swift in Sources */,
				A9B3862B1D7D531B0065D3EC /* RecorderConstants.swift in Sources */,
				A91760D81D9146FE008915DA /* FullScreenPlayerPresenterInterface.swift in Sources */,
				A91760BD1D9146BF008915DA /* EditorPresenterInterface.swift in Sources */,
				A91761121D916F48008915DA /* ShareCell.swift in Sources */,
				A93BCE5F1D7D7A1300421BD0 /* NSLocale+ISO639_2.m in Sources */,
				A91761331D916F53008915DA /* MusicInteractor.swift in Sources */,
				A917611B1D916F48008915DA /* SharePresenterInterface.swift in Sources */,
				A91760E61D914835008915DA /* DuplicateInterface.swift in Sources */,
				A91761211D916F48008915DA /* ShareYoutubeInteractor.swift in Sources */,
				A91760A91D9146B5008915DA /* EditingRoomInteractorInterface.swift in Sources */,
				A9B386531D7D53D10065D3EC /* CameraRecorderInteractor.swift in Sources */,
				A91761191D916F48008915DA /* ShareInterface.swift in Sources */,
				A9B385EA1D7D51380065D3EC /* AppDelegate.swift in Sources */,
				A9B386411D7D53880065D3EC /* TimerInteractor.swift in Sources */,
				A91761141D916F48008915DA /* ShareConstants.swift in Sources */,
				A93BCE4D1D7D5C7400421BD0 /* AnalitycsConstants.swift in Sources */,
				A91760C21D9146BF008915DA /* ThumbnailListInteractor.swift in Sources */,
				A91761361D916F53008915DA /* MusicPresenterInterface.swift in Sources */,
				A91760EB1D914840008915DA /* SplitViewInterface.swift in Sources */,
				A9B3865F1D7D55660065D3EC /* ViMoJoController.swift in Sources */,
				A9B386541D7D53D10065D3EC /* CameraRecorderInterface.swift in Sources */,
				A93BCE4C1D7D5C7400421BD0 /* ConfigPreferences.swift in Sources */,
				A91760D71D9146FE008915DA /* FullScreenPlayerPresenter.swift in Sources */,
				A9B386491D7D53B20065D3EC /* ExporterInteractor.swift in Sources */,
				A91760AB1D9146B5008915DA /* EditingRoomPresenterInterface.swift in Sources */,
				A9B386561D7D54CF0065D3EC /* AppDependencies.swift in Sources */,
				A91761171D916F48008915DA /* ShareInteractor.swift in Sources */,
				A91760AC1D9146B5008915DA /* EditingRoomViewController.swift in Sources */,
				A91760ED1D914840008915DA /* SplitWireframe.swift in Sources */,
				A91760E11D914827008915DA /* TrimWireframe.swift in Sources */,
				A91761391D916F53008915DA /* MusicViewInterface.swift in Sources */,
				A91761161D916F48008915DA /* ShareInstagramInteractor.swift in Sources */,
				A91761151D916F48008915DA /* ShareFacebookInteractor.swift in Sources */,
				A9B3865A1D7D55340065D3EC /* RootWireframe.swift in Sources */,
				A91761231D916F48008915DA /* SocialNetworkProvider.swift in Sources */,
				A91760A81D9146B5008915DA /* EditingRoomInteractor.swift in Sources */,
				A93BCE431D7D599900421BD0 /* ViMoJoTracker.swift in Sources */,
				A917611D1D916F48008915DA /* ShareTwitterInteractor.swift in Sources */,
				A91760C11D9146BF008915DA /* EditorWireframe.swift in Sources */,
				A9B3863D1D7D53740065D3EC /* ThumbnailInteractor.swift in Sources */,
				A9B3864E1D7D53BA0065D3EC /* RemoveFilterInteractor.swift in Sources */,
				A91760AD1D9146B5008915DA /* EditingRoomViewInterface.swift in Sources */,
				A9B386451D7D53960065D3EC /* FlashInteractor.swift in Sources */,
				A91761301D916F53008915DA /* MusicCell.swift in Sources */,
				A917613A1D916F53008915DA /* MusicWireframe.swift in Sources */,
				A9B386601D7D55660065D3EC /* ViMoJoInterface.swift in Sources */,
				A9B386381D7D53450065D3EC /* ClipsAlbum.swift in Sources */,
				A91761181D916F48008915DA /* ShareInteractorInterface.swift in Sources */,
				A9B3864D1D7D53BA0065D3EC /* AddFilterInteractor.swift in Sources */,
				A9B386421D7D53880065D3EC /* TimerInteractorInterface.swift in Sources */,
				A91760D61D9146FE008915DA /* FullScreenPlayerInterface.swift in Sources */,
				A93BCE611D7D7A5A00421BD0 /* AVQualityParse.swift in Sources */,
				A917611C1D916F48008915DA /* ShareSocialNetworkInteractor.swift in Sources */,
				A91761241D916F48008915DA /* TwitterVideoUpload.m in Sources */,
				A91761381D916F53008915DA /* MusicViewController.swift in Sources */,
				A91760BB1D9146BF008915DA /* EditorInteractorInterface.swift in Sources */,
				A93BCE581D7D792B00421BD0 /* GetActualProjectAVCompositionUseCase.swift in Sources */,
				A91760AE1D9146B5008915DA /* EditingRoomWireframe.swift in Sources */,
			);
			runOnlyForDeploymentPostprocessing = 0;
		};
		A9B385F61D7D51380065D3EC /* Sources */ = {
			isa = PBXSourcesBuildPhase;
			buildActionMask = 2147483647;
			files = (
				A9B385FF1D7D51380065D3EC /* vimojoTests.swift in Sources */,
			);
			runOnlyForDeploymentPostprocessing = 0;
		};
/* End PBXSourcesBuildPhase section */

/* Begin PBXTargetDependency section */
		A93BCE2B1D7D590C00421BD0 /* PBXTargetDependency */ = {
			isa = PBXTargetDependency;
			name = GPUImageFramework;
			targetProxy = A93BCE2A1D7D590C00421BD0 /* PBXContainerItemProxy */;
		};
		A9B385FC1D7D51380065D3EC /* PBXTargetDependency */ = {
			isa = PBXTargetDependency;
			target = A9B385E51D7D51380065D3EC /* vimojo */;
			targetProxy = A9B385FB1D7D51380065D3EC /* PBXContainerItemProxy */;
		};
/* End PBXTargetDependency section */

/* Begin PBXVariantGroup section */
		A9B385ED1D7D51380065D3EC /* Main.storyboard */ = {
			isa = PBXVariantGroup;
			children = (
				A9B385EE1D7D51380065D3EC /* Base */,
				A96734F91D7FFBA300441872 /* es */,
				A905C02E1D8050C2001B4F25 /* en */,
			);
			name = Main.storyboard;
			sourceTree = "<group>";
		};
		A9B385F21D7D51380065D3EC /* LaunchScreen.storyboard */ = {
			isa = PBXVariantGroup;
			children = (
				A9B385F31D7D51380065D3EC /* Base */,
				A96734FA1D7FFBA300441872 /* es */,
			);
			name = LaunchScreen.storyboard;
			sourceTree = "<group>";
		};
/* End PBXVariantGroup section */

/* Begin XCBuildConfiguration section */
		A9B386011D7D51380065D3EC /* Debug */ = {
			isa = XCBuildConfiguration;
			buildSettings = {
				ALWAYS_SEARCH_USER_PATHS = NO;
				CLANG_ANALYZER_NONNULL = YES;
				CLANG_CXX_LANGUAGE_STANDARD = "gnu++0x";
				CLANG_CXX_LIBRARY = "libc++";
				CLANG_ENABLE_MODULES = YES;
				CLANG_ENABLE_OBJC_ARC = YES;
				CLANG_WARN_BOOL_CONVERSION = YES;
				CLANG_WARN_CONSTANT_CONVERSION = YES;
				CLANG_WARN_DIRECT_OBJC_ISA_USAGE = YES_ERROR;
				CLANG_WARN_EMPTY_BODY = YES;
				CLANG_WARN_ENUM_CONVERSION = YES;
				CLANG_WARN_INT_CONVERSION = YES;
				CLANG_WARN_OBJC_ROOT_CLASS = YES_ERROR;
				CLANG_WARN_UNREACHABLE_CODE = YES;
				CLANG_WARN__DUPLICATE_METHOD_MATCH = YES;
				"CODE_SIGN_IDENTITY[sdk=iphoneos*]" = "iPhone Developer";
				COPY_PHASE_STRIP = NO;
				DEBUG_INFORMATION_FORMAT = dwarf;
				ENABLE_STRICT_OBJC_MSGSEND = YES;
				ENABLE_TESTABILITY = YES;
				GCC_C_LANGUAGE_STANDARD = gnu99;
				GCC_DYNAMIC_NO_PIC = NO;
				GCC_NO_COMMON_BLOCKS = YES;
				GCC_OPTIMIZATION_LEVEL = 0;
				GCC_PREPROCESSOR_DEFINITIONS = (
					"DEBUG=1",
					"$(inherited)",
				);
				GCC_WARN_64_TO_32_BIT_CONVERSION = YES;
				GCC_WARN_ABOUT_RETURN_TYPE = YES_ERROR;
				GCC_WARN_UNDECLARED_SELECTOR = YES;
				GCC_WARN_UNINITIALIZED_AUTOS = YES_AGGRESSIVE;
				GCC_WARN_UNUSED_FUNCTION = YES;
				GCC_WARN_UNUSED_VARIABLE = YES;
				IPHONEOS_DEPLOYMENT_TARGET = 9.3;
				MTL_ENABLE_DEBUG_INFO = YES;
				ONLY_ACTIVE_ARCH = YES;
				SDKROOT = iphoneos;
				SWIFT_OPTIMIZATION_LEVEL = "-Onone";
				TARGETED_DEVICE_FAMILY = "1,2";
			};
			name = Debug;
		};
		A9B386021D7D51380065D3EC /* Release */ = {
			isa = XCBuildConfiguration;
			buildSettings = {
				ALWAYS_SEARCH_USER_PATHS = NO;
				CLANG_ANALYZER_NONNULL = YES;
				CLANG_CXX_LANGUAGE_STANDARD = "gnu++0x";
				CLANG_CXX_LIBRARY = "libc++";
				CLANG_ENABLE_MODULES = YES;
				CLANG_ENABLE_OBJC_ARC = YES;
				CLANG_WARN_BOOL_CONVERSION = YES;
				CLANG_WARN_CONSTANT_CONVERSION = YES;
				CLANG_WARN_DIRECT_OBJC_ISA_USAGE = YES_ERROR;
				CLANG_WARN_EMPTY_BODY = YES;
				CLANG_WARN_ENUM_CONVERSION = YES;
				CLANG_WARN_INT_CONVERSION = YES;
				CLANG_WARN_OBJC_ROOT_CLASS = YES_ERROR;
				CLANG_WARN_UNREACHABLE_CODE = YES;
				CLANG_WARN__DUPLICATE_METHOD_MATCH = YES;
				"CODE_SIGN_IDENTITY[sdk=iphoneos*]" = "iPhone Developer";
				COPY_PHASE_STRIP = NO;
				DEBUG_INFORMATION_FORMAT = "dwarf-with-dsym";
				ENABLE_NS_ASSERTIONS = NO;
				ENABLE_STRICT_OBJC_MSGSEND = YES;
				GCC_C_LANGUAGE_STANDARD = gnu99;
				GCC_NO_COMMON_BLOCKS = YES;
				GCC_WARN_64_TO_32_BIT_CONVERSION = YES;
				GCC_WARN_ABOUT_RETURN_TYPE = YES_ERROR;
				GCC_WARN_UNDECLARED_SELECTOR = YES;
				GCC_WARN_UNINITIALIZED_AUTOS = YES_AGGRESSIVE;
				GCC_WARN_UNUSED_FUNCTION = YES;
				GCC_WARN_UNUSED_VARIABLE = YES;
				IPHONEOS_DEPLOYMENT_TARGET = 9.3;
				MTL_ENABLE_DEBUG_INFO = NO;
				SDKROOT = iphoneos;
				TARGETED_DEVICE_FAMILY = "1,2";
				VALIDATE_PRODUCT = YES;
			};
			name = Release;
		};
		A9B386041D7D51380065D3EC /* Debug */ = {
			isa = XCBuildConfiguration;
			baseConfigurationReference = 70605131D71C674A720143E6 /* Pods-vimojo.debug.xcconfig */;
			buildSettings = {
				ASSETCATALOG_COMPILER_APPICON_NAME = AppIcon;
				CLANG_ENABLE_MODULES = YES;
				"CODE_SIGN_IDENTITY[sdk=iphoneos*]" = "";
				EMBEDDED_CONTENT_CONTAINS_SWIFT = YES;
				FRAMEWORK_SEARCH_PATHS = (
					"$(inherited)",
					"\"${PODS_ROOT}/Crashlytics/iOS\"",
					"\"${PODS_ROOT}/Fabric/iOS\"",
					/Users/Alejandro/Desktop/Repos/Videona,
					"Frameworks/**",
					/Users/Alejandro/Desktop/Repos/Videona,
					"Frameworks/SpaceOnDisk/**",
					"$(PROJECT_DIR)",
					"$(PROJECT_DIR)/build/Debug-iphoneos",
				);
				INFOPLIST_FILE = vimojo/Info.plist;
				LD_RUNPATH_SEARCH_PATHS = "$(inherited) @executable_path/Frameworks";
				PRODUCT_BUNDLE_IDENTIFIER = com.videona.vimojo;
				PRODUCT_NAME = "$(TARGET_NAME)";
				PROVISIONING_PROFILE = "e86830c9-df8e-479e-b037-319e6d03d448";
				SWIFT_OBJC_BRIDGING_HEADER = "vimojo/vimojo-Bridging-Header.h";
				SWIFT_OPTIMIZATION_LEVEL = "-Onone";
				TARGETED_DEVICE_FAMILY = "1,2";
			};
			name = Debug;
		};
		A9B386051D7D51380065D3EC /* Release */ = {
			isa = XCBuildConfiguration;
			baseConfigurationReference = 6E783A889228FB8752389F73 /* Pods-vimojo.release.xcconfig */;
			buildSettings = {
				ASSETCATALOG_COMPILER_APPICON_NAME = AppIcon;
				CLANG_ENABLE_MODULES = YES;
				"CODE_SIGN_IDENTITY[sdk=iphoneos*]" = "";
				EMBEDDED_CONTENT_CONTAINS_SWIFT = YES;
				FRAMEWORK_SEARCH_PATHS = (
					"$(inherited)",
					"\"${PODS_ROOT}/Crashlytics/iOS\"",
					"\"${PODS_ROOT}/Fabric/iOS\"",
					/Users/Alejandro/Desktop/Repos/Videona,
					"Frameworks/**",
					/Users/Alejandro/Desktop/Repos/Videona,
					"Frameworks/SpaceOnDisk/**",
					"$(PROJECT_DIR)",
					"$(PROJECT_DIR)/build/Debug-iphoneos",
				);
				INFOPLIST_FILE = vimojo/Info.plist;
				LD_RUNPATH_SEARCH_PATHS = "$(inherited) @executable_path/Frameworks";
				PRODUCT_BUNDLE_IDENTIFIER = com.videona.vimojo;
				PRODUCT_NAME = "$(TARGET_NAME)";
				PROVISIONING_PROFILE = "e86830c9-df8e-479e-b037-319e6d03d448";
				SWIFT_OBJC_BRIDGING_HEADER = "vimojo/vimojo-Bridging-Header.h";
				TARGETED_DEVICE_FAMILY = "1,2";
			};
			name = Release;
		};
		A9B386071D7D51380065D3EC /* Debug */ = {
			isa = XCBuildConfiguration;
			baseConfigurationReference = D59F69C32D555170322AC7C3 /* Pods-vimojoTests.debug.xcconfig */;
			buildSettings = {
				BUNDLE_LOADER = "$(TEST_HOST)";
				INFOPLIST_FILE = vimojoTests/Info.plist;
				LD_RUNPATH_SEARCH_PATHS = "$(inherited) @executable_path/Frameworks @loader_path/Frameworks";
				PRODUCT_BUNDLE_IDENTIFIER = com.videona.vimojoTests;
				PRODUCT_NAME = "$(TARGET_NAME)";
				TEST_HOST = "$(BUILT_PRODUCTS_DIR)/vimojo.app/vimojo";
			};
			name = Debug;
		};
		A9B386081D7D51380065D3EC /* Release */ = {
			isa = XCBuildConfiguration;
			baseConfigurationReference = EF602602B6EC5129C4287C5B /* Pods-vimojoTests.release.xcconfig */;
			buildSettings = {
				BUNDLE_LOADER = "$(TEST_HOST)";
				INFOPLIST_FILE = vimojoTests/Info.plist;
				LD_RUNPATH_SEARCH_PATHS = "$(inherited) @executable_path/Frameworks @loader_path/Frameworks";
				PRODUCT_BUNDLE_IDENTIFIER = com.videona.vimojoTests;
				PRODUCT_NAME = "$(TARGET_NAME)";
				TEST_HOST = "$(BUILT_PRODUCTS_DIR)/vimojo.app/vimojo";
			};
			name = Release;
		};
/* End XCBuildConfiguration section */

/* Begin XCConfigurationList section */
		A9B385E11D7D51380065D3EC /* Build configuration list for PBXProject "vimojo" */ = {
			isa = XCConfigurationList;
			buildConfigurations = (
				A9B386011D7D51380065D3EC /* Debug */,
				A9B386021D7D51380065D3EC /* Release */,
			);
			defaultConfigurationIsVisible = 0;
			defaultConfigurationName = Release;
		};
		A9B386031D7D51380065D3EC /* Build configuration list for PBXNativeTarget "vimojo" */ = {
			isa = XCConfigurationList;
			buildConfigurations = (
				A9B386041D7D51380065D3EC /* Debug */,
				A9B386051D7D51380065D3EC /* Release */,
			);
			defaultConfigurationIsVisible = 0;
			defaultConfigurationName = Release;
		};
		A9B386061D7D51380065D3EC /* Build configuration list for PBXNativeTarget "vimojoTests" */ = {
			isa = XCConfigurationList;
			buildConfigurations = (
				A9B386071D7D51380065D3EC /* Debug */,
				A9B386081D7D51380065D3EC /* Release */,
			);
			defaultConfigurationIsVisible = 0;
			defaultConfigurationName = Release;
		};
/* End XCConfigurationList section */
	};
	rootObject = A9B385DE1D7D51380065D3EC /* Project object */;
}
